// !$*UTF8*$!
{
	archiveVersion = 1;
	classes = {
	};
	objectVersion = 46;
	objects = {

/* Begin PBXBuildFile section */
		D518B23313F31773003B93CA /* UIKit.framework in Frameworks */ = {isa = PBXBuildFile; fileRef = D518B23213F31773003B93CA /* UIKit.framework */; };
		D518B23513F31773003B93CA /* Foundation.framework in Frameworks */ = {isa = PBXBuildFile; fileRef = D518B23413F31773003B93CA /* Foundation.framework */; };
		D518B23713F31773003B93CA /* CoreGraphics.framework in Frameworks */ = {isa = PBXBuildFile; fileRef = D518B23613F31773003B93CA /* CoreGraphics.framework */; };
		D518B23D13F31773003B93CA /* InfoPlist.strings in Resources */ = {isa = PBXBuildFile; fileRef = D518B23B13F31773003B93CA /* InfoPlist.strings */; };
		D518B23F13F31773003B93CA /* main.m in Sources */ = {isa = PBXBuildFile; fileRef = D518B23E13F31773003B93CA /* main.m */; };
		D518B24313F31773003B93CA /* HeliosAppAppDelegate.m in Sources */ = {isa = PBXBuildFile; fileRef = D518B24213F31773003B93CA /* HeliosAppAppDelegate.m */; };
		D518B24613F31773003B93CA /* MainWindow.xib in Resources */ = {isa = PBXBuildFile; fileRef = D518B24413F31773003B93CA /* MainWindow.xib */; };
		D518B24913F31773003B93CA /* HeliosAppViewController.m in Sources */ = {isa = PBXBuildFile; fileRef = D518B24813F31773003B93CA /* HeliosAppViewController.m */; };
		D518B24C13F31773003B93CA /* HeliosAppViewController.xib in Resources */ = {isa = PBXBuildFile; fileRef = D518B24A13F31773003B93CA /* HeliosAppViewController.xib */; };
		D518B25D13F3178D003B93CA /* Helios-RotatableBackground5.png in Resources */ = {isa = PBXBuildFile; fileRef = D518B25213F3178D003B93CA /* Helios-RotatableBackground5.png */; };
		D518B25E13F3178D003B93CA /* childScrollerTech4.png in Resources */ = {isa = PBXBuildFile; fileRef = D518B25313F3178D003B93CA /* childScrollerTech4.png */; };
		D518B25F13F3178D003B93CA /* childScrollerTech3.png in Resources */ = {isa = PBXBuildFile; fileRef = D518B25413F3178D003B93CA /* childScrollerTech3.png */; };
		D518B26013F3178D003B93CA /* childScrollerTech2.png in Resources */ = {isa = PBXBuildFile; fileRef = D518B25513F3178D003B93CA /* childScrollerTech2.png */; };
		D518B26113F3178D003B93CA /* childScrollerTech1.png in Resources */ = {isa = PBXBuildFile; fileRef = D518B25613F3178D003B93CA /* childScrollerTech1.png */; };
		D518B26213F3178D003B93CA /* glass.png in Resources */ = {isa = PBXBuildFile; fileRef = D518B25713F3178D003B93CA /* glass.png */; };
		D518B26313F3178D003B93CA /* childScrollerAbout3.png in Resources */ = {isa = PBXBuildFile; fileRef = D518B25813F3178D003B93CA /* childScrollerAbout3.png */; };
		D518B26413F3178D003B93CA /* childScrollerAbout2.png in Resources */ = {isa = PBXBuildFile; fileRef = D518B25913F3178D003B93CA /* childScrollerAbout2.png */; };
		D518B26513F3178D003B93CA /* childScrollerAbout1.png in Resources */ = {isa = PBXBuildFile; fileRef = D518B25A13F3178D003B93CA /* childScrollerAbout1.png */; };
		D518B26613F3178D003B93CA /* childScrollerAbout0.png in Resources */ = {isa = PBXBuildFile; fileRef = D518B25B13F3178D003B93CA /* childScrollerAbout0.png */; };
		D518B26713F3178D003B93CA /* childScrollerTech0.png in Resources */ = {isa = PBXBuildFile; fileRef = D518B25C13F3178D003B93CA /* childScrollerTech0.png */; };
		D518B26913F317EF003B93CA /* icon-black.png in Resources */ = {isa = PBXBuildFile; fileRef = D518B26813F317EF003B93CA /* icon-black.png */; };
		D518B26B13F31801003B93CA /* Default-Portrait~ipad.png in Resources */ = {isa = PBXBuildFile; fileRef = D518B26A13F31801003B93CA /* Default-Portrait~ipad.png */; };
		D518B26F13F3208C003B93CA /* aboutViews.plist in Resources */ = {isa = PBXBuildFile; fileRef = D518B26E13F3208C003B93CA /* aboutViews.plist */; };
		D518B27A13F34C89003B93CA /* QuartzCore.framework in Frameworks */ = {isa = PBXBuildFile; fileRef = D518B27913F34C89003B93CA /* QuartzCore.framework */; };
		D518B27C13F352F2003B93CA /* childScrollerProjects0.png in Resources */ = {isa = PBXBuildFile; fileRef = D518B27B13F352F2003B93CA /* childScrollerProjects0.png */; };
		D518B27E13F469CB003B93CA /* projectNick.png in Resources */ = {isa = PBXBuildFile; fileRef = D518B27D13F469CB003B93CA /* projectNick.png */; };
		D518B28913F47724003B93CA /* button-WhatWeDo.png in Resources */ = {isa = PBXBuildFile; fileRef = D518B28713F47724003B93CA /* button-WhatWeDo.png */; };
		D518B28A13F47724003B93CA /* buttonWhatWeDoHighlight.png in Resources */ = {isa = PBXBuildFile; fileRef = D518B28813F47724003B93CA /* buttonWhatWeDoHighlight.png */; };
		D51C1CF913F4A05D0016BDE7 /* button3d.png in Resources */ = {isa = PBXBuildFile; fileRef = D51C1CEB13F4A05D0016BDE7 /* button3d.png */; };
		D51C1CFA13F4A05D0016BDE7 /* button3dHighlight.png in Resources */ = {isa = PBXBuildFile; fileRef = D51C1CEC13F4A05D0016BDE7 /* button3dHighlight.png */; };
		D51C1CFB13F4A05D0016BDE7 /* buttonAR.png in Resources */ = {isa = PBXBuildFile; fileRef = D51C1CED13F4A05D0016BDE7 /* buttonAR.png */; };
		D51C1CFC13F4A05D0016BDE7 /* buttonARHighlight.png in Resources */ = {isa = PBXBuildFile; fileRef = D51C1CEE13F4A05D0016BDE7 /* buttonARHighlight.png */; };
		D51C1CFF13F4A05D0016BDE7 /* buttonMobile.png in Resources */ = {isa = PBXBuildFile; fileRef = D51C1CF113F4A05D0016BDE7 /* buttonMobile.png */; };
		D51C1D0013F4A05D0016BDE7 /* buttonMobileHighlight.png in Resources */ = {isa = PBXBuildFile; fileRef = D51C1CF213F4A05D0016BDE7 /* buttonMobileHighlight.png */; };
		D51C1D0113F4A05D0016BDE7 /* buttonTouch.png in Resources */ = {isa = PBXBuildFile; fileRef = D51C1CF313F4A05D0016BDE7 /* buttonTouch.png */; };
		D51C1D0213F4A05D0016BDE7 /* buttonTouchHighlight.png in Resources */ = {isa = PBXBuildFile; fileRef = D51C1CF413F4A05D0016BDE7 /* buttonTouchHighlight.png */; };
		D51C1D0A13F4A6220016BDE7 /* buttonHome.png in Resources */ = {isa = PBXBuildFile; fileRef = D51C1D0813F4A6220016BDE7 /* buttonHome.png */; };
		D51C1D0B13F4A6220016BDE7 /* buttonHomeHighlight.png in Resources */ = {isa = PBXBuildFile; fileRef = D51C1D0913F4A6220016BDE7 /* buttonHomeHighlight.png */; };
		D521AABB13F5E5CD00466656 /* tileNick.png in Resources */ = {isa = PBXBuildFile; fileRef = D521AAB913F5E5CD00466656 /* tileNick.png */; };
		D521AABC13F5E5CD00466656 /* tileNickHighlight.png in Resources */ = {isa = PBXBuildFile; fileRef = D521AABA13F5E5CD00466656 /* tileNickHighlight.png */; };
		D521AAC013F5E9C300466656 /* tileEmpty.png in Resources */ = {isa = PBXBuildFile; fileRef = D521AABE13F5E9C300466656 /* tileEmpty.png */; };
		D521AAC113F5E9C300466656 /* tileEmptyHighlight.png in Resources */ = {isa = PBXBuildFile; fileRef = D521AABF13F5E9C300466656 /* tileEmptyHighlight.png */; };
		D52A64BC13FB1EE000A03E74 /* NickViewController.m in Sources */ = {isa = PBXBuildFile; fileRef = D52A64BA13FB1EE000A03E74 /* NickViewController.m */; };
		D52A64BD13FB1EE000A03E74 /* NickViewController.xib in Resources */ = {isa = PBXBuildFile; fileRef = D52A64BB13FB1EE000A03E74 /* NickViewController.xib */; };
		D52A64C213FB480600A03E74 /* projectIntel.png in Resources */ = {isa = PBXBuildFile; fileRef = D52A64BE13FB480600A03E74 /* projectIntel.png */; };
		D52A64C313FB480600A03E74 /* project4.png in Resources */ = {isa = PBXBuildFile; fileRef = D52A64BF13FB480600A03E74 /* project4.png */; };
		D52A64C413FB480600A03E74 /* project3.png in Resources */ = {isa = PBXBuildFile; fileRef = D52A64C013FB480600A03E74 /* project3.png */; };
		D52A64C513FB480600A03E74 /* project2.png in Resources */ = {isa = PBXBuildFile; fileRef = D52A64C113FB480600A03E74 /* project2.png */; };
		D52BBE1913FC8C1F00FB44AC /* pageMercedes.png in Resources */ = {isa = PBXBuildFile; fileRef = D52BBE1813FC8C1F00FB44AC /* pageMercedes.png */; };
		D540D1B013FC418300D0B88F /* buttonBackHighlight.png in Resources */ = {isa = PBXBuildFile; fileRef = D540D1AE13FC418300D0B88F /* buttonBackHighlight.png */; };
		D540D1B113FC418300D0B88F /* buttonBack.png in Resources */ = {isa = PBXBuildFile; fileRef = D540D1AF13FC418300D0B88F /* buttonBack.png */; };
		D540D1B413FC507B00D0B88F /* MediaPlayer.framework in Frameworks */ = {isa = PBXBuildFile; fileRef = D540D1B313FC507B00D0B88F /* MediaPlayer.framework */; };
		D540D1B813FC53A500D0B88F /* Agilent_final.mov in Resources */ = {isa = PBXBuildFile; fileRef = D540D1B713FC53A500D0B88F /* Agilent_final.mov */; };
		D540D1BA13FC53B400D0B88F /* mercedes.mov in Resources */ = {isa = PBXBuildFile; fileRef = D540D1B913FC53B400D0B88F /* mercedes.mov */; };
		D555D4EC13FC63A500F41AE8 /* MercedesViewController.m in Sources */ = {isa = PBXBuildFile; fileRef = D555D4EA13FC63A500F41AE8 /* MercedesViewController.m */; };
		D555D4ED13FC63A500F41AE8 /* MercedesViewController.xib in Resources */ = {isa = PBXBuildFile; fileRef = D555D4EB13FC63A500F41AE8 /* MercedesViewController.xib */; };
		D5674B3E13F9A55A009DFF34 /* navBar.png in Resources */ = {isa = PBXBuildFile; fileRef = D5674B3D13F9A55A009DFF34 /* navBar.png */; };
		D5674B5413FAED01009DFF34 /* template.png in Resources */ = {isa = PBXBuildFile; fileRef = D5674B5313FAECFD009DFF34 /* template.png */; };
		D5674B5613FAEF21009DFF34 /* backgroundAndBottom.png in Resources */ = {isa = PBXBuildFile; fileRef = D5674B5513FAEF21009DFF34 /* backgroundAndBottom.png */; };
		D5674B5813FAFEBD009DFF34 /* glassMask.png in Resources */ = {isa = PBXBuildFile; fileRef = D5674B5713FAFEBD009DFF34 /* glassMask.png */; };
		D5674B5A13FB069B009DFF34 /* glassFullScreen.png in Resources */ = {isa = PBXBuildFile; fileRef = D5674B5913FB069B009DFF34 /* glassFullScreen.png */; };
		D5674B5C13FB1312009DFF34 /* backgroundGrid.png in Resources */ = {isa = PBXBuildFile; fileRef = D5674B5B13FB1312009DFF34 /* backgroundGrid.png */; };
		D58F612E13F5A0C00081CE9C /* SwitchViewController.m in Sources */ = {isa = PBXBuildFile; fileRef = D58F612C13F5A0C00081CE9C /* SwitchViewController.m */; };
		D58F613313F5A35A0081CE9C /* GridViewController.m in Sources */ = {isa = PBXBuildFile; fileRef = D58F613113F5A35A0081CE9C /* GridViewController.m */; };
		D58F613413F5A35A0081CE9C /* GridViewController.xib in Resources */ = {isa = PBXBuildFile; fileRef = D58F613213F5A35A0081CE9C /* GridViewController.xib */; };
		D58F614813F5C8BA0081CE9C /* buttonGridHighlight.png in Resources */ = {isa = PBXBuildFile; fileRef = D58F614613F5C8BA0081CE9C /* buttonGridHighlight.png */; };
		D58F614913F5C8BA0081CE9C /* buttonGrid.png in Resources */ = {isa = PBXBuildFile; fileRef = D58F614713F5C8BA0081CE9C /* buttonGrid.png */; };
		D58F614B13F5CF7F0081CE9C /* buttonTile.png in Resources */ = {isa = PBXBuildFile; fileRef = D58F614A13F5CF7F0081CE9C /* buttonTile.png */; };
		D58F614D13F5D1670081CE9C /* buttonList.png in Resources */ = {isa = PBXBuildFile; fileRef = D58F614C13F5D1670081CE9C /* buttonList.png */; };
		D5F0CAF213F48FA100594968 /* buttonHowItWorks.png in Resources */ = {isa = PBXBuildFile; fileRef = D5F0CAEE13F48FA100594968 /* buttonHowItWorks.png */; };
		D5F0CAF313F48FA100594968 /* buttonHowItWorksHighlight.png in Resources */ = {isa = PBXBuildFile; fileRef = D5F0CAEF13F48FA100594968 /* buttonHowItWorksHighlight.png */; };
		D5F0CAF413F48FA100594968 /* buttonWhatWeBring.png in Resources */ = {isa = PBXBuildFile; fileRef = D5F0CAF013F48FA100594968 /* buttonWhatWeBring.png */; };
		D5F0CAF513F48FA100594968 /* buttonWhatWeBringHighlight.png in Resources */ = {isa = PBXBuildFile; fileRef = D5F0CAF113F48FA100594968 /* buttonWhatWeBringHighlight.png */; };
/* End PBXBuildFile section */

/* Begin PBXFileReference section */
		D518B22E13F31773003B93CA /* HeliosApp.app */ = {isa = PBXFileReference; explicitFileType = wrapper.application; includeInIndex = 0; path = HeliosApp.app; sourceTree = BUILT_PRODUCTS_DIR; };
		D518B23213F31773003B93CA /* UIKit.framework */ = {isa = PBXFileReference; lastKnownFileType = wrapper.framework; name = UIKit.framework; path = System/Library/Frameworks/UIKit.framework; sourceTree = SDKROOT; };
		D518B23413F31773003B93CA /* Foundation.framework */ = {isa = PBXFileReference; lastKnownFileType = wrapper.framework; name = Foundation.framework; path = System/Library/Frameworks/Foundation.framework; sourceTree = SDKROOT; };
		D518B23613F31773003B93CA /* CoreGraphics.framework */ = {isa = PBXFileReference; lastKnownFileType = wrapper.framework; name = CoreGraphics.framework; path = System/Library/Frameworks/CoreGraphics.framework; sourceTree = SDKROOT; };
		D518B23A13F31773003B93CA /* HeliosApp-Info.plist */ = {isa = PBXFileReference; lastKnownFileType = text.plist.xml; path = "HeliosApp-Info.plist"; sourceTree = "<group>"; };
		D518B23C13F31773003B93CA /* en */ = {isa = PBXFileReference; lastKnownFileType = text.plist.strings; name = en; path = en.lproj/InfoPlist.strings; sourceTree = "<group>"; };
		D518B23E13F31773003B93CA /* main.m */ = {isa = PBXFileReference; lastKnownFileType = sourcecode.c.objc; path = main.m; sourceTree = "<group>"; };
		D518B24013F31773003B93CA /* HeliosApp-Prefix.pch */ = {isa = PBXFileReference; lastKnownFileType = sourcecode.c.h; path = "HeliosApp-Prefix.pch"; sourceTree = "<group>"; };
		D518B24113F31773003B93CA /* HeliosAppAppDelegate.h */ = {isa = PBXFileReference; lastKnownFileType = sourcecode.c.h; path = HeliosAppAppDelegate.h; sourceTree = "<group>"; };
		D518B24213F31773003B93CA /* HeliosAppAppDelegate.m */ = {isa = PBXFileReference; lastKnownFileType = sourcecode.c.objc; path = HeliosAppAppDelegate.m; sourceTree = "<group>"; };
		D518B24513F31773003B93CA /* en */ = {isa = PBXFileReference; lastKnownFileType = file.xib; name = en; path = en.lproj/MainWindow.xib; sourceTree = "<group>"; };
		D518B24713F31773003B93CA /* HeliosAppViewController.h */ = {isa = PBXFileReference; lastKnownFileType = sourcecode.c.h; path = HeliosAppViewController.h; sourceTree = "<group>"; };
		D518B24813F31773003B93CA /* HeliosAppViewController.m */ = {isa = PBXFileReference; lastKnownFileType = sourcecode.c.objc; path = HeliosAppViewController.m; sourceTree = "<group>"; };
		D518B24B13F31773003B93CA /* en */ = {isa = PBXFileReference; lastKnownFileType = file.xib; name = en; path = en.lproj/HeliosAppViewController.xib; sourceTree = "<group>"; };
		D518B25213F3178D003B93CA /* Helios-RotatableBackground5.png */ = {isa = PBXFileReference; lastKnownFileType = image.png; path = "Helios-RotatableBackground5.png"; sourceTree = "<group>"; };
		D518B25313F3178D003B93CA /* childScrollerTech4.png */ = {isa = PBXFileReference; lastKnownFileType = image.png; path = childScrollerTech4.png; sourceTree = "<group>"; };
		D518B25413F3178D003B93CA /* childScrollerTech3.png */ = {isa = PBXFileReference; lastKnownFileType = image.png; path = childScrollerTech3.png; sourceTree = "<group>"; };
		D518B25513F3178D003B93CA /* childScrollerTech2.png */ = {isa = PBXFileReference; lastKnownFileType = image.png; path = childScrollerTech2.png; sourceTree = "<group>"; };
		D518B25613F3178D003B93CA /* childScrollerTech1.png */ = {isa = PBXFileReference; lastKnownFileType = image.png; path = childScrollerTech1.png; sourceTree = "<group>"; };
		D518B25713F3178D003B93CA /* glass.png */ = {isa = PBXFileReference; lastKnownFileType = image.png; path = glass.png; sourceTree = "<group>"; };
		D518B25813F3178D003B93CA /* childScrollerAbout3.png */ = {isa = PBXFileReference; lastKnownFileType = image.png; path = childScrollerAbout3.png; sourceTree = "<group>"; };
		D518B25913F3178D003B93CA /* childScrollerAbout2.png */ = {isa = PBXFileReference; lastKnownFileType = image.png; path = childScrollerAbout2.png; sourceTree = "<group>"; };
		D518B25A13F3178D003B93CA /* childScrollerAbout1.png */ = {isa = PBXFileReference; lastKnownFileType = image.png; path = childScrollerAbout1.png; sourceTree = "<group>"; };
		D518B25B13F3178D003B93CA /* childScrollerAbout0.png */ = {isa = PBXFileReference; lastKnownFileType = image.png; path = childScrollerAbout0.png; sourceTree = "<group>"; };
		D518B25C13F3178D003B93CA /* childScrollerTech0.png */ = {isa = PBXFileReference; lastKnownFileType = image.png; path = childScrollerTech0.png; sourceTree = "<group>"; };
		D518B26813F317EF003B93CA /* icon-black.png */ = {isa = PBXFileReference; lastKnownFileType = image.png; path = "icon-black.png"; sourceTree = "<group>"; };
		D518B26A13F31801003B93CA /* Default-Portrait~ipad.png */ = {isa = PBXFileReference; lastKnownFileType = image.png; path = "Default-Portrait~ipad.png"; sourceTree = "<group>"; };
		D518B26E13F3208C003B93CA /* aboutViews.plist */ = {isa = PBXFileReference; fileEncoding = 4; lastKnownFileType = text.plist.xml; path = aboutViews.plist; sourceTree = "<group>"; };
		D518B27913F34C89003B93CA /* QuartzCore.framework */ = {isa = PBXFileReference; lastKnownFileType = wrapper.framework; name = QuartzCore.framework; path = System/Library/Frameworks/QuartzCore.framework; sourceTree = SDKROOT; };
		D518B27B13F352F2003B93CA /* childScrollerProjects0.png */ = {isa = PBXFileReference; lastKnownFileType = image.png; name = childScrollerProjects0.png; path = "../../../Desktop/HELIOS/iPad Application/childScrollerProjects0.png"; sourceTree = "<group>"; };
		D518B27D13F469CB003B93CA /* projectNick.png */ = {isa = PBXFileReference; lastKnownFileType = image.png; name = projectNick.png; path = "../../../Desktop/HELIOS/iPad Application/projectNick.png"; sourceTree = "<group>"; };
		D518B28713F47724003B93CA /* button-WhatWeDo.png */ = {isa = PBXFileReference; lastKnownFileType = image.png; path = "button-WhatWeDo.png"; sourceTree = "<group>"; };
		D518B28813F47724003B93CA /* buttonWhatWeDoHighlight.png */ = {isa = PBXFileReference; lastKnownFileType = image.png; path = buttonWhatWeDoHighlight.png; sourceTree = "<group>"; };
		D51C1CEA13F4A05D0016BDE7 /* button-WhatWeDo.png */ = {isa = PBXFileReference; lastKnownFileType = image.png; path = "button-WhatWeDo.png"; sourceTree = "<group>"; };
		D51C1CEB13F4A05D0016BDE7 /* button3d.png */ = {isa = PBXFileReference; lastKnownFileType = image.png; path = button3d.png; sourceTree = "<group>"; };
		D51C1CEC13F4A05D0016BDE7 /* button3dHighlight.png */ = {isa = PBXFileReference; lastKnownFileType = image.png; path = button3dHighlight.png; sourceTree = "<group>"; };
		D51C1CED13F4A05D0016BDE7 /* buttonAR.png */ = {isa = PBXFileReference; lastKnownFileType = image.png; path = buttonAR.png; sourceTree = "<group>"; };
		D51C1CEE13F4A05D0016BDE7 /* buttonARHighlight.png */ = {isa = PBXFileReference; lastKnownFileType = image.png; path = buttonARHighlight.png; sourceTree = "<group>"; };
		D51C1CEF13F4A05D0016BDE7 /* buttonHowItWorks.png */ = {isa = PBXFileReference; lastKnownFileType = image.png; path = buttonHowItWorks.png; sourceTree = "<group>"; };
		D51C1CF013F4A05D0016BDE7 /* buttonHowItWorksHighlight.png */ = {isa = PBXFileReference; lastKnownFileType = image.png; path = buttonHowItWorksHighlight.png; sourceTree = "<group>"; };
		D51C1CF113F4A05D0016BDE7 /* buttonMobile.png */ = {isa = PBXFileReference; lastKnownFileType = image.png; path = buttonMobile.png; sourceTree = "<group>"; };
		D51C1CF213F4A05D0016BDE7 /* buttonMobileHighlight.png */ = {isa = PBXFileReference; lastKnownFileType = image.png; path = buttonMobileHighlight.png; sourceTree = "<group>"; };
		D51C1CF313F4A05D0016BDE7 /* buttonTouch.png */ = {isa = PBXFileReference; lastKnownFileType = image.png; path = buttonTouch.png; sourceTree = "<group>"; };
		D51C1CF413F4A05D0016BDE7 /* buttonTouchHighlight.png */ = {isa = PBXFileReference; lastKnownFileType = image.png; path = buttonTouchHighlight.png; sourceTree = "<group>"; };
		D51C1CF513F4A05D0016BDE7 /* buttonWhatWeBring.png */ = {isa = PBXFileReference; lastKnownFileType = image.png; path = buttonWhatWeBring.png; sourceTree = "<group>"; };
		D51C1CF613F4A05D0016BDE7 /* buttonWhatWeBringHighlight.png */ = {isa = PBXFileReference; lastKnownFileType = image.png; path = buttonWhatWeBringHighlight.png; sourceTree = "<group>"; };
		D51C1CF713F4A05D0016BDE7 /* buttonWhatWeDoHighlight.png */ = {isa = PBXFileReference; lastKnownFileType = image.png; path = buttonWhatWeDoHighlight.png; sourceTree = "<group>"; };
		D51C1D0813F4A6220016BDE7 /* buttonHome.png */ = {isa = PBXFileReference; lastKnownFileType = image.png; path = buttonHome.png; sourceTree = "<group>"; };
		D51C1D0913F4A6220016BDE7 /* buttonHomeHighlight.png */ = {isa = PBXFileReference; lastKnownFileType = image.png; path = buttonHomeHighlight.png; sourceTree = "<group>"; };
		D521AAB913F5E5CD00466656 /* tileNick.png */ = {isa = PBXFileReference; lastKnownFileType = image.png; name = tileNick.png; path = "../../../Desktop/HELIOS/iPad Application/tileNick.png"; sourceTree = "<group>"; };
		D521AABA13F5E5CD00466656 /* tileNickHighlight.png */ = {isa = PBXFileReference; lastKnownFileType = image.png; name = tileNickHighlight.png; path = "../../../Desktop/HELIOS/iPad Application/tileNickHighlight.png"; sourceTree = "<group>"; };
		D521AABE13F5E9C300466656 /* tileEmpty.png */ = {isa = PBXFileReference; lastKnownFileType = image.png; name = tileEmpty.png; path = "../../../Desktop/HELIOS/iPad Application/tileEmpty.png"; sourceTree = "<group>"; };
		D521AABF13F5E9C300466656 /* tileEmptyHighlight.png */ = {isa = PBXFileReference; lastKnownFileType = image.png; name = tileEmptyHighlight.png; path = "../../../Desktop/HELIOS/iPad Application/tileEmptyHighlight.png"; sourceTree = "<group>"; };
		D52A64B913FB1EE000A03E74 /* NickViewController.h */ = {isa = PBXFileReference; fileEncoding = 4; lastKnownFileType = sourcecode.c.h; path = NickViewController.h; sourceTree = "<group>"; };
		D52A64BA13FB1EE000A03E74 /* NickViewController.m */ = {isa = PBXFileReference; fileEncoding = 4; lastKnownFileType = sourcecode.c.objc; path = NickViewController.m; sourceTree = "<group>"; };
		D52A64BB13FB1EE000A03E74 /* NickViewController.xib */ = {isa = PBXFileReference; fileEncoding = 4; lastKnownFileType = file.xib; path = NickViewController.xib; sourceTree = "<group>"; };
		D52A64BE13FB480600A03E74 /* projectIntel.png */ = {isa = PBXFileReference; lastKnownFileType = image.png; name = projectIntel.png; path = "../../../Desktop/HELIOS/iPad Application/projectIntel.png"; sourceTree = "<group>"; };
		D52A64BF13FB480600A03E74 /* project4.png */ = {isa = PBXFileReference; lastKnownFileType = image.png; name = project4.png; path = "../../../Desktop/HELIOS/iPad Application/project4.png"; sourceTree = "<group>"; };
		D52A64C013FB480600A03E74 /* project3.png */ = {isa = PBXFileReference; lastKnownFileType = image.png; name = project3.png; path = "../../../Desktop/HELIOS/iPad Application/project3.png"; sourceTree = "<group>"; };
		D52A64C113FB480600A03E74 /* project2.png */ = {isa = PBXFileReference; lastKnownFileType = image.png; name = project2.png; path = "../../../Desktop/HELIOS/iPad Application/project2.png"; sourceTree = "<group>"; };
		D52BBE1813FC8C1F00FB44AC /* pageMercedes.png */ = {isa = PBXFileReference; lastKnownFileType = image.png; name = pageMercedes.png; path = "../../../Desktop/HELIOS/iPad Application/pageMercedes.png"; sourceTree = "<group>"; };
		D540D1AE13FC418300D0B88F /* buttonBackHighlight.png */ = {isa = PBXFileReference; lastKnownFileType = image.png; name = buttonBackHighlight.png; path = "../../../Desktop/HELIOS/iPad Application/buttonBackHighlight.png"; sourceTree = "<group>"; };
		D540D1AF13FC418300D0B88F /* buttonBack.png */ = {isa = PBXFileReference; lastKnownFileType = image.png; name = buttonBack.png; path = "../../../Desktop/HELIOS/iPad Application/buttonBack.png"; sourceTree = "<group>"; };
		D540D1B313FC507B00D0B88F /* MediaPlayer.framework */ = {isa = PBXFileReference; lastKnownFileType = wrapper.framework; name = MediaPlayer.framework; path = System/Library/Frameworks/MediaPlayer.framework; sourceTree = SDKROOT; };
		D540D1B713FC53A500D0B88F /* Agilent_final.mov */ = {isa = PBXFileReference; lastKnownFileType = video.quicktime; path = Agilent_final.mov; sourceTree = "<group>"; };
		D540D1B913FC53B400D0B88F /* mercedes.mov */ = {isa = PBXFileReference; lastKnownFileType = video.quicktime; path = mercedes.mov; sourceTree = "<group>"; };
		D555D4E913FC63A500F41AE8 /* MercedesViewController.h */ = {isa = PBXFileReference; fileEncoding = 4; lastKnownFileType = sourcecode.c.h; path = MercedesViewController.h; sourceTree = "<group>"; };
		D555D4EA13FC63A500F41AE8 /* MercedesViewController.m */ = {isa = PBXFileReference; fileEncoding = 4; lastKnownFileType = sourcecode.c.objc; path = MercedesViewController.m; sourceTree = "<group>"; };
		D555D4EB13FC63A500F41AE8 /* MercedesViewController.xib */ = {isa = PBXFileReference; fileEncoding = 4; lastKnownFileType = file.xib; path = MercedesViewController.xib; sourceTree = "<group>"; };
		D5674B3D13F9A55A009DFF34 /* navBar.png */ = {isa = PBXFileReference; lastKnownFileType = image.png; name = navBar.png; path = "../../../Desktop/HELIOS/iPad Application/navBar.png"; sourceTree = "<group>"; };
		D5674B5313FAECFD009DFF34 /* template.png */ = {isa = PBXFileReference; lastKnownFileType = image.png; name = template.png; path = "../../../Desktop/HELIOS/iPad Application/template.png"; sourceTree = "<group>"; };
		D5674B5513FAEF21009DFF34 /* backgroundAndBottom.png */ = {isa = PBXFileReference; lastKnownFileType = image.png; name = backgroundAndBottom.png; path = "../../../Desktop/HELIOS/iPad Application/backgroundAndBottom.png"; sourceTree = "<group>"; };
		D5674B5713FAFEBD009DFF34 /* glassMask.png */ = {isa = PBXFileReference; lastKnownFileType = image.png; name = glassMask.png; path = "../../../Desktop/HELIOS/iPad Application/glassMask.png"; sourceTree = "<group>"; };
		D5674B5913FB069B009DFF34 /* glassFullScreen.png */ = {isa = PBXFileReference; lastKnownFileType = image.png; name = glassFullScreen.png; path = "../../../Desktop/HELIOS/iPad Application/glassFullScreen.png"; sourceTree = "<group>"; };
		D5674B5B13FB1312009DFF34 /* backgroundGrid.png */ = {isa = PBXFileReference; lastKnownFileType = image.png; name = backgroundGrid.png; path = "../../../Desktop/HELIOS/iPad Application/backgroundGrid.png"; sourceTree = "<group>"; };
		D58F612B13F5A0C00081CE9C /* SwitchViewController.h */ = {isa = PBXFileReference; fileEncoding = 4; lastKnownFileType = sourcecode.c.h; path = SwitchViewController.h; sourceTree = "<group>"; };
		D58F612C13F5A0C00081CE9C /* SwitchViewController.m */ = {isa = PBXFileReference; fileEncoding = 4; lastKnownFileType = sourcecode.c.objc; path = SwitchViewController.m; sourceTree = "<group>"; };
		D58F613013F5A35A0081CE9C /* GridViewController.h */ = {isa = PBXFileReference; fileEncoding = 4; lastKnownFileType = sourcecode.c.h; path = GridViewController.h; sourceTree = "<group>"; };
		D58F613113F5A35A0081CE9C /* GridViewController.m */ = {isa = PBXFileReference; fileEncoding = 4; lastKnownFileType = sourcecode.c.objc; path = GridViewController.m; sourceTree = "<group>"; };
		D58F613213F5A35A0081CE9C /* GridViewController.xib */ = {isa = PBXFileReference; fileEncoding = 4; lastKnownFileType = file.xib; path = GridViewController.xib; sourceTree = "<group>"; };
		D58F614613F5C8BA0081CE9C /* buttonGridHighlight.png */ = {isa = PBXFileReference; lastKnownFileType = image.png; name = buttonGridHighlight.png; path = "../../../Desktop/HELIOS/iPad Application/buttonGridHighlight.png"; sourceTree = "<group>"; };
		D58F614713F5C8BA0081CE9C /* buttonGrid.png */ = {isa = PBXFileReference; lastKnownFileType = image.png; name = buttonGrid.png; path = "../../../Desktop/HELIOS/iPad Application/buttonGrid.png"; sourceTree = "<group>"; };
		D58F614A13F5CF7F0081CE9C /* buttonTile.png */ = {isa = PBXFileReference; lastKnownFileType = image.png; name = buttonTile.png; path = "../../../Desktop/HELIOS/iPad Application/buttonTile.png"; sourceTree = "<group>"; };
		D58F614C13F5D1670081CE9C /* buttonList.png */ = {isa = PBXFileReference; lastKnownFileType = image.png; name = buttonList.png; path = "../../../Desktop/HELIOS/iPad Application/buttonList.png"; sourceTree = "<group>"; };
		D5F0CAEE13F48FA100594968 /* buttonHowItWorks.png */ = {isa = PBXFileReference; lastKnownFileType = image.png; path = buttonHowItWorks.png; sourceTree = "<group>"; };
		D5F0CAEF13F48FA100594968 /* buttonHowItWorksHighlight.png */ = {isa = PBXFileReference; lastKnownFileType = image.png; path = buttonHowItWorksHighlight.png; sourceTree = "<group>"; };
		D5F0CAF013F48FA100594968 /* buttonWhatWeBring.png */ = {isa = PBXFileReference; lastKnownFileType = image.png; path = buttonWhatWeBring.png; sourceTree = "<group>"; };
		D5F0CAF113F48FA100594968 /* buttonWhatWeBringHighlight.png */ = {isa = PBXFileReference; lastKnownFileType = image.png; path = buttonWhatWeBringHighlight.png; sourceTree = "<group>"; };
/* End PBXFileReference section */

/* Begin PBXFrameworksBuildPhase section */
		D518B22B13F31773003B93CA /* Frameworks */ = {
			isa = PBXFrameworksBuildPhase;
			buildActionMask = 2147483647;
			files = (
				D540D1B413FC507B00D0B88F /* MediaPlayer.framework in Frameworks */,
				D518B27A13F34C89003B93CA /* QuartzCore.framework in Frameworks */,
				D518B23313F31773003B93CA /* UIKit.framework in Frameworks */,
				D518B23513F31773003B93CA /* Foundation.framework in Frameworks */,
				D518B23713F31773003B93CA /* CoreGraphics.framework in Frameworks */,
			);
			runOnlyForDeploymentPostprocessing = 0;
		};
/* End PBXFrameworksBuildPhase section */

/* Begin PBXGroup section */
		D518B22313F31773003B93CA = {
			isa = PBXGroup;
			children = (
				D518B26A13F31801003B93CA /* Default-Portrait~ipad.png */,
				D518B26813F317EF003B93CA /* icon-black.png */,
				D518B23813F31773003B93CA /* HeliosApp */,
				D518B23113F31773003B93CA /* Frameworks */,
				D518B22F13F31773003B93CA /* Products */,
			);
			sourceTree = "<group>";
		};
		D518B22F13F31773003B93CA /* Products */ = {
			isa = PBXGroup;
			children = (
				D518B22E13F31773003B93CA /* HeliosApp.app */,
			);
			name = Products;
			sourceTree = "<group>";
		};
		D518B23113F31773003B93CA /* Frameworks */ = {
			isa = PBXGroup;
			children = (
				D540D1B313FC507B00D0B88F /* MediaPlayer.framework */,
				D518B27913F34C89003B93CA /* QuartzCore.framework */,
				D518B23213F31773003B93CA /* UIKit.framework */,
				D518B23413F31773003B93CA /* Foundation.framework */,
				D518B23613F31773003B93CA /* CoreGraphics.framework */,
			);
			name = Frameworks;
			sourceTree = "<group>";
		};
		D518B23813F31773003B93CA /* HeliosApp */ = {
			isa = PBXGroup;
			children = (
				D518B24113F31773003B93CA /* HeliosAppAppDelegate.h */,
				D518B24213F31773003B93CA /* HeliosAppAppDelegate.m */,
				D58F612B13F5A0C00081CE9C /* SwitchViewController.h */,
				D58F612C13F5A0C00081CE9C /* SwitchViewController.m */,
				D518B24713F31773003B93CA /* HeliosAppViewController.h */,
				D518B24813F31773003B93CA /* HeliosAppViewController.m */,
				D58F613013F5A35A0081CE9C /* GridViewController.h */,
				D58F613113F5A35A0081CE9C /* GridViewController.m */,
				D52A64B913FB1EE000A03E74 /* NickViewController.h */,
				D52A64BA13FB1EE000A03E74 /* NickViewController.m */,
				D555D4E913FC63A500F41AE8 /* MercedesViewController.h */,
				D555D4EA13FC63A500F41AE8 /* MercedesViewController.m */,
				D58F613513F5AD2F0081CE9C /* NIBs */,
				D518B23913F31773003B93CA /* Supporting Files */,
			);
			path = HeliosApp;
			sourceTree = "<group>";
		};
		D518B23913F31773003B93CA /* Supporting Files */ = {
			isa = PBXGroup;
			children = (
				D52BBE1813FC8C1F00FB44AC /* pageMercedes.png */,
				D540D1B913FC53B400D0B88F /* mercedes.mov */,
				D540D1B713FC53A500D0B88F /* Agilent_final.mov */,
				D52A64BE13FB480600A03E74 /* projectIntel.png */,
				D52A64BF13FB480600A03E74 /* project4.png */,
				D52A64C013FB480600A03E74 /* project3.png */,
				D52A64C113FB480600A03E74 /* project2.png */,
				D5674B5B13FB1312009DFF34 /* backgroundGrid.png */,
				D5674B5913FB069B009DFF34 /* glassFullScreen.png */,
				D5674B5713FAFEBD009DFF34 /* glassMask.png */,
				D5674B5513FAEF21009DFF34 /* backgroundAndBottom.png */,
				D5674B5313FAECFD009DFF34 /* template.png */,
				D5674B3D13F9A55A009DFF34 /* navBar.png */,
				D51C1D0713F4A06F0016BDE7 /* Buttons */,
				D518B27D13F469CB003B93CA /* projectNick.png */,
				D518B27B13F352F2003B93CA /* childScrollerProjects0.png */,
				D518B26E13F3208C003B93CA /* aboutViews.plist */,
				D518B25213F3178D003B93CA /* Helios-RotatableBackground5.png */,
				D518B25313F3178D003B93CA /* childScrollerTech4.png */,
				D518B25413F3178D003B93CA /* childScrollerTech3.png */,
				D518B25513F3178D003B93CA /* childScrollerTech2.png */,
				D518B25613F3178D003B93CA /* childScrollerTech1.png */,
				D518B25713F3178D003B93CA /* glass.png */,
				D518B25813F3178D003B93CA /* childScrollerAbout3.png */,
				D518B25913F3178D003B93CA /* childScrollerAbout2.png */,
				D518B25A13F3178D003B93CA /* childScrollerAbout1.png */,
				D518B25B13F3178D003B93CA /* childScrollerAbout0.png */,
				D518B25C13F3178D003B93CA /* childScrollerTech0.png */,
				D518B23A13F31773003B93CA /* HeliosApp-Info.plist */,
				D518B23B13F31773003B93CA /* InfoPlist.strings */,
				D518B23E13F31773003B93CA /* main.m */,
				D518B24013F31773003B93CA /* HeliosApp-Prefix.pch */,
			);
			name = "Supporting Files";
			sourceTree = "<group>";
		};
		D51C1D0713F4A06F0016BDE7 /* Buttons */ = {
			isa = PBXGroup;
			children = (
				D540D1AE13FC418300D0B88F /* buttonBackHighlight.png */,
				D540D1AF13FC418300D0B88F /* buttonBack.png */,
				D521AABE13F5E9C300466656 /* tileEmpty.png */,
				D521AABF13F5E9C300466656 /* tileEmptyHighlight.png */,
				D521AAB913F5E5CD00466656 /* tileNick.png */,
				D521AABA13F5E5CD00466656 /* tileNickHighlight.png */,
				D58F614C13F5D1670081CE9C /* buttonList.png */,
				D58F614A13F5CF7F0081CE9C /* buttonTile.png */,
				D58F614613F5C8BA0081CE9C /* buttonGridHighlight.png */,
				D58F614713F5C8BA0081CE9C /* buttonGrid.png */,
				D51C1D0813F4A6220016BDE7 /* buttonHome.png */,
				D51C1D0913F4A6220016BDE7 /* buttonHomeHighlight.png */,
				D51C1CEB13F4A05D0016BDE7 /* button3d.png */,
				D51C1CEC13F4A05D0016BDE7 /* button3dHighlight.png */,
				D51C1CED13F4A05D0016BDE7 /* buttonAR.png */,
				D51C1CEE13F4A05D0016BDE7 /* buttonARHighlight.png */,
				D51C1CEF13F4A05D0016BDE7 /* buttonHowItWorks.png */,
				D51C1CF013F4A05D0016BDE7 /* buttonHowItWorksHighlight.png */,
				D51C1CF113F4A05D0016BDE7 /* buttonMobile.png */,
				D51C1CF213F4A05D0016BDE7 /* buttonMobileHighlight.png */,
				D51C1CF313F4A05D0016BDE7 /* buttonTouch.png */,
				D51C1CF413F4A05D0016BDE7 /* buttonTouchHighlight.png */,
				D51C1CF513F4A05D0016BDE7 /* buttonWhatWeBring.png */,
				D51C1CF613F4A05D0016BDE7 /* buttonWhatWeBringHighlight.png */,
				D51C1CF713F4A05D0016BDE7 /* buttonWhatWeDoHighlight.png */,
				D5F0CAEE13F48FA100594968 /* buttonHowItWorks.png */,
				D5F0CAEF13F48FA100594968 /* buttonHowItWorksHighlight.png */,
				D5F0CAF013F48FA100594968 /* buttonWhatWeBring.png */,
				D5F0CAF113F48FA100594968 /* buttonWhatWeBringHighlight.png */,
				D518B28713F47724003B93CA /* button-WhatWeDo.png */,
				D518B28813F47724003B93CA /* buttonWhatWeDoHighlight.png */,
				D51C1CEA13F4A05D0016BDE7 /* button-WhatWeDo.png */,
			);
			name = Buttons;
			sourceTree = "<group>";
		};
		D58F613513F5AD2F0081CE9C /* NIBs */ = {
			isa = PBXGroup;
			children = (
				D518B24A13F31773003B93CA /* HeliosAppViewController.xib */,
				D518B24413F31773003B93CA /* MainWindow.xib */,
				D58F613213F5A35A0081CE9C /* GridViewController.xib */,
				D52A64BB13FB1EE000A03E74 /* NickViewController.xib */,
				D555D4EB13FC63A500F41AE8 /* MercedesViewController.xib */,
			);
			name = NIBs;
			sourceTree = "<group>";
		};
/* End PBXGroup section */

/* Begin PBXNativeTarget section */
		D518B22D13F31773003B93CA /* HeliosApp */ = {
			isa = PBXNativeTarget;
			buildConfigurationList = D518B24F13F31773003B93CA /* Build configuration list for PBXNativeTarget "HeliosApp" */;
			buildPhases = (
				D518B22A13F31773003B93CA /* Sources */,
				D518B22B13F31773003B93CA /* Frameworks */,
				D518B22C13F31773003B93CA /* Resources */,
			);
			buildRules = (
			);
			dependencies = (
			);
			name = HeliosApp;
			productName = HeliosApp;
			productReference = D518B22E13F31773003B93CA /* HeliosApp.app */;
			productType = "com.apple.product-type.application";
		};
/* End PBXNativeTarget section */

/* Begin PBXProject section */
		D518B22513F31773003B93CA /* Project object */ = {
			isa = PBXProject;
			buildConfigurationList = D518B22813F31773003B93CA /* Build configuration list for PBXProject "HeliosApp" */;
			compatibilityVersion = "Xcode 3.2";
			developmentRegion = English;
			hasScannedForEncodings = 0;
			knownRegions = (
				en,
			);
			mainGroup = D518B22313F31773003B93CA;
			productRefGroup = D518B22F13F31773003B93CA /* Products */;
			projectDirPath = "";
			projectRoot = "";
			targets = (
				D518B22D13F31773003B93CA /* HeliosApp */,
			);
		};
/* End PBXProject section */

/* Begin PBXResourcesBuildPhase section */
		D518B22C13F31773003B93CA /* Resources */ = {
			isa = PBXResourcesBuildPhase;
			buildActionMask = 2147483647;
			files = (
				D518B23D13F31773003B93CA /* InfoPlist.strings in Resources */,
				D518B24613F31773003B93CA /* MainWindow.xib in Resources */,
				D518B24C13F31773003B93CA /* HeliosAppViewController.xib in Resources */,
				D518B25D13F3178D003B93CA /* Helios-RotatableBackground5.png in Resources */,
				D518B25E13F3178D003B93CA /* childScrollerTech4.png in Resources */,
				D518B25F13F3178D003B93CA /* childScrollerTech3.png in Resources */,
				D518B26013F3178D003B93CA /* childScrollerTech2.png in Resources */,
				D518B26113F3178D003B93CA /* childScrollerTech1.png in Resources */,
				D518B26213F3178D003B93CA /* glass.png in Resources */,
				D518B26313F3178D003B93CA /* childScrollerAbout3.png in Resources */,
				D518B26413F3178D003B93CA /* childScrollerAbout2.png in Resources */,
				D518B26513F3178D003B93CA /* childScrollerAbout1.png in Resources */,
				D518B26613F3178D003B93CA /* childScrollerAbout0.png in Resources */,
				D518B26713F3178D003B93CA /* childScrollerTech0.png in Resources */,
				D518B26913F317EF003B93CA /* icon-black.png in Resources */,
				D518B26B13F31801003B93CA /* Default-Portrait~ipad.png in Resources */,
				D518B26F13F3208C003B93CA /* aboutViews.plist in Resources */,
				D518B27C13F352F2003B93CA /* childScrollerProjects0.png in Resources */,
				D518B27E13F469CB003B93CA /* projectNick.png in Resources */,
				D518B28913F47724003B93CA /* button-WhatWeDo.png in Resources */,
				D518B28A13F47724003B93CA /* buttonWhatWeDoHighlight.png in Resources */,
				D5F0CAF213F48FA100594968 /* buttonHowItWorks.png in Resources */,
				D5F0CAF313F48FA100594968 /* buttonHowItWorksHighlight.png in Resources */,
				D5F0CAF413F48FA100594968 /* buttonWhatWeBring.png in Resources */,
				D5F0CAF513F48FA100594968 /* buttonWhatWeBringHighlight.png in Resources */,
				D51C1CF913F4A05D0016BDE7 /* button3d.png in Resources */,
				D51C1CFA13F4A05D0016BDE7 /* button3dHighlight.png in Resources */,
				D51C1CFB13F4A05D0016BDE7 /* buttonAR.png in Resources */,
				D51C1CFC13F4A05D0016BDE7 /* buttonARHighlight.png in Resources */,
				D51C1CFF13F4A05D0016BDE7 /* buttonMobile.png in Resources */,
				D51C1D0013F4A05D0016BDE7 /* buttonMobileHighlight.png in Resources */,
				D51C1D0113F4A05D0016BDE7 /* buttonTouch.png in Resources */,
				D51C1D0213F4A05D0016BDE7 /* buttonTouchHighlight.png in Resources */,
				D51C1D0A13F4A6220016BDE7 /* buttonHome.png in Resources */,
				D51C1D0B13F4A6220016BDE7 /* buttonHomeHighlight.png in Resources */,
				D58F613413F5A35A0081CE9C /* GridViewController.xib in Resources */,
				D58F614813F5C8BA0081CE9C /* buttonGridHighlight.png in Resources */,
				D58F614913F5C8BA0081CE9C /* buttonGrid.png in Resources */,
				D58F614B13F5CF7F0081CE9C /* buttonTile.png in Resources */,
				D58F614D13F5D1670081CE9C /* buttonList.png in Resources */,
				D521AABB13F5E5CD00466656 /* tileNick.png in Resources */,
				D521AABC13F5E5CD00466656 /* tileNickHighlight.png in Resources */,
				D521AAC013F5E9C300466656 /* tileEmpty.png in Resources */,
				D521AAC113F5E9C300466656 /* tileEmptyHighlight.png in Resources */,
				D5674B3E13F9A55A009DFF34 /* navBar.png in Resources */,
				D5674B5413FAED01009DFF34 /* template.png in Resources */,
				D5674B5613FAEF21009DFF34 /* backgroundAndBottom.png in Resources */,
				D5674B5813FAFEBD009DFF34 /* glassMask.png in Resources */,
				D5674B5A13FB069B009DFF34 /* glassFullScreen.png in Resources */,
				D5674B5C13FB1312009DFF34 /* backgroundGrid.png in Resources */,
				D52A64BD13FB1EE000A03E74 /* NickViewController.xib in Resources */,
				D52A64C213FB480600A03E74 /* projectIntel.png in Resources */,
				D52A64C313FB480600A03E74 /* project4.png in Resources */,
				D52A64C413FB480600A03E74 /* project3.png in Resources */,
				D52A64C513FB480600A03E74 /* project2.png in Resources */,
				D540D1B013FC418300D0B88F /* buttonBackHighlight.png in Resources */,
				D540D1B113FC418300D0B88F /* buttonBack.png in Resources */,
				D540D1B813FC53A500D0B88F /* Agilent_final.mov in Resources */,
				D540D1BA13FC53B400D0B88F /* mercedes.mov in Resources */,
				D555D4ED13FC63A500F41AE8 /* MercedesViewController.xib in Resources */,
				D52BBE1913FC8C1F00FB44AC /* pageMercedes.png in Resources */,
			);
			runOnlyForDeploymentPostprocessing = 0;
		};
/* End PBXResourcesBuildPhase section */

/* Begin PBXSourcesBuildPhase section */
		D518B22A13F31773003B93CA /* Sources */ = {
			isa = PBXSourcesBuildPhase;
			buildActionMask = 2147483647;
			files = (
				D518B23F13F31773003B93CA /* main.m in Sources */,
				D518B24313F31773003B93CA /* HeliosAppAppDelegate.m in Sources */,
				D518B24913F31773003B93CA /* HeliosAppViewController.m in Sources */,
				D58F612E13F5A0C00081CE9C /* SwitchViewController.m in Sources */,
				D58F613313F5A35A0081CE9C /* GridViewController.m in Sources */,
				D52A64BC13FB1EE000A03E74 /* NickViewController.m in Sources */,
				D555D4EC13FC63A500F41AE8 /* MercedesViewController.m in Sources */,
			);
			runOnlyForDeploymentPostprocessing = 0;
		};
/* End PBXSourcesBuildPhase section */

/* Begin PBXVariantGroup section */
		D518B23B13F31773003B93CA /* InfoPlist.strings */ = {
			isa = PBXVariantGroup;
			children = (
				D518B23C13F31773003B93CA /* en */,
			);
			name = InfoPlist.strings;
			sourceTree = "<group>";
		};
		D518B24413F31773003B93CA /* MainWindow.xib */ = {
			isa = PBXVariantGroup;
			children = (
				D518B24513F31773003B93CA /* en */,
			);
			name = MainWindow.xib;
			sourceTree = "<group>";
		};
		D518B24A13F31773003B93CA /* HeliosAppViewController.xib */ = {
			isa = PBXVariantGroup;
			children = (
				D518B24B13F31773003B93CA /* en */,
			);
			name = HeliosAppViewController.xib;
			sourceTree = "<group>";
		};
/* End PBXVariantGroup section */

/* Begin XCBuildConfiguration section */
		D518B24D13F31773003B93CA /* Debug */ = {
			isa = XCBuildConfiguration;
			buildSettings = {
				ALWAYS_SEARCH_USER_PATHS = NO;
				ARCHS = "$(ARCHS_UNIVERSAL_IPHONE_OS)";
				"CODE_SIGN_IDENTITY[sdk=iphoneos*]" = "iPhone Developer";
				COPY_PHASE_STRIP = NO;
				GCC_C_LANGUAGE_STANDARD = gnu99;
				GCC_DYNAMIC_NO_PIC = NO;
				GCC_OPTIMIZATION_LEVEL = 0;
				GCC_PREPROCESSOR_DEFINITIONS = (
					"DEBUG=1",
					"$(inherited)",
				);
				GCC_SYMBOLS_PRIVATE_EXTERN = NO;
				GCC_VERSION = com.apple.compilers.llvmgcc42;
				GCC_WARN_ABOUT_MISSING_PROTOTYPES = YES;
				GCC_WARN_ABOUT_RETURN_TYPE = YES;
				GCC_WARN_UNUSED_VARIABLE = YES;
				IPHONEOS_DEPLOYMENT_TARGET = 4.3;
				SDKROOT = iphoneos;
				TARGETED_DEVICE_FAMILY = 2;
			};
			name = Debug;
		};
		D518B24E13F31773003B93CA /* Release */ = {
			isa = XCBuildConfiguration;
			buildSettings = {
				ALWAYS_SEARCH_USER_PATHS = NO;
				ARCHS = "$(ARCHS_UNIVERSAL_IPHONE_OS)";
				"CODE_SIGN_IDENTITY[sdk=iphoneos*]" = "iPhone Developer";
				COPY_PHASE_STRIP = YES;
				GCC_C_LANGUAGE_STANDARD = gnu99;
				GCC_VERSION = com.apple.compilers.llvmgcc42;
				GCC_WARN_ABOUT_MISSING_PROTOTYPES = YES;
				GCC_WARN_ABOUT_RETURN_TYPE = YES;
				GCC_WARN_UNUSED_VARIABLE = YES;
				IPHONEOS_DEPLOYMENT_TARGET = 4.3;
				OTHER_CFLAGS = "-DNS_BLOCK_ASSERTIONS=1";
				SDKROOT = iphoneos;
				TARGETED_DEVICE_FAMILY = 2;
				VALIDATE_PRODUCT = YES;
			};
			name = Release;
		};
		D518B25013F31773003B93CA /* Debug */ = {
			isa = XCBuildConfiguration;
			buildSettings = {
				GCC_PRECOMPILE_PREFIX_HEADER = YES;
				GCC_PREFIX_HEADER = "HeliosApp/HeliosApp-Prefix.pch";
				INFOPLIST_FILE = "HeliosApp/HeliosApp-Info.plist";
				PRODUCT_NAME = "$(TARGET_NAME)";
				WRAPPER_EXTENSION = app;
			};
			name = Debug;
		};
		D518B25113F31773003B93CA /* Release */ = {
			isa = XCBuildConfiguration;
			buildSettings = {
				GCC_PRECOMPILE_PREFIX_HEADER = YES;
				GCC_PREFIX_HEADER = "HeliosApp/HeliosApp-Prefix.pch";
				INFOPLIST_FILE = "HeliosApp/HeliosApp-Info.plist";
				PRODUCT_NAME = "$(TARGET_NAME)";
				WRAPPER_EXTENSION = app;
			};
			name = Release;
		};
/* End XCBuildConfiguration section */

/* Begin XCConfigurationList section */
		D518B22813F31773003B93CA /* Build configuration list for PBXProject "HeliosApp" */ = {
			isa = XCConfigurationList;
			buildConfigurations = (
				D518B24D13F31773003B93CA /* Debug */,
				D518B24E13F31773003B93CA /* Release */,
			);
			defaultConfigurationIsVisible = 0;
			defaultConfigurationName = Release;
		};
		D518B24F13F31773003B93CA /* Build configuration list for PBXNativeTarget "HeliosApp" */ = {
			isa = XCConfigurationList;
			buildConfigurations = (
				D518B25013F31773003B93CA /* Debug */,
				D518B25113F31773003B93CA /* Release */,
			);
			defaultConfigurationIsVisible = 0;
			defaultConfigurationName = Release;
		};
/* End XCConfigurationList section */
	};
	rootObject = D518B22513F31773003B93CA /* Project object */;
}
