// !$*UTF8*$!
{
	archiveVersion = 1;
	classes = {
	};
	objectVersion = 46;
	objects = {

/* Begin PBXBuildFile section */
		D50EF24D140C305B00D7C0DA /* buttonAll.png in Resources */ = {isa = PBXBuildFile; fileRef = D50EF24B140C305B00D7C0DA /* buttonAll.png */; };
		D50EF24E140C305B00D7C0DA /* buttonAllH.png in Resources */ = {isa = PBXBuildFile; fileRef = D50EF24C140C305B00D7C0DA /* buttonAllH.png */; };
		D50EF256140C307600D7C0DA /* buttonAugmented.png in Resources */ = {isa = PBXBuildFile; fileRef = D50EF250140C307600D7C0DA /* buttonAugmented.png */; };
		D50EF257140C307600D7C0DA /* buttonAugmentedH.png in Resources */ = {isa = PBXBuildFile; fileRef = D50EF251140C307600D7C0DA /* buttonAugmentedH.png */; };
		D50EF258140C307600D7C0DA /* buttonTouchInterface.png in Resources */ = {isa = PBXBuildFile; fileRef = D50EF252140C307600D7C0DA /* buttonTouchInterface.png */; };
		D50EF259140C307600D7C0DA /* buttonTouchInterfaceH.png in Resources */ = {isa = PBXBuildFile; fileRef = D50EF253140C307600D7C0DA /* buttonTouchInterfaceH.png */; };
		D50EF25A140C307600D7C0DA /* buttonTracking.png in Resources */ = {isa = PBXBuildFile; fileRef = D50EF254140C307600D7C0DA /* buttonTracking.png */; };
		D50EF25B140C307600D7C0DA /* buttonTrackingH.png in Resources */ = {isa = PBXBuildFile; fileRef = D50EF255140C307600D7C0DA /* buttonTrackingH.png */; };
		D50EF260140C567200D7C0DA /* navIntel.png in Resources */ = {isa = PBXBuildFile; fileRef = D50EF25E140C567200D7C0DA /* navIntel.png */; };
		D50EF261140C567200D7C0DA /* navIntelH.png in Resources */ = {isa = PBXBuildFile; fileRef = D50EF25F140C567200D7C0DA /* navIntelH.png */; };
		D50EF264140C5AD800D7C0DA /* navMerc.png in Resources */ = {isa = PBXBuildFile; fileRef = D50EF262140C5AD700D7C0DA /* navMerc.png */; };
		D50EF265140C5AD800D7C0DA /* navMercH.png in Resources */ = {isa = PBXBuildFile; fileRef = D50EF263140C5AD700D7C0DA /* navMercH.png */; };
		D50EF268140C5F1000D7C0DA /* navYahoo.png in Resources */ = {isa = PBXBuildFile; fileRef = D50EF266140C5F0F00D7C0DA /* navYahoo.png */; };
		D50EF269140C5F1000D7C0DA /* navYahooH.png in Resources */ = {isa = PBXBuildFile; fileRef = D50EF267140C5F0F00D7C0DA /* navYahooH.png */; };
		D50EF26C140C608700D7C0DA /* navCoraline.png in Resources */ = {isa = PBXBuildFile; fileRef = D50EF26A140C608700D7C0DA /* navCoraline.png */; };
		D50EF26D140C608700D7C0DA /* navCoralineH.png in Resources */ = {isa = PBXBuildFile; fileRef = D50EF26B140C608700D7C0DA /* navCoralineH.png */; };
		D518B23313F31773003B93CA /* UIKit.framework in Frameworks */ = {isa = PBXBuildFile; fileRef = D518B23213F31773003B93CA /* UIKit.framework */; };
		D518B23513F31773003B93CA /* Foundation.framework in Frameworks */ = {isa = PBXBuildFile; fileRef = D518B23413F31773003B93CA /* Foundation.framework */; };
		D518B23713F31773003B93CA /* CoreGraphics.framework in Frameworks */ = {isa = PBXBuildFile; fileRef = D518B23613F31773003B93CA /* CoreGraphics.framework */; };
		D518B23D13F31773003B93CA /* InfoPlist.strings in Resources */ = {isa = PBXBuildFile; fileRef = D518B23B13F31773003B93CA /* InfoPlist.strings */; };
		D518B23F13F31773003B93CA /* main.m in Sources */ = {isa = PBXBuildFile; fileRef = D518B23E13F31773003B93CA /* main.m */; };
		D518B24313F31773003B93CA /* HeliosAppAppDelegate.m in Sources */ = {isa = PBXBuildFile; fileRef = D518B24213F31773003B93CA /* HeliosAppAppDelegate.m */; };
		D518B24613F31773003B93CA /* MainWindow.xib in Resources */ = {isa = PBXBuildFile; fileRef = D518B24413F31773003B93CA /* MainWindow.xib */; };
		D518B24913F31773003B93CA /* HeliosAppViewController.m in Sources */ = {isa = PBXBuildFile; fileRef = D518B24813F31773003B93CA /* HeliosAppViewController.m */; };
		D518B24C13F31773003B93CA /* HeliosAppViewController.xib in Resources */ = {isa = PBXBuildFile; fileRef = D518B24A13F31773003B93CA /* HeliosAppViewController.xib */; };
		D518B26213F3178D003B93CA /* glass.png in Resources */ = {isa = PBXBuildFile; fileRef = D518B25713F3178D003B93CA /* glass.png */; };
		D518B26913F317EF003B93CA /* icon-black.png in Resources */ = {isa = PBXBuildFile; fileRef = D518B26813F317EF003B93CA /* icon-black.png */; };
		D518B26B13F31801003B93CA /* Default-Portrait~ipad.png in Resources */ = {isa = PBXBuildFile; fileRef = D518B26A13F31801003B93CA /* Default-Portrait~ipad.png */; };
		D518B27A13F34C89003B93CA /* QuartzCore.framework in Frameworks */ = {isa = PBXBuildFile; fileRef = D518B27913F34C89003B93CA /* QuartzCore.framework */; };
		D51C1CF913F4A05D0016BDE7 /* button3d.png in Resources */ = {isa = PBXBuildFile; fileRef = D51C1CEB13F4A05D0016BDE7 /* button3d.png */; };
		D51C1CFA13F4A05D0016BDE7 /* button3dHighlight.png in Resources */ = {isa = PBXBuildFile; fileRef = D51C1CEC13F4A05D0016BDE7 /* button3dHighlight.png */; };
		D51C1CFB13F4A05D0016BDE7 /* buttonAR.png in Resources */ = {isa = PBXBuildFile; fileRef = D51C1CED13F4A05D0016BDE7 /* buttonAR.png */; };
		D51C1CFC13F4A05D0016BDE7 /* buttonARHighlight.png in Resources */ = {isa = PBXBuildFile; fileRef = D51C1CEE13F4A05D0016BDE7 /* buttonARHighlight.png */; };
		D51C1CFF13F4A05D0016BDE7 /* buttonMobile.png in Resources */ = {isa = PBXBuildFile; fileRef = D51C1CF113F4A05D0016BDE7 /* buttonMobile.png */; };
		D51C1D0013F4A05D0016BDE7 /* buttonMobileHighlight.png in Resources */ = {isa = PBXBuildFile; fileRef = D51C1CF213F4A05D0016BDE7 /* buttonMobileHighlight.png */; };
		D51C1D0113F4A05D0016BDE7 /* buttonTouch.png in Resources */ = {isa = PBXBuildFile; fileRef = D51C1CF313F4A05D0016BDE7 /* buttonTouch.png */; };
		D51C1D0213F4A05D0016BDE7 /* buttonTouchHighlight.png in Resources */ = {isa = PBXBuildFile; fileRef = D51C1CF413F4A05D0016BDE7 /* buttonTouchHighlight.png */; };
		D51C1D0A13F4A6220016BDE7 /* buttonHome.png in Resources */ = {isa = PBXBuildFile; fileRef = D51C1D0813F4A6220016BDE7 /* buttonHome.png */; };
		D51C1D0B13F4A6220016BDE7 /* buttonHomeHighlight.png in Resources */ = {isa = PBXBuildFile; fileRef = D51C1D0913F4A6220016BDE7 /* buttonHomeHighlight.png */; };
		D52A64BC13FB1EE000A03E74 /* NickViewController.m in Sources */ = {isa = PBXBuildFile; fileRef = D52A64BA13FB1EE000A03E74 /* NickViewController.m */; };
		D52A64BD13FB1EE000A03E74 /* NickViewController.xib in Resources */ = {isa = PBXBuildFile; fileRef = D52A64BB13FB1EE000A03E74 /* NickViewController.xib */; };
		D540D1B413FC507B00D0B88F /* MediaPlayer.framework in Frameworks */ = {isa = PBXBuildFile; fileRef = D540D1B313FC507B00D0B88F /* MediaPlayer.framework */; };
		D540D1B813FC53A500D0B88F /* Agilent_final.mov in Resources */ = {isa = PBXBuildFile; fileRef = D540D1B713FC53A500D0B88F /* Agilent_final.mov */; };
		D540D1BA13FC53B400D0B88F /* mercedes.mov in Resources */ = {isa = PBXBuildFile; fileRef = D540D1B913FC53B400D0B88F /* mercedes.mov */; };
		D54629301402D5B9006CCE9E /* helios2.png in Resources */ = {isa = PBXBuildFile; fileRef = D546292F1402D5B9006CCE9E /* helios2.png */; };
		D54629331402EB7E006CCE9E /* buttonArrow.png in Resources */ = {isa = PBXBuildFile; fileRef = D54629311402EB7E006CCE9E /* buttonArrow.png */; };
		D54629341402EB7E006CCE9E /* buttonArrowH.png in Resources */ = {isa = PBXBuildFile; fileRef = D54629321402EB7E006CCE9E /* buttonArrowH.png */; };
		D546293E14030832006CCE9E /* buttonT1.png in Resources */ = {isa = PBXBuildFile; fileRef = D546293814030832006CCE9E /* buttonT1.png */; };
		D546293F14030832006CCE9E /* buttonT1H.png in Resources */ = {isa = PBXBuildFile; fileRef = D546293914030832006CCE9E /* buttonT1H.png */; };
		D546294014030832006CCE9E /* buttonT2.png in Resources */ = {isa = PBXBuildFile; fileRef = D546293A14030832006CCE9E /* buttonT2.png */; };
		D546294114030832006CCE9E /* buttonT2H.png in Resources */ = {isa = PBXBuildFile; fileRef = D546293B14030832006CCE9E /* buttonT2H.png */; };
		D546294214030832006CCE9E /* buttonA1.png in Resources */ = {isa = PBXBuildFile; fileRef = D546293C14030832006CCE9E /* buttonA1.png */; };
		D546294314030832006CCE9E /* buttonA1H.png in Resources */ = {isa = PBXBuildFile; fileRef = D546293D14030832006CCE9E /* buttonA1H.png */; };
		D546294814030F2A006CCE9E /* buttonA2.png in Resources */ = {isa = PBXBuildFile; fileRef = D546294414030F2A006CCE9E /* buttonA2.png */; };
		D546294914030F2A006CCE9E /* buttonA2H.png in Resources */ = {isa = PBXBuildFile; fileRef = D546294514030F2A006CCE9E /* buttonA2H.png */; };
		D546294A14030F2A006CCE9E /* buttonA3.png in Resources */ = {isa = PBXBuildFile; fileRef = D546294614030F2A006CCE9E /* buttonA3.png */; };
		D546294B14030F2A006CCE9E /* buttonA3H.png in Resources */ = {isa = PBXBuildFile; fileRef = D546294714030F2A006CCE9E /* buttonA3H.png */; };
		D555D4EC13FC63A500F41AE8 /* MercedesViewController.m in Sources */ = {isa = PBXBuildFile; fileRef = D555D4EA13FC63A500F41AE8 /* MercedesViewController.m */; };
		D555D4ED13FC63A500F41AE8 /* MercedesViewController.xib in Resources */ = {isa = PBXBuildFile; fileRef = D555D4EB13FC63A500F41AE8 /* MercedesViewController.xib */; };
		D5787B98140449B5001F7FF3 /* project3.png in Resources */ = {isa = PBXBuildFile; fileRef = D5787B96140449B5001F7FF3 /* project3.png */; };
		D5787B99140449B5001F7FF3 /* project4.png in Resources */ = {isa = PBXBuildFile; fileRef = D5787B97140449B5001F7FF3 /* project4.png */; };
		D5787B9B14044A4D001F7FF3 /* project5.png in Resources */ = {isa = PBXBuildFile; fileRef = D5787B9A14044A4D001F7FF3 /* project5.png */; };
		D5787B9E14044F19001F7FF3 /* buttonPlay.png in Resources */ = {isa = PBXBuildFile; fileRef = D5787B9C14044F19001F7FF3 /* buttonPlay.png */; };
		D5787B9F14044F19001F7FF3 /* buttonPlayH.png in Resources */ = {isa = PBXBuildFile; fileRef = D5787B9D14044F19001F7FF3 /* buttonPlayH.png */; };
		D588620F13FF1BE90089CF61 /* CoreLocation.framework in Frameworks */ = {isa = PBXBuildFile; fileRef = D588620E13FF1BE90089CF61 /* CoreLocation.framework */; };
		D588621313FF2FFC0089CF61 /* buttonDirections.png in Resources */ = {isa = PBXBuildFile; fileRef = D588621113FF2FFC0089CF61 /* buttonDirections.png */; };
		D588621513FF31E90089CF61 /* buttonDirectionsH.png in Resources */ = {isa = PBXBuildFile; fileRef = D588621413FF31E90089CF61 /* buttonDirectionsH.png */; };
		D588621B13FF96870089CF61 /* icon.png in Resources */ = {isa = PBXBuildFile; fileRef = D588621A13FF96870089CF61 /* icon.png */; };
		D589F6471406DECA00598956 /* EasyTableView.m in Sources */ = {isa = PBXBuildFile; fileRef = D589F6461406DECA00598956 /* EasyTableView.m */; };
		D58F612E13F5A0C00081CE9C /* SwitchViewController.m in Sources */ = {isa = PBXBuildFile; fileRef = D58F612C13F5A0C00081CE9C /* SwitchViewController.m */; };
		D58F613313F5A35A0081CE9C /* GridViewController.m in Sources */ = {isa = PBXBuildFile; fileRef = D58F613113F5A35A0081CE9C /* GridViewController.m */; };
		D58F613413F5A35A0081CE9C /* GridViewController.xib in Resources */ = {isa = PBXBuildFile; fileRef = D58F613213F5A35A0081CE9C /* GridViewController.xib */; };
		D5ADBC7614084C5C0014D9ED /* buttonNavH.png in Resources */ = {isa = PBXBuildFile; fileRef = D5ADBC7414084C5C0014D9ED /* buttonNavH.png */; };
		D5ADBC7714084C5C0014D9ED /* buttonNavigation.png in Resources */ = {isa = PBXBuildFile; fileRef = D5ADBC7514084C5C0014D9ED /* buttonNavigation.png */; };
		D5ADBC7F140855700014D9ED /* background.png in Resources */ = {isa = PBXBuildFile; fileRef = D5ADBC7E140855700014D9ED /* background.png */; };
		D5ADBC82140858380014D9ED /* buttonNavBackH.png in Resources */ = {isa = PBXBuildFile; fileRef = D5ADBC80140858370014D9ED /* buttonNavBackH.png */; };
		D5ADBC83140858380014D9ED /* buttonNavBack.png in Resources */ = {isa = PBXBuildFile; fileRef = D5ADBC81140858380014D9ED /* buttonNavBack.png */; };
		D5ADBC85140859370014D9ED /* projectNav.png in Resources */ = {isa = PBXBuildFile; fileRef = D5ADBC84140859370014D9ED /* projectNav.png */; };
		D5F5BD7313FDB67200AED5AF /* about1.png in Resources */ = {isa = PBXBuildFile; fileRef = D5F5BD6213FDB67100AED5AF /* about1.png */; };
		D5F5BD7413FDB67200AED5AF /* about2.png in Resources */ = {isa = PBXBuildFile; fileRef = D5F5BD6313FDB67100AED5AF /* about2.png */; };
		D5F5BD7613FDB67200AED5AF /* project0.png in Resources */ = {isa = PBXBuildFile; fileRef = D5F5BD6613FDB67100AED5AF /* project0.png */; };
		D5F5BD7713FDB67200AED5AF /* tech0.png in Resources */ = {isa = PBXBuildFile; fileRef = D5F5BD6813FDB67100AED5AF /* tech0.png */; };
		D5F5BD7813FDB67200AED5AF /* tech1.png in Resources */ = {isa = PBXBuildFile; fileRef = D5F5BD6913FDB67100AED5AF /* tech1.png */; };
		D5F5BD7A13FDB67200AED5AF /* tech3.png in Resources */ = {isa = PBXBuildFile; fileRef = D5F5BD6B13FDB67100AED5AF /* tech3.png */; };
		D5F5BD7B13FDB67200AED5AF /* tech4.png in Resources */ = {isa = PBXBuildFile; fileRef = D5F5BD6C13FDB67100AED5AF /* tech4.png */; };
		D5F5BD8213FDBA3F00AED5AF /* about0.png in Resources */ = {isa = PBXBuildFile; fileRef = D5F5BD8113FDBA3F00AED5AF /* about0.png */; };
		D5F5BD8413FDBA8A00AED5AF /* tech5.png in Resources */ = {isa = PBXBuildFile; fileRef = D5F5BD8313FDBA8A00AED5AF /* tech5.png */; };
		D5F5BD8613FDBC0D00AED5AF /* tech2.png in Resources */ = {isa = PBXBuildFile; fileRef = D5F5BD8513FDBC0C00AED5AF /* tech2.png */; };
		D5F5BD8913FDC05D00AED5AF /* project1.png in Resources */ = {isa = PBXBuildFile; fileRef = D5F5BD8713FDC05D00AED5AF /* project1.png */; };
		D5F5BD8A13FDC05D00AED5AF /* project2.png in Resources */ = {isa = PBXBuildFile; fileRef = D5F5BD8813FDC05D00AED5AF /* project2.png */; };
		D5F5BD9F13FDCF0B00AED5AF /* p1.png in Resources */ = {isa = PBXBuildFile; fileRef = D5F5BD9A13FDCF0B00AED5AF /* p1.png */; };
		D5F5BDA013FDCF0B00AED5AF /* p2.png in Resources */ = {isa = PBXBuildFile; fileRef = D5F5BD9B13FDCF0B00AED5AF /* p2.png */; };
		D5F5BDA113FDCF0B00AED5AF /* p3.png in Resources */ = {isa = PBXBuildFile; fileRef = D5F5BD9C13FDCF0B00AED5AF /* p3.png */; };
		D5F5BDA213FDCF0B00AED5AF /* p4.png in Resources */ = {isa = PBXBuildFile; fileRef = D5F5BD9D13FDCF0B00AED5AF /* p4.png */; };
		D5F5BDA313FDCF0B00AED5AF /* p5.png in Resources */ = {isa = PBXBuildFile; fileRef = D5F5BD9E13FDCF0B00AED5AF /* p5.png */; };
		D5F5BDAE13FDE11B00AED5AF /* p1H.png in Resources */ = {isa = PBXBuildFile; fileRef = D5F5BDA913FDE11B00AED5AF /* p1H.png */; };
		D5F5BDAF13FDE11B00AED5AF /* p2H.png in Resources */ = {isa = PBXBuildFile; fileRef = D5F5BDAA13FDE11B00AED5AF /* p2H.png */; };
		D5F5BDB013FDE11B00AED5AF /* p3H.png in Resources */ = {isa = PBXBuildFile; fileRef = D5F5BDAB13FDE11B00AED5AF /* p3H.png */; };
		D5F5BDB113FDE11B00AED5AF /* p4H.png in Resources */ = {isa = PBXBuildFile; fileRef = D5F5BDAC13FDE11B00AED5AF /* p4H.png */; };
		D5F5BDB213FDE11B00AED5AF /* p5H.png in Resources */ = {isa = PBXBuildFile; fileRef = D5F5BDAD13FDE11B00AED5AF /* p5H.png */; };
		D5F5BDB613FDE47700AED5AF /* backgroundMercedes.png in Resources */ = {isa = PBXBuildFile; fileRef = D5F5BDB513FDE47500AED5AF /* backgroundMercedes.png */; };
		D5F5BDBA13FDE4C400AED5AF /* glassMask.png in Resources */ = {isa = PBXBuildFile; fileRef = D5F5BDB913FDE4C400AED5AF /* glassMask.png */; };
		D5F5BDBC13FDE4DF00AED5AF /* backgroundGrid.png in Resources */ = {isa = PBXBuildFile; fileRef = D5F5BDBB13FDE4DE00AED5AF /* backgroundGrid.png */; };
		D5F5BDC113FDE58600AED5AF /* buttonBack.png in Resources */ = {isa = PBXBuildFile; fileRef = D5F5BDBD13FDE58500AED5AF /* buttonBack.png */; };
		D5F5BDC213FDE58600AED5AF /* buttonBackHighlight.png in Resources */ = {isa = PBXBuildFile; fileRef = D5F5BDBE13FDE58500AED5AF /* buttonBackHighlight.png */; };
		D5F5BDC313FDE58600AED5AF /* buttonMini.png in Resources */ = {isa = PBXBuildFile; fileRef = D5F5BDBF13FDE58500AED5AF /* buttonMini.png */; };
		D5F5BDC413FDE58600AED5AF /* buttonMiniHighlight.png in Resources */ = {isa = PBXBuildFile; fileRef = D5F5BDC013FDE58600AED5AF /* buttonMiniHighlight.png */; };
		D5F5BDC613FDE5A500AED5AF /* buttonTile.png in Resources */ = {isa = PBXBuildFile; fileRef = D5F5BDC513FDE5A500AED5AF /* buttonTile.png */; };
		D5F5BDC813FDE5AB00AED5AF /* buttonList.png in Resources */ = {isa = PBXBuildFile; fileRef = D5F5BDC713FDE5AA00AED5AF /* buttonList.png */; };
		D5F5BDCF13FDE95E00AED5AF /* contact0.png in Resources */ = {isa = PBXBuildFile; fileRef = D5F5BDCE13FDE95E00AED5AF /* contact0.png */; };
		D5F5BDD113FEE18D00AED5AF /* MapKit.framework in Frameworks */ = {isa = PBXBuildFile; fileRef = D5F5BDD013FEE18D00AED5AF /* MapKit.framework */; };
		D5F5BDDE13FF0AE300AED5AF /* MapViewAnnotation.m in Sources */ = {isa = PBXBuildFile; fileRef = D5F5BDDD13FF0AE100AED5AF /* MapViewAnnotation.m */; };
		D5FD749D14070FEF00412322 /* tile1.png in Resources */ = {isa = PBXBuildFile; fileRef = D5FD749814070FEF00412322 /* tile1.png */; };
		D5FD749E14070FEF00412322 /* tile2.png in Resources */ = {isa = PBXBuildFile; fileRef = D5FD749914070FEF00412322 /* tile2.png */; };
		D5FD749F14070FEF00412322 /* tile3.png in Resources */ = {isa = PBXBuildFile; fileRef = D5FD749A14070FEF00412322 /* tile3.png */; };
		D5FD74A014070FEF00412322 /* tile4.png in Resources */ = {isa = PBXBuildFile; fileRef = D5FD749B14070FEF00412322 /* tile4.png */; };
		D5FD74A114070FEF00412322 /* tile5.png in Resources */ = {isa = PBXBuildFile; fileRef = D5FD749C14070FEF00412322 /* tile5.png */; };
		D5FD74A31407126A00412322 /* project_border.png in Resources */ = {isa = PBXBuildFile; fileRef = D5FD74A21407126A00412322 /* project_border.png */; };
		D5FD74A9140714D200412322 /* tile1H.png in Resources */ = {isa = PBXBuildFile; fileRef = D5FD74A4140714D200412322 /* tile1H.png */; };
		D5FD74AA140714D200412322 /* tile2H.png in Resources */ = {isa = PBXBuildFile; fileRef = D5FD74A5140714D200412322 /* tile2H.png */; };
		D5FD74AB140714D200412322 /* tile3H.png in Resources */ = {isa = PBXBuildFile; fileRef = D5FD74A6140714D200412322 /* tile3H.png */; };
		D5FD74AC140714D200412322 /* tile4H.png in Resources */ = {isa = PBXBuildFile; fileRef = D5FD74A7140714D200412322 /* tile4H.png */; };
		D5FD74AD140714D200412322 /* tile5H.png in Resources */ = {isa = PBXBuildFile; fileRef = D5FD74A8140714D200412322 /* tile5H.png */; };
		D5FD74AF140817B500412322 /* projects.plist in Resources */ = {isa = PBXBuildFile; fileRef = D5FD74AE140817B500412322 /* projects.plist */; };
		D5FD74B814082A3300412322 /* tile6.png in Resources */ = {isa = PBXBuildFile; fileRef = D5FD74B414082A3200412322 /* tile6.png */; };
		D5FD74B914082A3300412322 /* tile6H.png in Resources */ = {isa = PBXBuildFile; fileRef = D5FD74B514082A3200412322 /* tile6H.png */; };
		D5FD74BA14082A3300412322 /* tile7.png in Resources */ = {isa = PBXBuildFile; fileRef = D5FD74B614082A3200412322 /* tile7.png */; };
		D5FD74BB14082A3300412322 /* tile7H.png in Resources */ = {isa = PBXBuildFile; fileRef = D5FD74B714082A3300412322 /* tile7H.png */; };
		D5FD74BE14082B5500412322 /* project6.png in Resources */ = {isa = PBXBuildFile; fileRef = D5FD74BC14082B5500412322 /* project6.png */; };
		D5FD74BF14082B5500412322 /* project7.png in Resources */ = {isa = PBXBuildFile; fileRef = D5FD74BD14082B5500412322 /* project7.png */; };
/* End PBXBuildFile section */

/* Begin PBXFileReference section */
		D50EF24B140C305B00D7C0DA /* buttonAll.png */ = {isa = PBXFileReference; lastKnownFileType = image.png; name = buttonAll.png; path = "../../../Desktop/HELIOS/iPad Application/Buttons/buttonAll.png"; sourceTree = "<group>"; };
		D50EF24C140C305B00D7C0DA /* buttonAllH.png */ = {isa = PBXFileReference; lastKnownFileType = image.png; name = buttonAllH.png; path = "../../../Desktop/HELIOS/iPad Application/Buttons/buttonAllH.png"; sourceTree = "<group>"; };
		D50EF250140C307600D7C0DA /* buttonAugmented.png */ = {isa = PBXFileReference; lastKnownFileType = image.png; name = buttonAugmented.png; path = "../../../Desktop/HELIOS/iPad Application/Buttons/buttonAugmented.png"; sourceTree = "<group>"; };
		D50EF251140C307600D7C0DA /* buttonAugmentedH.png */ = {isa = PBXFileReference; lastKnownFileType = image.png; name = buttonAugmentedH.png; path = "../../../Desktop/HELIOS/iPad Application/Buttons/buttonAugmentedH.png"; sourceTree = "<group>"; };
		D50EF252140C307600D7C0DA /* buttonTouchInterface.png */ = {isa = PBXFileReference; lastKnownFileType = image.png; name = buttonTouchInterface.png; path = "../../../Desktop/HELIOS/iPad Application/Buttons/buttonTouchInterface.png"; sourceTree = "<group>"; };
		D50EF253140C307600D7C0DA /* buttonTouchInterfaceH.png */ = {isa = PBXFileReference; lastKnownFileType = image.png; name = buttonTouchInterfaceH.png; path = "../../../Desktop/HELIOS/iPad Application/Buttons/buttonTouchInterfaceH.png"; sourceTree = "<group>"; };
		D50EF254140C307600D7C0DA /* buttonTracking.png */ = {isa = PBXFileReference; lastKnownFileType = image.png; name = buttonTracking.png; path = "../../../Desktop/HELIOS/iPad Application/Buttons/buttonTracking.png"; sourceTree = "<group>"; };
		D50EF255140C307600D7C0DA /* buttonTrackingH.png */ = {isa = PBXFileReference; lastKnownFileType = image.png; name = buttonTrackingH.png; path = "../../../Desktop/HELIOS/iPad Application/Buttons/buttonTrackingH.png"; sourceTree = "<group>"; };
		D50EF25E140C567200D7C0DA /* navIntel.png */ = {isa = PBXFileReference; lastKnownFileType = image.png; path = navIntel.png; sourceTree = "<group>"; };
		D50EF25F140C567200D7C0DA /* navIntelH.png */ = {isa = PBXFileReference; lastKnownFileType = image.png; path = navIntelH.png; sourceTree = "<group>"; };
		D50EF262140C5AD700D7C0DA /* navMerc.png */ = {isa = PBXFileReference; lastKnownFileType = image.png; path = navMerc.png; sourceTree = "<group>"; };
		D50EF263140C5AD700D7C0DA /* navMercH.png */ = {isa = PBXFileReference; lastKnownFileType = image.png; path = navMercH.png; sourceTree = "<group>"; };
		D50EF266140C5F0F00D7C0DA /* navYahoo.png */ = {isa = PBXFileReference; lastKnownFileType = image.png; path = navYahoo.png; sourceTree = "<group>"; };
		D50EF267140C5F0F00D7C0DA /* navYahooH.png */ = {isa = PBXFileReference; lastKnownFileType = image.png; path = navYahooH.png; sourceTree = "<group>"; };
		D50EF26A140C608700D7C0DA /* navCoraline.png */ = {isa = PBXFileReference; lastKnownFileType = image.png; path = navCoraline.png; sourceTree = "<group>"; };
		D50EF26B140C608700D7C0DA /* navCoralineH.png */ = {isa = PBXFileReference; lastKnownFileType = image.png; path = navCoralineH.png; sourceTree = "<group>"; };
		D518B22E13F31773003B93CA /* HeliosApp.app */ = {isa = PBXFileReference; explicitFileType = wrapper.application; includeInIndex = 0; path = HeliosApp.app; sourceTree = BUILT_PRODUCTS_DIR; };
		D518B23213F31773003B93CA /* UIKit.framework */ = {isa = PBXFileReference; lastKnownFileType = wrapper.framework; name = UIKit.framework; path = System/Library/Frameworks/UIKit.framework; sourceTree = SDKROOT; };
		D518B23413F31773003B93CA /* Foundation.framework */ = {isa = PBXFileReference; lastKnownFileType = wrapper.framework; name = Foundation.framework; path = System/Library/Frameworks/Foundation.framework; sourceTree = SDKROOT; };
		D518B23613F31773003B93CA /* CoreGraphics.framework */ = {isa = PBXFileReference; lastKnownFileType = wrapper.framework; name = CoreGraphics.framework; path = System/Library/Frameworks/CoreGraphics.framework; sourceTree = SDKROOT; };
		D518B23A13F31773003B93CA /* HeliosApp-Info.plist */ = {isa = PBXFileReference; lastKnownFileType = text.plist.xml; path = "HeliosApp-Info.plist"; sourceTree = "<group>"; };
		D518B23C13F31773003B93CA /* en */ = {isa = PBXFileReference; lastKnownFileType = text.plist.strings; name = en; path = en.lproj/InfoPlist.strings; sourceTree = "<group>"; };
		D518B23E13F31773003B93CA /* main.m */ = {isa = PBXFileReference; lastKnownFileType = sourcecode.c.objc; path = main.m; sourceTree = "<group>"; };
		D518B24013F31773003B93CA /* HeliosApp-Prefix.pch */ = {isa = PBXFileReference; lastKnownFileType = sourcecode.c.h; path = "HeliosApp-Prefix.pch"; sourceTree = "<group>"; };
		D518B24113F31773003B93CA /* HeliosAppAppDelegate.h */ = {isa = PBXFileReference; lastKnownFileType = sourcecode.c.h; path = HeliosAppAppDelegate.h; sourceTree = "<group>"; };
		D518B24213F31773003B93CA /* HeliosAppAppDelegate.m */ = {isa = PBXFileReference; lastKnownFileType = sourcecode.c.objc; path = HeliosAppAppDelegate.m; sourceTree = "<group>"; };
		D518B24513F31773003B93CA /* en */ = {isa = PBXFileReference; lastKnownFileType = file.xib; name = en; path = en.lproj/MainWindow.xib; sourceTree = "<group>"; };
		D518B24713F31773003B93CA /* HeliosAppViewController.h */ = {isa = PBXFileReference; lastKnownFileType = sourcecode.c.h; path = HeliosAppViewController.h; sourceTree = "<group>"; };
		D518B24813F31773003B93CA /* HeliosAppViewController.m */ = {isa = PBXFileReference; lastKnownFileType = sourcecode.c.objc; path = HeliosAppViewController.m; sourceTree = "<group>"; };
		D518B24B13F31773003B93CA /* en */ = {isa = PBXFileReference; lastKnownFileType = file.xib; name = en; path = en.lproj/HeliosAppViewController.xib; sourceTree = "<group>"; };
		D518B25713F3178D003B93CA /* glass.png */ = {isa = PBXFileReference; lastKnownFileType = image.png; path = glass.png; sourceTree = "<group>"; };
		D518B26813F317EF003B93CA /* icon-black.png */ = {isa = PBXFileReference; lastKnownFileType = image.png; path = "icon-black.png"; sourceTree = "<group>"; };
		D518B26A13F31801003B93CA /* Default-Portrait~ipad.png */ = {isa = PBXFileReference; lastKnownFileType = image.png; path = "Default-Portrait~ipad.png"; sourceTree = "<group>"; };
		D518B27913F34C89003B93CA /* QuartzCore.framework */ = {isa = PBXFileReference; lastKnownFileType = wrapper.framework; name = QuartzCore.framework; path = System/Library/Frameworks/QuartzCore.framework; sourceTree = SDKROOT; };
		D51C1CEB13F4A05D0016BDE7 /* button3d.png */ = {isa = PBXFileReference; lastKnownFileType = image.png; path = button3d.png; sourceTree = "<group>"; };
		D51C1CEC13F4A05D0016BDE7 /* button3dHighlight.png */ = {isa = PBXFileReference; lastKnownFileType = image.png; path = button3dHighlight.png; sourceTree = "<group>"; };
		D51C1CED13F4A05D0016BDE7 /* buttonAR.png */ = {isa = PBXFileReference; lastKnownFileType = image.png; path = buttonAR.png; sourceTree = "<group>"; };
		D51C1CEE13F4A05D0016BDE7 /* buttonARHighlight.png */ = {isa = PBXFileReference; lastKnownFileType = image.png; path = buttonARHighlight.png; sourceTree = "<group>"; };
		D51C1CEF13F4A05D0016BDE7 /* buttonHowItWorks.png */ = {isa = PBXFileReference; lastKnownFileType = image.png; path = buttonHowItWorks.png; sourceTree = "<group>"; };
		D51C1CF013F4A05D0016BDE7 /* buttonHowItWorksHighlight.png */ = {isa = PBXFileReference; lastKnownFileType = image.png; path = buttonHowItWorksHighlight.png; sourceTree = "<group>"; };
		D51C1CF113F4A05D0016BDE7 /* buttonMobile.png */ = {isa = PBXFileReference; lastKnownFileType = image.png; path = buttonMobile.png; sourceTree = "<group>"; };
		D51C1CF213F4A05D0016BDE7 /* buttonMobileHighlight.png */ = {isa = PBXFileReference; lastKnownFileType = image.png; path = buttonMobileHighlight.png; sourceTree = "<group>"; };
		D51C1CF313F4A05D0016BDE7 /* buttonTouch.png */ = {isa = PBXFileReference; lastKnownFileType = image.png; path = buttonTouch.png; sourceTree = "<group>"; };
		D51C1CF413F4A05D0016BDE7 /* buttonTouchHighlight.png */ = {isa = PBXFileReference; lastKnownFileType = image.png; path = buttonTouchHighlight.png; sourceTree = "<group>"; };
		D51C1D0813F4A6220016BDE7 /* buttonHome.png */ = {isa = PBXFileReference; lastKnownFileType = image.png; path = buttonHome.png; sourceTree = "<group>"; };
		D51C1D0913F4A6220016BDE7 /* buttonHomeHighlight.png */ = {isa = PBXFileReference; lastKnownFileType = image.png; path = buttonHomeHighlight.png; sourceTree = "<group>"; };
		D52A64B913FB1EE000A03E74 /* NickViewController.h */ = {isa = PBXFileReference; fileEncoding = 4; lastKnownFileType = sourcecode.c.h; path = NickViewController.h; sourceTree = "<group>"; };
		D52A64BA13FB1EE000A03E74 /* NickViewController.m */ = {isa = PBXFileReference; fileEncoding = 4; lastKnownFileType = sourcecode.c.objc; path = NickViewController.m; sourceTree = "<group>"; };
		D52A64BB13FB1EE000A03E74 /* NickViewController.xib */ = {isa = PBXFileReference; fileEncoding = 4; lastKnownFileType = file.xib; path = NickViewController.xib; sourceTree = "<group>"; };
		D540D1B313FC507B00D0B88F /* MediaPlayer.framework */ = {isa = PBXFileReference; lastKnownFileType = wrapper.framework; name = MediaPlayer.framework; path = System/Library/Frameworks/MediaPlayer.framework; sourceTree = SDKROOT; };
		D540D1B713FC53A500D0B88F /* Agilent_final.mov */ = {isa = PBXFileReference; lastKnownFileType = video.quicktime; path = Agilent_final.mov; sourceTree = "<group>"; };
		D540D1B913FC53B400D0B88F /* mercedes.mov */ = {isa = PBXFileReference; lastKnownFileType = video.quicktime; path = mercedes.mov; sourceTree = "<group>"; };
		D546292F1402D5B9006CCE9E /* helios2.png */ = {isa = PBXFileReference; lastKnownFileType = image.png; path = helios2.png; sourceTree = "<group>"; };
		D54629311402EB7E006CCE9E /* buttonArrow.png */ = {isa = PBXFileReference; lastKnownFileType = image.png; name = buttonArrow.png; path = "../../../Desktop/HELIOS/iPad Application/Buttons/buttonArrow.png"; sourceTree = "<group>"; };
		D54629321402EB7E006CCE9E /* buttonArrowH.png */ = {isa = PBXFileReference; lastKnownFileType = image.png; name = buttonArrowH.png; path = "../../../Desktop/HELIOS/iPad Application/Buttons/buttonArrowH.png"; sourceTree = "<group>"; };
		D546293814030832006CCE9E /* buttonT1.png */ = {isa = PBXFileReference; lastKnownFileType = image.png; path = buttonT1.png; sourceTree = "<group>"; };
		D546293914030832006CCE9E /* buttonT1H.png */ = {isa = PBXFileReference; lastKnownFileType = image.png; path = buttonT1H.png; sourceTree = "<group>"; };
		D546293A14030832006CCE9E /* buttonT2.png */ = {isa = PBXFileReference; lastKnownFileType = image.png; path = buttonT2.png; sourceTree = "<group>"; };
		D546293B14030832006CCE9E /* buttonT2H.png */ = {isa = PBXFileReference; lastKnownFileType = image.png; path = buttonT2H.png; sourceTree = "<group>"; };
		D546293C14030832006CCE9E /* buttonA1.png */ = {isa = PBXFileReference; lastKnownFileType = image.png; path = buttonA1.png; sourceTree = "<group>"; };
		D546293D14030832006CCE9E /* buttonA1H.png */ = {isa = PBXFileReference; lastKnownFileType = image.png; path = buttonA1H.png; sourceTree = "<group>"; };
		D546294414030F2A006CCE9E /* buttonA2.png */ = {isa = PBXFileReference; lastKnownFileType = image.png; path = buttonA2.png; sourceTree = "<group>"; };
		D546294514030F2A006CCE9E /* buttonA2H.png */ = {isa = PBXFileReference; lastKnownFileType = image.png; path = buttonA2H.png; sourceTree = "<group>"; };
		D546294614030F2A006CCE9E /* buttonA3.png */ = {isa = PBXFileReference; lastKnownFileType = image.png; path = buttonA3.png; sourceTree = "<group>"; };
		D546294714030F2A006CCE9E /* buttonA3H.png */ = {isa = PBXFileReference; lastKnownFileType = image.png; path = buttonA3H.png; sourceTree = "<group>"; };
		D555D4E913FC63A500F41AE8 /* MercedesViewController.h */ = {isa = PBXFileReference; fileEncoding = 4; lastKnownFileType = sourcecode.c.h; path = MercedesViewController.h; sourceTree = "<group>"; };
		D555D4EA13FC63A500F41AE8 /* MercedesViewController.m */ = {isa = PBXFileReference; fileEncoding = 4; lastKnownFileType = sourcecode.c.objc; path = MercedesViewController.m; sourceTree = "<group>"; };
		D555D4EB13FC63A500F41AE8 /* MercedesViewController.xib */ = {isa = PBXFileReference; fileEncoding = 4; lastKnownFileType = file.xib; path = MercedesViewController.xib; sourceTree = "<group>"; };
		D5787B96140449B5001F7FF3 /* project3.png */ = {isa = PBXFileReference; lastKnownFileType = image.png; path = project3.png; sourceTree = "<group>"; };
		D5787B97140449B5001F7FF3 /* project4.png */ = {isa = PBXFileReference; lastKnownFileType = image.png; path = project4.png; sourceTree = "<group>"; };
		D5787B9A14044A4D001F7FF3 /* project5.png */ = {isa = PBXFileReference; lastKnownFileType = image.png; path = project5.png; sourceTree = "<group>"; };
		D5787B9C14044F19001F7FF3 /* buttonPlay.png */ = {isa = PBXFileReference; lastKnownFileType = image.png; name = buttonPlay.png; path = "../../../Desktop/HELIOS/iPad Application/Buttons/buttonPlay.png"; sourceTree = "<group>"; };
		D5787B9D14044F19001F7FF3 /* buttonPlayH.png */ = {isa = PBXFileReference; lastKnownFileType = image.png; name = buttonPlayH.png; path = "../../../Desktop/HELIOS/iPad Application/Buttons/buttonPlayH.png"; sourceTree = "<group>"; };
		D588620E13FF1BE90089CF61 /* CoreLocation.framework */ = {isa = PBXFileReference; lastKnownFileType = wrapper.framework; name = CoreLocation.framework; path = System/Library/Frameworks/CoreLocation.framework; sourceTree = SDKROOT; };
		D588621113FF2FFC0089CF61 /* buttonDirections.png */ = {isa = PBXFileReference; lastKnownFileType = image.png; name = buttonDirections.png; path = "../../../Desktop/HELIOS/iPad Application/Buttons/buttonDirections.png"; sourceTree = "<group>"; };
		D588621413FF31E90089CF61 /* buttonDirectionsH.png */ = {isa = PBXFileReference; lastKnownFileType = image.png; name = buttonDirectionsH.png; path = "../../../Desktop/HELIOS/iPad Application/Buttons/buttonDirectionsH.png"; sourceTree = "<group>"; };
		D588621A13FF96870089CF61 /* icon.png */ = {isa = PBXFileReference; lastKnownFileType = image.png; path = icon.png; sourceTree = "<group>"; };
		D589F6451406DEC900598956 /* EasyTableView.h */ = {isa = PBXFileReference; fileEncoding = 4; lastKnownFileType = sourcecode.c.h; path = EasyTableView.h; sourceTree = "<group>"; };
		D589F6461406DECA00598956 /* EasyTableView.m */ = {isa = PBXFileReference; fileEncoding = 4; lastKnownFileType = sourcecode.c.objc; path = EasyTableView.m; sourceTree = "<group>"; };
		D58F612B13F5A0C00081CE9C /* SwitchViewController.h */ = {isa = PBXFileReference; fileEncoding = 4; lastKnownFileType = sourcecode.c.h; path = SwitchViewController.h; sourceTree = "<group>"; };
		D58F612C13F5A0C00081CE9C /* SwitchViewController.m */ = {isa = PBXFileReference; fileEncoding = 4; lastKnownFileType = sourcecode.c.objc; path = SwitchViewController.m; sourceTree = "<group>"; };
		D58F613013F5A35A0081CE9C /* GridViewController.h */ = {isa = PBXFileReference; fileEncoding = 4; lastKnownFileType = sourcecode.c.h; path = GridViewController.h; sourceTree = "<group>"; };
		D58F613113F5A35A0081CE9C /* GridViewController.m */ = {isa = PBXFileReference; fileEncoding = 4; lastKnownFileType = sourcecode.c.objc; path = GridViewController.m; sourceTree = "<group>"; };
		D58F613213F5A35A0081CE9C /* GridViewController.xib */ = {isa = PBXFileReference; fileEncoding = 4; lastKnownFileType = file.xib; path = GridViewController.xib; sourceTree = "<group>"; };
		D5ADBC7414084C5C0014D9ED /* buttonNavH.png */ = {isa = PBXFileReference; lastKnownFileType = image.png; name = buttonNavH.png; path = "../../../Desktop/HELIOS/iPad Application/Buttons/buttonNavH.png"; sourceTree = "<group>"; };
		D5ADBC7514084C5C0014D9ED /* buttonNavigation.png */ = {isa = PBXFileReference; lastKnownFileType = image.png; name = buttonNavigation.png; path = "../../../Desktop/HELIOS/iPad Application/Buttons/buttonNavigation.png"; sourceTree = "<group>"; };
		D5ADBC7E140855700014D9ED /* background.png */ = {isa = PBXFileReference; lastKnownFileType = image.png; name = background.png; path = "../../../Desktop/HELIOS/iPad Application/Backgrounds/background.png"; sourceTree = "<group>"; };
		D5ADBC80140858370014D9ED /* buttonNavBackH.png */ = {isa = PBXFileReference; lastKnownFileType = image.png; name = buttonNavBackH.png; path = "../../../Desktop/HELIOS/iPad Application/Buttons/buttonNavBackH.png"; sourceTree = "<group>"; };
		D5ADBC81140858380014D9ED /* buttonNavBack.png */ = {isa = PBXFileReference; lastKnownFileType = image.png; name = buttonNavBack.png; path = "../../../Desktop/HELIOS/iPad Application/Buttons/buttonNavBack.png"; sourceTree = "<group>"; };
		D5ADBC84140859370014D9ED /* projectNav.png */ = {isa = PBXFileReference; lastKnownFileType = image.png; path = projectNav.png; sourceTree = "<group>"; };
		D5F5BD6213FDB67100AED5AF /* about1.png */ = {isa = PBXFileReference; lastKnownFileType = image.png; path = about1.png; sourceTree = "<group>"; };
		D5F5BD6313FDB67100AED5AF /* about2.png */ = {isa = PBXFileReference; lastKnownFileType = image.png; path = about2.png; sourceTree = "<group>"; };
		D5F5BD6613FDB67100AED5AF /* project0.png */ = {isa = PBXFileReference; lastKnownFileType = image.png; path = project0.png; sourceTree = "<group>"; };
		D5F5BD6813FDB67100AED5AF /* tech0.png */ = {isa = PBXFileReference; lastKnownFileType = image.png; path = tech0.png; sourceTree = "<group>"; };
		D5F5BD6913FDB67100AED5AF /* tech1.png */ = {isa = PBXFileReference; lastKnownFileType = image.png; path = tech1.png; sourceTree = "<group>"; };
		D5F5BD6B13FDB67100AED5AF /* tech3.png */ = {isa = PBXFileReference; lastKnownFileType = image.png; path = tech3.png; sourceTree = "<group>"; };
		D5F5BD6C13FDB67100AED5AF /* tech4.png */ = {isa = PBXFileReference; lastKnownFileType = image.png; path = tech4.png; sourceTree = "<group>"; };
		D5F5BD8113FDBA3F00AED5AF /* about0.png */ = {isa = PBXFileReference; lastKnownFileType = image.png; path = about0.png; sourceTree = "<group>"; };
		D5F5BD8313FDBA8A00AED5AF /* tech5.png */ = {isa = PBXFileReference; lastKnownFileType = image.png; path = tech5.png; sourceTree = "<group>"; };
		D5F5BD8513FDBC0C00AED5AF /* tech2.png */ = {isa = PBXFileReference; lastKnownFileType = image.png; path = tech2.png; sourceTree = "<group>"; };
		D5F5BD8713FDC05D00AED5AF /* project1.png */ = {isa = PBXFileReference; lastKnownFileType = image.png; path = project1.png; sourceTree = "<group>"; };
		D5F5BD8813FDC05D00AED5AF /* project2.png */ = {isa = PBXFileReference; lastKnownFileType = image.png; path = project2.png; sourceTree = "<group>"; };
		D5F5BD9A13FDCF0B00AED5AF /* p1.png */ = {isa = PBXFileReference; lastKnownFileType = image.png; path = p1.png; sourceTree = "<group>"; };
		D5F5BD9B13FDCF0B00AED5AF /* p2.png */ = {isa = PBXFileReference; lastKnownFileType = image.png; path = p2.png; sourceTree = "<group>"; };
		D5F5BD9C13FDCF0B00AED5AF /* p3.png */ = {isa = PBXFileReference; lastKnownFileType = image.png; path = p3.png; sourceTree = "<group>"; };
		D5F5BD9D13FDCF0B00AED5AF /* p4.png */ = {isa = PBXFileReference; lastKnownFileType = image.png; path = p4.png; sourceTree = "<group>"; };
		D5F5BD9E13FDCF0B00AED5AF /* p5.png */ = {isa = PBXFileReference; lastKnownFileType = image.png; path = p5.png; sourceTree = "<group>"; };
		D5F5BDA913FDE11B00AED5AF /* p1H.png */ = {isa = PBXFileReference; lastKnownFileType = image.png; path = p1H.png; sourceTree = "<group>"; };
		D5F5BDAA13FDE11B00AED5AF /* p2H.png */ = {isa = PBXFileReference; lastKnownFileType = image.png; path = p2H.png; sourceTree = "<group>"; };
		D5F5BDAB13FDE11B00AED5AF /* p3H.png */ = {isa = PBXFileReference; lastKnownFileType = image.png; path = p3H.png; sourceTree = "<group>"; };
		D5F5BDAC13FDE11B00AED5AF /* p4H.png */ = {isa = PBXFileReference; lastKnownFileType = image.png; path = p4H.png; sourceTree = "<group>"; };
		D5F5BDAD13FDE11B00AED5AF /* p5H.png */ = {isa = PBXFileReference; lastKnownFileType = image.png; path = p5H.png; sourceTree = "<group>"; };
		D5F5BDB513FDE47500AED5AF /* backgroundMercedes.png */ = {isa = PBXFileReference; lastKnownFileType = image.png; name = backgroundMercedes.png; path = "../../../Desktop/HELIOS/iPad Application/Backgrounds/backgroundMercedes.png"; sourceTree = "<group>"; };
		D5F5BDB913FDE4C400AED5AF /* glassMask.png */ = {isa = PBXFileReference; lastKnownFileType = image.png; name = glassMask.png; path = "../../../Desktop/HELIOS/iPad Application/glass tiles/glassMask.png"; sourceTree = "<group>"; };
		D5F5BDBB13FDE4DE00AED5AF /* backgroundGrid.png */ = {isa = PBXFileReference; lastKnownFileType = image.png; name = backgroundGrid.png; path = "../../../Desktop/HELIOS/iPad Application/Backgrounds/backgroundGrid.png"; sourceTree = "<group>"; };
		D5F5BDBD13FDE58500AED5AF /* buttonBack.png */ = {isa = PBXFileReference; lastKnownFileType = image.png; name = buttonBack.png; path = "../../../Desktop/HELIOS/iPad Application/Buttons/buttonBack.png"; sourceTree = "<group>"; };
		D5F5BDBE13FDE58500AED5AF /* buttonBackHighlight.png */ = {isa = PBXFileReference; lastKnownFileType = image.png; name = buttonBackHighlight.png; path = "../../../Desktop/HELIOS/iPad Application/Buttons/buttonBackHighlight.png"; sourceTree = "<group>"; };
		D5F5BDBF13FDE58500AED5AF /* buttonMini.png */ = {isa = PBXFileReference; lastKnownFileType = image.png; name = buttonMini.png; path = "../../../Desktop/HELIOS/iPad Application/Buttons/buttonMini.png"; sourceTree = "<group>"; };
		D5F5BDC013FDE58600AED5AF /* buttonMiniHighlight.png */ = {isa = PBXFileReference; lastKnownFileType = image.png; name = buttonMiniHighlight.png; path = "../../../Desktop/HELIOS/iPad Application/Buttons/buttonMiniHighlight.png"; sourceTree = "<group>"; };
		D5F5BDC513FDE5A500AED5AF /* buttonTile.png */ = {isa = PBXFileReference; lastKnownFileType = image.png; name = buttonTile.png; path = "../../../Desktop/HELIOS/iPad Application/Buttons/buttonTile.png"; sourceTree = "<group>"; };
		D5F5BDC713FDE5AA00AED5AF /* buttonList.png */ = {isa = PBXFileReference; lastKnownFileType = image.png; name = buttonList.png; path = "../../../Desktop/HELIOS/iPad Application/Buttons/buttonList.png"; sourceTree = "<group>"; };
		D5F5BDCE13FDE95E00AED5AF /* contact0.png */ = {isa = PBXFileReference; lastKnownFileType = image.png; path = contact0.png; sourceTree = "<group>"; };
		D5F5BDD013FEE18D00AED5AF /* MapKit.framework */ = {isa = PBXFileReference; lastKnownFileType = wrapper.framework; name = MapKit.framework; path = System/Library/Frameworks/MapKit.framework; sourceTree = SDKROOT; };
		D5F5BDDC13FF0AE000AED5AF /* MapViewAnnotation.h */ = {isa = PBXFileReference; fileEncoding = 4; lastKnownFileType = sourcecode.c.h; path = MapViewAnnotation.h; sourceTree = "<group>"; };
		D5F5BDDD13FF0AE100AED5AF /* MapViewAnnotation.m */ = {isa = PBXFileReference; fileEncoding = 4; lastKnownFileType = sourcecode.c.objc; path = MapViewAnnotation.m; sourceTree = "<group>"; };
		D5FD749814070FEF00412322 /* tile1.png */ = {isa = PBXFileReference; lastKnownFileType = image.png; path = tile1.png; sourceTree = "<group>"; };
		D5FD749914070FEF00412322 /* tile2.png */ = {isa = PBXFileReference; lastKnownFileType = image.png; path = tile2.png; sourceTree = "<group>"; };
		D5FD749A14070FEF00412322 /* tile3.png */ = {isa = PBXFileReference; lastKnownFileType = image.png; path = tile3.png; sourceTree = "<group>"; };
		D5FD749B14070FEF00412322 /* tile4.png */ = {isa = PBXFileReference; lastKnownFileType = image.png; path = tile4.png; sourceTree = "<group>"; };
		D5FD749C14070FEF00412322 /* tile5.png */ = {isa = PBXFileReference; lastKnownFileType = image.png; path = tile5.png; sourceTree = "<group>"; };
		D5FD74A21407126A00412322 /* project_border.png */ = {isa = PBXFileReference; lastKnownFileType = image.png; name = project_border.png; path = ../project_border.png; sourceTree = "<group>"; };
		D5FD74A4140714D200412322 /* tile1H.png */ = {isa = PBXFileReference; lastKnownFileType = image.png; path = tile1H.png; sourceTree = "<group>"; };
		D5FD74A5140714D200412322 /* tile2H.png */ = {isa = PBXFileReference; lastKnownFileType = image.png; path = tile2H.png; sourceTree = "<group>"; };
		D5FD74A6140714D200412322 /* tile3H.png */ = {isa = PBXFileReference; lastKnownFileType = image.png; path = tile3H.png; sourceTree = "<group>"; };
		D5FD74A7140714D200412322 /* tile4H.png */ = {isa = PBXFileReference; lastKnownFileType = image.png; path = tile4H.png; sourceTree = "<group>"; };
		D5FD74A8140714D200412322 /* tile5H.png */ = {isa = PBXFileReference; lastKnownFileType = image.png; path = tile5H.png; sourceTree = "<group>"; };
		D5FD74AE140817B500412322 /* projects.plist */ = {isa = PBXFileReference; fileEncoding = 4; lastKnownFileType = text.plist.xml; path = projects.plist; sourceTree = "<group>"; };
		D5FD74B414082A3200412322 /* tile6.png */ = {isa = PBXFileReference; lastKnownFileType = image.png; path = tile6.png; sourceTree = "<group>"; };
		D5FD74B514082A3200412322 /* tile6H.png */ = {isa = PBXFileReference; lastKnownFileType = image.png; path = tile6H.png; sourceTree = "<group>"; };
		D5FD74B614082A3200412322 /* tile7.png */ = {isa = PBXFileReference; lastKnownFileType = image.png; path = tile7.png; sourceTree = "<group>"; };
		D5FD74B714082A3300412322 /* tile7H.png */ = {isa = PBXFileReference; lastKnownFileType = image.png; path = tile7H.png; sourceTree = "<group>"; };
		D5FD74BC14082B5500412322 /* project6.png */ = {isa = PBXFileReference; lastKnownFileType = image.png; path = project6.png; sourceTree = "<group>"; };
		D5FD74BD14082B5500412322 /* project7.png */ = {isa = PBXFileReference; lastKnownFileType = image.png; path = project7.png; sourceTree = "<group>"; };
/* End PBXFileReference section */

/* Begin PBXFrameworksBuildPhase section */
		D518B22B13F31773003B93CA /* Frameworks */ = {
			isa = PBXFrameworksBuildPhase;
			buildActionMask = 2147483647;
			files = (
				D588620F13FF1BE90089CF61 /* CoreLocation.framework in Frameworks */,
				D5F5BDD113FEE18D00AED5AF /* MapKit.framework in Frameworks */,
				D540D1B413FC507B00D0B88F /* MediaPlayer.framework in Frameworks */,
				D518B27A13F34C89003B93CA /* QuartzCore.framework in Frameworks */,
				D518B23313F31773003B93CA /* UIKit.framework in Frameworks */,
				D518B23513F31773003B93CA /* Foundation.framework in Frameworks */,
				D518B23713F31773003B93CA /* CoreGraphics.framework in Frameworks */,
			);
			runOnlyForDeploymentPostprocessing = 0;
		};
/* End PBXFrameworksBuildPhase section */

/* Begin PBXGroup section */
		D50EF25C140C30D200D7C0DA /* Project Navigation */ = {
			isa = PBXGroup;
			children = (
				D5ADBC7414084C5C0014D9ED /* buttonNavH.png */,
				D5ADBC7514084C5C0014D9ED /* buttonNavigation.png */,
				D50EF250140C307600D7C0DA /* buttonAugmented.png */,
				D50EF251140C307600D7C0DA /* buttonAugmentedH.png */,
				D50EF252140C307600D7C0DA /* buttonTouchInterface.png */,
				D50EF253140C307600D7C0DA /* buttonTouchInterfaceH.png */,
				D50EF254140C307600D7C0DA /* buttonTracking.png */,
				D50EF255140C307600D7C0DA /* buttonTrackingH.png */,
				D50EF24B140C305B00D7C0DA /* buttonAll.png */,
				D50EF24C140C305B00D7C0DA /* buttonAllH.png */,
			);
			name = "Project Navigation";
			sourceTree = "<group>";
		};
		D50EF25D140C30FC00D7C0DA /* Tech Page Jumps */ = {
			isa = PBXGroup;
			children = (
				D51C1CEB13F4A05D0016BDE7 /* button3d.png */,
				D51C1CEC13F4A05D0016BDE7 /* button3dHighlight.png */,
				D51C1CED13F4A05D0016BDE7 /* buttonAR.png */,
				D51C1CEE13F4A05D0016BDE7 /* buttonARHighlight.png */,
				D51C1CEF13F4A05D0016BDE7 /* buttonHowItWorks.png */,
				D51C1CF013F4A05D0016BDE7 /* buttonHowItWorksHighlight.png */,
				D51C1CF113F4A05D0016BDE7 /* buttonMobile.png */,
				D51C1CF213F4A05D0016BDE7 /* buttonMobileHighlight.png */,
				D51C1CF313F4A05D0016BDE7 /* buttonTouch.png */,
				D51C1CF413F4A05D0016BDE7 /* buttonTouchHighlight.png */,
			);
			name = "Tech Page Jumps";
			sourceTree = "<group>";
		};
		D518B22313F31773003B93CA = {
			isa = PBXGroup;
			children = (
				D546292F1402D5B9006CCE9E /* helios2.png */,
				D588621A13FF96870089CF61 /* icon.png */,
				D518B26A13F31801003B93CA /* Default-Portrait~ipad.png */,
				D518B26813F317EF003B93CA /* icon-black.png */,
				D518B23813F31773003B93CA /* HeliosApp */,
				D518B23113F31773003B93CA /* Frameworks */,
				D518B22F13F31773003B93CA /* Products */,
			);
			sourceTree = "<group>";
		};
		D518B22F13F31773003B93CA /* Products */ = {
			isa = PBXGroup;
			children = (
				D518B22E13F31773003B93CA /* HeliosApp.app */,
			);
			name = Products;
			sourceTree = "<group>";
		};
		D518B23113F31773003B93CA /* Frameworks */ = {
			isa = PBXGroup;
			children = (
				D588620E13FF1BE90089CF61 /* CoreLocation.framework */,
				D5F5BDD013FEE18D00AED5AF /* MapKit.framework */,
				D518B23413F31773003B93CA /* Foundation.framework */,
				D540D1B313FC507B00D0B88F /* MediaPlayer.framework */,
				D518B27913F34C89003B93CA /* QuartzCore.framework */,
				D518B23213F31773003B93CA /* UIKit.framework */,
				D518B23613F31773003B93CA /* CoreGraphics.framework */,
			);
			name = Frameworks;
			sourceTree = "<group>";
		};
		D518B23813F31773003B93CA /* HeliosApp */ = {
			isa = PBXGroup;
			children = (
				D589F6451406DEC900598956 /* EasyTableView.h */,
				D589F6461406DECA00598956 /* EasyTableView.m */,
				D518B24113F31773003B93CA /* HeliosAppAppDelegate.h */,
				D518B24213F31773003B93CA /* HeliosAppAppDelegate.m */,
				D58F612B13F5A0C00081CE9C /* SwitchViewController.h */,
				D58F612C13F5A0C00081CE9C /* SwitchViewController.m */,
				D518B24713F31773003B93CA /* HeliosAppViewController.h */,
				D518B24813F31773003B93CA /* HeliosAppViewController.m */,
				D5FD74AE140817B500412322 /* projects.plist */,
				D58F613013F5A35A0081CE9C /* GridViewController.h */,
				D58F613113F5A35A0081CE9C /* GridViewController.m */,
				D52A64B913FB1EE000A03E74 /* NickViewController.h */,
				D52A64BA13FB1EE000A03E74 /* NickViewController.m */,
				D555D4E913FC63A500F41AE8 /* MercedesViewController.h */,
				D5F5BDDC13FF0AE000AED5AF /* MapViewAnnotation.h */,
				D5F5BDDD13FF0AE100AED5AF /* MapViewAnnotation.m */,
				D58F613513F5AD2F0081CE9C /* NIBs */,
				D518B23913F31773003B93CA /* Supporting Files */,
			);
			path = HeliosApp;
			sourceTree = "<group>";
		};
		D518B23913F31773003B93CA /* Supporting Files */ = {
			isa = PBXGroup;
			children = (
				D5ADBC7E140855700014D9ED /* background.png */,
				D555D4EA13FC63A500F41AE8 /* MercedesViewController.m */,
				D5FD749714070FEF00412322 /* project_tiles */,
				D546293714030832006CCE9E /* projectsNavigation */,
				D5F5BDBB13FDE4DE00AED5AF /* backgroundGrid.png */,
				D5F5BDB513FDE47500AED5AF /* backgroundMercedes.png */,
				D5F5BDB913FDE4C400AED5AF /* glassMask.png */,
				D5F5BDA413FDCF8700AED5AF /* Videos */,
				D5F5BD9913FDCF0B00AED5AF /* Grid View Horizontal Tiles */,
				D5F5BDCD13FDE95E00AED5AF /* ScrollView - Contact */,
				D5F5BD5F13FDB67100AED5AF /* ScrollView - About */,
				D5F5BD6513FDB67100AED5AF /* ScrollView - Projects */,
				D5F5BD6713FDB67100AED5AF /* ScrollView - Tech */,
				D51C1D0713F4A06F0016BDE7 /* Buttons */,
				D518B25713F3178D003B93CA /* glass.png */,
				D518B23A13F31773003B93CA /* HeliosApp-Info.plist */,
				D518B23B13F31773003B93CA /* InfoPlist.strings */,
				D518B23E13F31773003B93CA /* main.m */,
				D518B24013F31773003B93CA /* HeliosApp-Prefix.pch */,
			);
			name = "Supporting Files";
			sourceTree = "<group>";
		};
		D51C1D0713F4A06F0016BDE7 /* Buttons */ = {
			isa = PBXGroup;
			children = (
				D50EF25D140C30FC00D7C0DA /* Tech Page Jumps */,
				D50EF25C140C30D200D7C0DA /* Project Navigation */,
				D5ADBC80140858370014D9ED /* buttonNavBackH.png */,
				D5ADBC81140858380014D9ED /* buttonNavBack.png */,
				D5787B9C14044F19001F7FF3 /* buttonPlay.png */,
				D5787B9D14044F19001F7FF3 /* buttonPlayH.png */,
				D54629311402EB7E006CCE9E /* buttonArrow.png */,
				D54629321402EB7E006CCE9E /* buttonArrowH.png */,
				D588621413FF31E90089CF61 /* buttonDirectionsH.png */,
				D588621113FF2FFC0089CF61 /* buttonDirections.png */,
				D5F5BDBD13FDE58500AED5AF /* buttonBack.png */,
				D5F5BDBE13FDE58500AED5AF /* buttonBackHighlight.png */,
				D5F5BDBF13FDE58500AED5AF /* buttonMini.png */,
				D5F5BDC013FDE58600AED5AF /* buttonMiniHighlight.png */,
				D5F5BDC513FDE5A500AED5AF /* buttonTile.png */,
				D5F5BDC713FDE5AA00AED5AF /* buttonList.png */,
				D51C1D0813F4A6220016BDE7 /* buttonHome.png */,
				D51C1D0913F4A6220016BDE7 /* buttonHomeHighlight.png */,
			);
			name = Buttons;
			sourceTree = "<group>";
		};
		D546293714030832006CCE9E /* projectsNavigation */ = {
			isa = PBXGroup;
			children = (
				D50EF26A140C608700D7C0DA /* navCoraline.png */,
				D50EF26B140C608700D7C0DA /* navCoralineH.png */,
				D50EF266140C5F0F00D7C0DA /* navYahoo.png */,
				D50EF267140C5F0F00D7C0DA /* navYahooH.png */,
				D50EF262140C5AD700D7C0DA /* navMerc.png */,
				D50EF263140C5AD700D7C0DA /* navMercH.png */,
				D50EF25E140C567200D7C0DA /* navIntel.png */,
				D50EF25F140C567200D7C0DA /* navIntelH.png */,
				D546293814030832006CCE9E /* buttonT1.png */,
				D546293914030832006CCE9E /* buttonT1H.png */,
				D546293A14030832006CCE9E /* buttonT2.png */,
				D546293B14030832006CCE9E /* buttonT2H.png */,
				D546293C14030832006CCE9E /* buttonA1.png */,
				D546293D14030832006CCE9E /* buttonA1H.png */,
				D546294414030F2A006CCE9E /* buttonA2.png */,
				D546294514030F2A006CCE9E /* buttonA2H.png */,
				D546294614030F2A006CCE9E /* buttonA3.png */,
				D546294714030F2A006CCE9E /* buttonA3H.png */,
			);
			name = projectsNavigation;
			path = "../../../Desktop/HELIOS/iPad Application/projectsNavigation";
			sourceTree = "<group>";
		};
		D58F613513F5AD2F0081CE9C /* NIBs */ = {
			isa = PBXGroup;
			children = (
				D518B24A13F31773003B93CA /* HeliosAppViewController.xib */,
				D518B24413F31773003B93CA /* MainWindow.xib */,
				D58F613213F5A35A0081CE9C /* GridViewController.xib */,
				D52A64BB13FB1EE000A03E74 /* NickViewController.xib */,
				D555D4EB13FC63A500F41AE8 /* MercedesViewController.xib */,
			);
			name = NIBs;
			sourceTree = "<group>";
		};
		D5F5BD5F13FDB67100AED5AF /* ScrollView - About */ = {
			isa = PBXGroup;
			children = (
				D5F5BD8113FDBA3F00AED5AF /* about0.png */,
				D5F5BD6213FDB67100AED5AF /* about1.png */,
				D5F5BD6313FDB67100AED5AF /* about2.png */,
			);
			name = "ScrollView - About";
			path = "../../../Desktop/HELIOS/iPad Application/ScrollView - About";
			sourceTree = "<group>";
		};
		D5F5BD6513FDB67100AED5AF /* ScrollView - Projects */ = {
			isa = PBXGroup;
			children = (
				D5ADBC84140859370014D9ED /* projectNav.png */,
				D5FD74BC14082B5500412322 /* project6.png */,
				D5FD74BD14082B5500412322 /* project7.png */,
				D5F5BD8713FDC05D00AED5AF /* project1.png */,
				D5F5BD8813FDC05D00AED5AF /* project2.png */,
				D5F5BD6613FDB67100AED5AF /* project0.png */,
				D5787B96140449B5001F7FF3 /* project3.png */,
				D5787B97140449B5001F7FF3 /* project4.png */,
				D5787B9A14044A4D001F7FF3 /* project5.png */,
			);
			name = "ScrollView - Projects";
			path = "../../../Desktop/HELIOS/iPad Application/ScrollView - Projects";
			sourceTree = "<group>";
		};
		D5F5BD6713FDB67100AED5AF /* ScrollView - Tech */ = {
			isa = PBXGroup;
			children = (
				D5F5BD6813FDB67100AED5AF /* tech0.png */,
				D5F5BD6913FDB67100AED5AF /* tech1.png */,
				D5F5BD8513FDBC0C00AED5AF /* tech2.png */,
				D5F5BD6B13FDB67100AED5AF /* tech3.png */,
				D5F5BD6C13FDB67100AED5AF /* tech4.png */,
				D5F5BD8313FDBA8A00AED5AF /* tech5.png */,
			);
			name = "ScrollView - Tech";
			path = "../../../Desktop/HELIOS/iPad Application/ScrollView - Tech";
			sourceTree = "<group>";
		};
		D5F5BD9913FDCF0B00AED5AF /* Grid View Horizontal Tiles */ = {
			isa = PBXGroup;
			children = (
				D5F5BDAA13FDE11B00AED5AF /* p2H.png */,
				D5F5BDA913FDE11B00AED5AF /* p1H.png */,
				D5F5BDAB13FDE11B00AED5AF /* p3H.png */,
				D5F5BDAC13FDE11B00AED5AF /* p4H.png */,
				D5F5BDAD13FDE11B00AED5AF /* p5H.png */,
				D5F5BD9A13FDCF0B00AED5AF /* p1.png */,
				D5F5BD9B13FDCF0B00AED5AF /* p2.png */,
				D5F5BD9C13FDCF0B00AED5AF /* p3.png */,
				D5F5BD9D13FDCF0B00AED5AF /* p4.png */,
				D5F5BD9E13FDCF0B00AED5AF /* p5.png */,
			);
			name = "Grid View Horizontal Tiles";
			path = "../../../Desktop/HELIOS/iPad Application/Grid View Horizontal Tiles";
			sourceTree = "<group>";
		};
		D5F5BDA413FDCF8700AED5AF /* Videos */ = {
			isa = PBXGroup;
			children = (
				D540D1B913FC53B400D0B88F /* mercedes.mov */,
				D540D1B713FC53A500D0B88F /* Agilent_final.mov */,
			);
			name = Videos;
			sourceTree = "<group>";
		};
		D5F5BDCD13FDE95E00AED5AF /* ScrollView - Contact */ = {
			isa = PBXGroup;
			children = (
				D5F5BDCE13FDE95E00AED5AF /* contact0.png */,
			);
			name = "ScrollView - Contact";
			path = "../../../Desktop/HELIOS/iPad Application/ScrollView - Contact";
			sourceTree = "<group>";
		};
		D5FD749714070FEF00412322 /* project_tiles */ = {
			isa = PBXGroup;
			children = (
				D5FD74B414082A3200412322 /* tile6.png */,
				D5FD74B514082A3200412322 /* tile6H.png */,
				D5FD74B614082A3200412322 /* tile7.png */,
				D5FD74B714082A3300412322 /* tile7H.png */,
				D5FD74A4140714D200412322 /* tile1H.png */,
				D5FD74A5140714D200412322 /* tile2H.png */,
				D5FD74A6140714D200412322 /* tile3H.png */,
				D5FD74A7140714D200412322 /* tile4H.png */,
				D5FD74A8140714D200412322 /* tile5H.png */,
				D5FD74A21407126A00412322 /* project_border.png */,
				D5FD749814070FEF00412322 /* tile1.png */,
				D5FD749914070FEF00412322 /* tile2.png */,
				D5FD749A14070FEF00412322 /* tile3.png */,
				D5FD749B14070FEF00412322 /* tile4.png */,
				D5FD749C14070FEF00412322 /* tile5.png */,
			);
			name = project_tiles;
			path = "../../../Desktop/HELIOS/iPad Application/project_tiles";
			sourceTree = "<group>";
		};
/* End PBXGroup section */

/* Begin PBXNativeTarget section */
		D518B22D13F31773003B93CA /* HeliosApp */ = {
			isa = PBXNativeTarget;
			buildConfigurationList = D518B24F13F31773003B93CA /* Build configuration list for PBXNativeTarget "HeliosApp" */;
			buildPhases = (
				D518B22A13F31773003B93CA /* Sources */,
				D518B22B13F31773003B93CA /* Frameworks */,
				D518B22C13F31773003B93CA /* Resources */,
			);
			buildRules = (
			);
			dependencies = (
			);
			name = HeliosApp;
			productName = HeliosApp;
			productReference = D518B22E13F31773003B93CA /* HeliosApp.app */;
			productType = "com.apple.product-type.application";
		};
/* End PBXNativeTarget section */

/* Begin PBXProject section */
		D518B22513F31773003B93CA /* Project object */ = {
			isa = PBXProject;
			attributes = {
				LastUpgradeCheck = 0410;
			};
			buildConfigurationList = D518B22813F31773003B93CA /* Build configuration list for PBXProject "HeliosApp" */;
			compatibilityVersion = "Xcode 3.2";
			developmentRegion = English;
			hasScannedForEncodings = 0;
			knownRegions = (
				en,
			);
			mainGroup = D518B22313F31773003B93CA;
			productRefGroup = D518B22F13F31773003B93CA /* Products */;
			projectDirPath = "";
			projectRoot = "";
			targets = (
				D518B22D13F31773003B93CA /* HeliosApp */,
			);
		};
/* End PBXProject section */

/* Begin PBXResourcesBuildPhase section */
		D518B22C13F31773003B93CA /* Resources */ = {
			isa = PBXResourcesBuildPhase;
			buildActionMask = 2147483647;
			files = (
				D518B23D13F31773003B93CA /* InfoPlist.strings in Resources */,
				D518B24613F31773003B93CA /* MainWindow.xib in Resources */,
				D518B24C13F31773003B93CA /* HeliosAppViewController.xib in Resources */,
				D518B26213F3178D003B93CA /* glass.png in Resources */,
				D518B26913F317EF003B93CA /* icon-black.png in Resources */,
				D518B26B13F31801003B93CA /* Default-Portrait~ipad.png in Resources */,
				D51C1CF913F4A05D0016BDE7 /* button3d.png in Resources */,
				D51C1CFA13F4A05D0016BDE7 /* button3dHighlight.png in Resources */,
				D51C1CFB13F4A05D0016BDE7 /* buttonAR.png in Resources */,
				D51C1CFC13F4A05D0016BDE7 /* buttonARHighlight.png in Resources */,
				D51C1CFF13F4A05D0016BDE7 /* buttonMobile.png in Resources */,
				D51C1D0013F4A05D0016BDE7 /* buttonMobileHighlight.png in Resources */,
				D51C1D0113F4A05D0016BDE7 /* buttonTouch.png in Resources */,
				D51C1D0213F4A05D0016BDE7 /* buttonTouchHighlight.png in Resources */,
				D51C1D0A13F4A6220016BDE7 /* buttonHome.png in Resources */,
				D51C1D0B13F4A6220016BDE7 /* buttonHomeHighlight.png in Resources */,
				D58F613413F5A35A0081CE9C /* GridViewController.xib in Resources */,
				D52A64BD13FB1EE000A03E74 /* NickViewController.xib in Resources */,
				D540D1B813FC53A500D0B88F /* Agilent_final.mov in Resources */,
				D540D1BA13FC53B400D0B88F /* mercedes.mov in Resources */,
				D555D4ED13FC63A500F41AE8 /* MercedesViewController.xib in Resources */,
				D5F5BD7313FDB67200AED5AF /* about1.png in Resources */,
				D5F5BD7413FDB67200AED5AF /* about2.png in Resources */,
				D5F5BD7613FDB67200AED5AF /* project0.png in Resources */,
				D5F5BD7713FDB67200AED5AF /* tech0.png in Resources */,
				D5F5BD7813FDB67200AED5AF /* tech1.png in Resources */,
				D5F5BD7A13FDB67200AED5AF /* tech3.png in Resources */,
				D5F5BD7B13FDB67200AED5AF /* tech4.png in Resources */,
				D5F5BD8213FDBA3F00AED5AF /* about0.png in Resources */,
				D5F5BD8413FDBA8A00AED5AF /* tech5.png in Resources */,
				D5F5BD8613FDBC0D00AED5AF /* tech2.png in Resources */,
				D5F5BD8913FDC05D00AED5AF /* project1.png in Resources */,
				D5F5BD8A13FDC05D00AED5AF /* project2.png in Resources */,
				D5F5BD9F13FDCF0B00AED5AF /* p1.png in Resources */,
				D5F5BDA013FDCF0B00AED5AF /* p2.png in Resources */,
				D5F5BDA113FDCF0B00AED5AF /* p3.png in Resources */,
				D5F5BDA213FDCF0B00AED5AF /* p4.png in Resources */,
				D5F5BDA313FDCF0B00AED5AF /* p5.png in Resources */,
				D5F5BDAE13FDE11B00AED5AF /* p1H.png in Resources */,
				D5F5BDAF13FDE11B00AED5AF /* p2H.png in Resources */,
				D5F5BDB013FDE11B00AED5AF /* p3H.png in Resources */,
				D5F5BDB113FDE11B00AED5AF /* p4H.png in Resources */,
				D5F5BDB213FDE11B00AED5AF /* p5H.png in Resources */,
				D5F5BDB613FDE47700AED5AF /* backgroundMercedes.png in Resources */,
				D5F5BDBA13FDE4C400AED5AF /* glassMask.png in Resources */,
				D5F5BDBC13FDE4DF00AED5AF /* backgroundGrid.png in Resources */,
				D5F5BDC113FDE58600AED5AF /* buttonBack.png in Resources */,
				D5F5BDC213FDE58600AED5AF /* buttonBackHighlight.png in Resources */,
				D5F5BDC313FDE58600AED5AF /* buttonMini.png in Resources */,
				D5F5BDC413FDE58600AED5AF /* buttonMiniHighlight.png in Resources */,
				D5F5BDC613FDE5A500AED5AF /* buttonTile.png in Resources */,
				D5F5BDC813FDE5AB00AED5AF /* buttonList.png in Resources */,
				D5F5BDCF13FDE95E00AED5AF /* contact0.png in Resources */,
				D588621313FF2FFC0089CF61 /* buttonDirections.png in Resources */,
				D588621513FF31E90089CF61 /* buttonDirectionsH.png in Resources */,
				D588621B13FF96870089CF61 /* icon.png in Resources */,
				D54629301402D5B9006CCE9E /* helios2.png in Resources */,
				D54629331402EB7E006CCE9E /* buttonArrow.png in Resources */,
				D54629341402EB7E006CCE9E /* buttonArrowH.png in Resources */,
				D546293E14030832006CCE9E /* buttonT1.png in Resources */,
				D546293F14030832006CCE9E /* buttonT1H.png in Resources */,
				D546294014030832006CCE9E /* buttonT2.png in Resources */,
				D546294114030832006CCE9E /* buttonT2H.png in Resources */,
				D546294214030832006CCE9E /* buttonA1.png in Resources */,
				D546294314030832006CCE9E /* buttonA1H.png in Resources */,
				D546294814030F2A006CCE9E /* buttonA2.png in Resources */,
				D546294914030F2A006CCE9E /* buttonA2H.png in Resources */,
				D546294A14030F2A006CCE9E /* buttonA3.png in Resources */,
				D546294B14030F2A006CCE9E /* buttonA3H.png in Resources */,
				D5787B98140449B5001F7FF3 /* project3.png in Resources */,
				D5787B99140449B5001F7FF3 /* project4.png in Resources */,
				D5787B9B14044A4D001F7FF3 /* project5.png in Resources */,
				D5787B9E14044F19001F7FF3 /* buttonPlay.png in Resources */,
				D5787B9F14044F19001F7FF3 /* buttonPlayH.png in Resources */,
				D5FD749D14070FEF00412322 /* tile1.png in Resources */,
				D5FD749E14070FEF00412322 /* tile2.png in Resources */,
				D5FD749F14070FEF00412322 /* tile3.png in Resources */,
				D5FD74A014070FEF00412322 /* tile4.png in Resources */,
				D5FD74A114070FEF00412322 /* tile5.png in Resources */,
				D5FD74A31407126A00412322 /* project_border.png in Resources */,
				D5FD74A9140714D200412322 /* tile1H.png in Resources */,
				D5FD74AA140714D200412322 /* tile2H.png in Resources */,
				D5FD74AB140714D200412322 /* tile3H.png in Resources */,
				D5FD74AC140714D200412322 /* tile4H.png in Resources */,
				D5FD74AD140714D200412322 /* tile5H.png in Resources */,
				D5FD74AF140817B500412322 /* projects.plist in Resources */,
				D5FD74B814082A3300412322 /* tile6.png in Resources */,
				D5FD74B914082A3300412322 /* tile6H.png in Resources */,
				D5FD74BA14082A3300412322 /* tile7.png in Resources */,
				D5FD74BB14082A3300412322 /* tile7H.png in Resources */,
				D5FD74BE14082B5500412322 /* project6.png in Resources */,
				D5FD74BF14082B5500412322 /* project7.png in Resources */,
				D5ADBC7614084C5C0014D9ED /* buttonNavH.png in Resources */,
				D5ADBC7714084C5C0014D9ED /* buttonNavigation.png in Resources */,
				D5ADBC7F140855700014D9ED /* background.png in Resources */,
				D5ADBC82140858380014D9ED /* buttonNavBackH.png in Resources */,
				D5ADBC83140858380014D9ED /* buttonNavBack.png in Resources */,
				D5ADBC85140859370014D9ED /* projectNav.png in Resources */,
				D50EF24D140C305B00D7C0DA /* buttonAll.png in Resources */,
				D50EF24E140C305B00D7C0DA /* buttonAllH.png in Resources */,
				D50EF256140C307600D7C0DA /* buttonAugmented.png in Resources */,
				D50EF257140C307600D7C0DA /* buttonAugmentedH.png in Resources */,
				D50EF258140C307600D7C0DA /* buttonTouchInterface.png in Resources */,
				D50EF259140C307600D7C0DA /* buttonTouchInterfaceH.png in Resources */,
				D50EF25A140C307600D7C0DA /* buttonTracking.png in Resources */,
				D50EF25B140C307600D7C0DA /* buttonTrackingH.png in Resources */,
				D50EF260140C567200D7C0DA /* navIntel.png in Resources */,
				D50EF261140C567200D7C0DA /* navIntelH.png in Resources */,
				D50EF264140C5AD800D7C0DA /* navMerc.png in Resources */,
				D50EF265140C5AD800D7C0DA /* navMercH.png in Resources */,
				D50EF268140C5F1000D7C0DA /* navYahoo.png in Resources */,
				D50EF269140C5F1000D7C0DA /* navYahooH.png in Resources */,
				D50EF26C140C608700D7C0DA /* navCoraline.png in Resources */,
				D50EF26D140C608700D7C0DA /* navCoralineH.png in Resources */,
			);
			runOnlyForDeploymentPostprocessing = 0;
		};
/* End PBXResourcesBuildPhase section */

/* Begin PBXSourcesBuildPhase section */
		D518B22A13F31773003B93CA /* Sources */ = {
			isa = PBXSourcesBuildPhase;
			buildActionMask = 2147483647;
			files = (
				D518B23F13F31773003B93CA /* main.m in Sources */,
				D518B24313F31773003B93CA /* HeliosAppAppDelegate.m in Sources */,
				D518B24913F31773003B93CA /* HeliosAppViewController.m in Sources */,
				D58F612E13F5A0C00081CE9C /* SwitchViewController.m in Sources */,
				D58F613313F5A35A0081CE9C /* GridViewController.m in Sources */,
				D52A64BC13FB1EE000A03E74 /* NickViewController.m in Sources */,
				D555D4EC13FC63A500F41AE8 /* MercedesViewController.m in Sources */,
				D5F5BDDE13FF0AE300AED5AF /* MapViewAnnotation.m in Sources */,
				D589F6471406DECA00598956 /* EasyTableView.m in Sources */,
			);
			runOnlyForDeploymentPostprocessing = 0;
		};
/* End PBXSourcesBuildPhase section */

/* Begin PBXVariantGroup section */
		D518B23B13F31773003B93CA /* InfoPlist.strings */ = {
			isa = PBXVariantGroup;
			children = (
				D518B23C13F31773003B93CA /* en */,
			);
			name = InfoPlist.strings;
			sourceTree = "<group>";
		};
		D518B24413F31773003B93CA /* MainWindow.xib */ = {
			isa = PBXVariantGroup;
			children = (
				D518B24513F31773003B93CA /* en */,
			);
			name = MainWindow.xib;
			sourceTree = "<group>";
		};
		D518B24A13F31773003B93CA /* HeliosAppViewController.xib */ = {
			isa = PBXVariantGroup;
			children = (
				D518B24B13F31773003B93CA /* en */,
			);
			name = HeliosAppViewController.xib;
			sourceTree = "<group>";
		};
/* End PBXVariantGroup section */

/* Begin XCBuildConfiguration section */
		D518B24D13F31773003B93CA /* Debug */ = {
			isa = XCBuildConfiguration;
			buildSettings = {
				ALWAYS_SEARCH_USER_PATHS = NO;
				ARCHS = "$(ARCHS_UNIVERSAL_IPHONE_OS)";
				"CODE_SIGN_IDENTITY[sdk=iphoneos*]" = "iPhone Developer";
				COPY_PHASE_STRIP = NO;
				GCC_C_LANGUAGE_STANDARD = gnu99;
				GCC_DYNAMIC_NO_PIC = NO;
				GCC_OPTIMIZATION_LEVEL = 0;
				GCC_PREPROCESSOR_DEFINITIONS = (
					"DEBUG=1",
					"$(inherited)",
				);
				GCC_SYMBOLS_PRIVATE_EXTERN = NO;
				GCC_VERSION = com.apple.compilers.llvmgcc42;
				GCC_WARN_ABOUT_MISSING_PROTOTYPES = YES;
				GCC_WARN_ABOUT_RETURN_TYPE = YES;
				GCC_WARN_UNUSED_VARIABLE = YES;
				IPHONEOS_DEPLOYMENT_TARGET = 4.3;
				SDKROOT = iphoneos;
				TARGETED_DEVICE_FAMILY = 2;
			};
			name = Debug;
		};
		D518B24E13F31773003B93CA /* Release */ = {
			isa = XCBuildConfiguration;
			buildSettings = {
				ALWAYS_SEARCH_USER_PATHS = NO;
				ARCHS = "$(ARCHS_UNIVERSAL_IPHONE_OS)";
				"CODE_SIGN_IDENTITY[sdk=iphoneos*]" = "iPhone Developer";
				COPY_PHASE_STRIP = YES;
				GCC_C_LANGUAGE_STANDARD = gnu99;
				GCC_VERSION = com.apple.compilers.llvmgcc42;
				GCC_WARN_ABOUT_MISSING_PROTOTYPES = YES;
				GCC_WARN_ABOUT_RETURN_TYPE = YES;
				GCC_WARN_UNUSED_VARIABLE = YES;
				IPHONEOS_DEPLOYMENT_TARGET = 4.3;
				OTHER_CFLAGS = "-DNS_BLOCK_ASSERTIONS=1";
				SDKROOT = iphoneos;
				TARGETED_DEVICE_FAMILY = 2;
				VALIDATE_PRODUCT = YES;
			};
			name = Release;
		};
		D518B25013F31773003B93CA /* Debug */ = {
			isa = XCBuildConfiguration;
			buildSettings = {
				GCC_PRECOMPILE_PREFIX_HEADER = YES;
				GCC_PREFIX_HEADER = "HeliosApp/HeliosApp-Prefix.pch";
				INFOPLIST_FILE = "HeliosApp/HeliosApp-Info.plist";
				PRODUCT_NAME = "$(TARGET_NAME)";
				WRAPPER_EXTENSION = app;
			};
			name = Debug;
		};
		D518B25113F31773003B93CA /* Release */ = {
			isa = XCBuildConfiguration;
			buildSettings = {
				GCC_PRECOMPILE_PREFIX_HEADER = YES;
				GCC_PREFIX_HEADER = "HeliosApp/HeliosApp-Prefix.pch";
				INFOPLIST_FILE = "HeliosApp/HeliosApp-Info.plist";
				PRODUCT_NAME = "$(TARGET_NAME)";
				WRAPPER_EXTENSION = app;
			};
			name = Release;
		};
/* End XCBuildConfiguration section */

/* Begin XCConfigurationList section */
		D518B22813F31773003B93CA /* Build configuration list for PBXProject "HeliosApp" */ = {
			isa = XCConfigurationList;
			buildConfigurations = (
				D518B24D13F31773003B93CA /* Debug */,
				D518B24E13F31773003B93CA /* Release */,
			);
			defaultConfigurationIsVisible = 0;
			defaultConfigurationName = Release;
		};
		D518B24F13F31773003B93CA /* Build configuration list for PBXNativeTarget "HeliosApp" */ = {
			isa = XCConfigurationList;
			buildConfigurations = (
				D518B25013F31773003B93CA /* Debug */,
				D518B25113F31773003B93CA /* Release */,
			);
			defaultConfigurationIsVisible = 0;
			defaultConfigurationName = Release;
		};
/* End XCConfigurationList section */
	};
	rootObject = D518B22513F31773003B93CA /* Project object */;
}
