// !$*UTF8*$!
{
	archiveVersion = 1;
	classes = {
	};
	objectVersion = 46;
	objects = {

/* Begin PBXBuildFile section */
		D518B23313F31773003B93CA /* UIKit.framework in Frameworks */ = {isa = PBXBuildFile; fileRef = D518B23213F31773003B93CA /* UIKit.framework */; };
		D518B23513F31773003B93CA /* Foundation.framework in Frameworks */ = {isa = PBXBuildFile; fileRef = D518B23413F31773003B93CA /* Foundation.framework */; };
		D518B23713F31773003B93CA /* CoreGraphics.framework in Frameworks */ = {isa = PBXBuildFile; fileRef = D518B23613F31773003B93CA /* CoreGraphics.framework */; };
		D518B23D13F31773003B93CA /* InfoPlist.strings in Resources */ = {isa = PBXBuildFile; fileRef = D518B23B13F31773003B93CA /* InfoPlist.strings */; };
		D518B23F13F31773003B93CA /* main.m in Sources */ = {isa = PBXBuildFile; fileRef = D518B23E13F31773003B93CA /* main.m */; };
		D518B24313F31773003B93CA /* HeliosAppDelegate.m in Sources */ = {isa = PBXBuildFile; fileRef = D518B24213F31773003B93CA /* HeliosAppDelegate.m */; };
		D518B24613F31773003B93CA /* MainWindow.xib in Resources */ = {isa = PBXBuildFile; fileRef = D518B24413F31773003B93CA /* MainWindow.xib */; };
		D518B24913F31773003B93CA /* HeliosViewController.m in Sources */ = {isa = PBXBuildFile; fileRef = D518B24813F31773003B93CA /* HeliosViewController.m */; };
		D518B24C13F31773003B93CA /* HeliosViewController.xib in Resources */ = {isa = PBXBuildFile; fileRef = D518B24A13F31773003B93CA /* HeliosViewController.xib */; };
		D518B26213F3178D003B93CA /* glass.png in Resources */ = {isa = PBXBuildFile; fileRef = D518B25713F3178D003B93CA /* glass.png */; };
		D518B26913F317EF003B93CA /* icon-black.png in Resources */ = {isa = PBXBuildFile; fileRef = D518B26813F317EF003B93CA /* icon-black.png */; };
		D518B26B13F31801003B93CA /* Default-Portrait~ipad.png in Resources */ = {isa = PBXBuildFile; fileRef = D518B26A13F31801003B93CA /* Default-Portrait~ipad.png */; };
		D518B27A13F34C89003B93CA /* QuartzCore.framework in Frameworks */ = {isa = PBXBuildFile; fileRef = D518B27913F34C89003B93CA /* QuartzCore.framework */; };
		D540D1B413FC507B00D0B88F /* MediaPlayer.framework in Frameworks */ = {isa = PBXBuildFile; fileRef = D540D1B313FC507B00D0B88F /* MediaPlayer.framework */; };
		D540D1B813FC53A500D0B88F /* Agilent_final.mov in Resources */ = {isa = PBXBuildFile; fileRef = D540D1B713FC53A500D0B88F /* Agilent_final.mov */; };
		D540D1BA13FC53B400D0B88F /* mercedes.mov in Resources */ = {isa = PBXBuildFile; fileRef = D540D1B913FC53B400D0B88F /* mercedes.mov */; };
		D54629301402D5B9006CCE9E /* helios2.png in Resources */ = {isa = PBXBuildFile; fileRef = D546292F1402D5B9006CCE9E /* helios2.png */; };
		D5505E5F14102F50002D3306 /* buttonGesture.png in Resources */ = {isa = PBXBuildFile; fileRef = D5505E5D14102F50002D3306 /* buttonGesture.png */; };
		D5505E6014102F50002D3306 /* buttonGestureH.png in Resources */ = {isa = PBXBuildFile; fileRef = D5505E5E14102F50002D3306 /* buttonGestureH.png */; };
		D588620F13FF1BE90089CF61 /* CoreLocation.framework in Frameworks */ = {isa = PBXBuildFile; fileRef = D588620E13FF1BE90089CF61 /* CoreLocation.framework */; };
		D588621B13FF96870089CF61 /* icon.png in Resources */ = {isa = PBXBuildFile; fileRef = D588621A13FF96870089CF61 /* icon.png */; };
		D589F6471406DECA00598956 /* EasyTableView.m in Sources */ = {isa = PBXBuildFile; fileRef = D589F6461406DECA00598956 /* EasyTableView.m */; };
		D5A43A10141199F900011314 /* MWPhotoBrowser.m in Sources */ = {isa = PBXBuildFile; fileRef = D5A43A0B141199F900011314 /* MWPhotoBrowser.m */; };
		D5A43A11141199F900011314 /* MWPhoto.m in Sources */ = {isa = PBXBuildFile; fileRef = D5A43A0D141199F900011314 /* MWPhoto.m */; };
		D5A43A12141199F900011314 /* ZoomingScrollView.m in Sources */ = {isa = PBXBuildFile; fileRef = D5A43A0F141199F900011314 /* ZoomingScrollView.m */; };
		D5A43A1914119A4A00011314 /* UIImageViewTap.m in Sources */ = {isa = PBXBuildFile; fileRef = D5A43A1614119A4A00011314 /* UIImageViewTap.m */; };
		D5A43A1A14119A4A00011314 /* UIViewTap.m in Sources */ = {isa = PBXBuildFile; fileRef = D5A43A1814119A4A00011314 /* UIViewTap.m */; };
		D5A43A1D14119A5900011314 /* UIImage+Decompress.m in Sources */ = {isa = PBXBuildFile; fileRef = D5A43A1C14119A5900011314 /* UIImage+Decompress.m */; };
		D5A43A2414119A9400011314 /* UIBarButtonItemArrowLeft.png in Resources */ = {isa = PBXBuildFile; fileRef = D5A43A2014119A9400011314 /* UIBarButtonItemArrowLeft.png */; };
		D5A43A2514119A9400011314 /* UIBarButtonItemArrowLeft@2x.png in Resources */ = {isa = PBXBuildFile; fileRef = D5A43A2114119A9400011314 /* UIBarButtonItemArrowLeft@2x.png */; };
		D5A43A2614119A9400011314 /* UIBarButtonItemArrowRight.png in Resources */ = {isa = PBXBuildFile; fileRef = D5A43A2214119A9400011314 /* UIBarButtonItemArrowRight.png */; };
		D5A43A2714119A9400011314 /* UIBarButtonItemArrowRight@2x.png in Resources */ = {isa = PBXBuildFile; fileRef = D5A43A2314119A9400011314 /* UIBarButtonItemArrowRight@2x.png */; };
		D5DECBDE14100A5D002CBB9A /* Coraline_proj.mov in Resources */ = {isa = PBXBuildFile; fileRef = D5DECBD814100A5D002CBB9A /* Coraline_proj.mov */; };
		D5DECBE014100A5D002CBB9A /* Navy.mov in Resources */ = {isa = PBXBuildFile; fileRef = D5DECBDA14100A5D002CBB9A /* Navy.mov */; };
		D5DECBE114100A5D002CBB9A /* vampires.mov in Resources */ = {isa = PBXBuildFile; fileRef = D5DECBDB14100A5D002CBB9A /* vampires.mov */; };
		D5DECBE214100A5D002CBB9A /* VH1_proj.mov in Resources */ = {isa = PBXBuildFile; fileRef = D5DECBDC14100A5D002CBB9A /* VH1_proj.mov */; };
		D5DECBE314100A5D002CBB9A /* yahoo.mov in Resources */ = {isa = PBXBuildFile; fileRef = D5DECBDD14100A5D002CBB9A /* yahoo.mov */; };
		D5DECC52141028FD002CBB9A /* scrollview_pages.psd alias in Resources */ = {isa = PBXBuildFile; fileRef = D5DECBE6141028F9002CBB9A /* scrollview_pages.psd alias */; };
		D5DECC53141028FD002CBB9A /* buttonDirections.png in Resources */ = {isa = PBXBuildFile; fileRef = D5DECBE9141028FA002CBB9A /* buttonDirections.png */; };
		D5DECC54141028FD002CBB9A /* buttonDirectionsH.png in Resources */ = {isa = PBXBuildFile; fileRef = D5DECBEA141028FA002CBB9A /* buttonDirectionsH.png */; };
		D5DECC55141028FD002CBB9A /* contact0.png in Resources */ = {isa = PBXBuildFile; fileRef = D5DECBEB141028FA002CBB9A /* contact0.png */; };
		D5DECC56141028FD002CBB9A /* tile1.png in Resources */ = {isa = PBXBuildFile; fileRef = D5DECBEE141028FC002CBB9A /* tile1.png */; };
		D5DECC57141028FD002CBB9A /* tile1H.png in Resources */ = {isa = PBXBuildFile; fileRef = D5DECBEF141028FC002CBB9A /* tile1H.png */; };
		D5DECC58141028FD002CBB9A /* tile2.png in Resources */ = {isa = PBXBuildFile; fileRef = D5DECBF0141028FC002CBB9A /* tile2.png */; };
		D5DECC59141028FD002CBB9A /* tile2H.png in Resources */ = {isa = PBXBuildFile; fileRef = D5DECBF1141028FC002CBB9A /* tile2H.png */; };
		D5DECC5A141028FD002CBB9A /* tile3.png in Resources */ = {isa = PBXBuildFile; fileRef = D5DECBF2141028FC002CBB9A /* tile3.png */; };
		D5DECC5B141028FD002CBB9A /* tile3H.png in Resources */ = {isa = PBXBuildFile; fileRef = D5DECBF3141028FC002CBB9A /* tile3H.png */; };
		D5DECC5C141028FD002CBB9A /* tile4.png in Resources */ = {isa = PBXBuildFile; fileRef = D5DECBF4141028FC002CBB9A /* tile4.png */; };
		D5DECC5D141028FD002CBB9A /* tile4H.png in Resources */ = {isa = PBXBuildFile; fileRef = D5DECBF5141028FC002CBB9A /* tile4H.png */; };
		D5DECC5E141028FD002CBB9A /* tile5.png in Resources */ = {isa = PBXBuildFile; fileRef = D5DECBF6141028FC002CBB9A /* tile5.png */; };
		D5DECC5F141028FD002CBB9A /* tile5H.png in Resources */ = {isa = PBXBuildFile; fileRef = D5DECBF7141028FC002CBB9A /* tile5H.png */; };
		D5DECC60141028FD002CBB9A /* tile6.png in Resources */ = {isa = PBXBuildFile; fileRef = D5DECBF8141028FC002CBB9A /* tile6.png */; };
		D5DECC61141028FD002CBB9A /* tile6H.png in Resources */ = {isa = PBXBuildFile; fileRef = D5DECBF9141028FC002CBB9A /* tile6H.png */; };
		D5DECC62141028FD002CBB9A /* tile7.png in Resources */ = {isa = PBXBuildFile; fileRef = D5DECBFA141028FC002CBB9A /* tile7.png */; };
		D5DECC63141028FD002CBB9A /* tile7H.png in Resources */ = {isa = PBXBuildFile; fileRef = D5DECBFB141028FC002CBB9A /* tile7H.png */; };
		D5DECC65141028FD002CBB9A /* buttonNavProjectTiles.png in Resources */ = {isa = PBXBuildFile; fileRef = D5DECBFE141028FC002CBB9A /* buttonNavProjectTiles.png */; };
		D5DECC66141028FD002CBB9A /* navCoraline.png in Resources */ = {isa = PBXBuildFile; fileRef = D5DECBFF141028FC002CBB9A /* navCoraline.png */; };
		D5DECC67141028FD002CBB9A /* navCoralineH.png in Resources */ = {isa = PBXBuildFile; fileRef = D5DECC00141028FC002CBB9A /* navCoralineH.png */; };
		D5DECC68141028FD002CBB9A /* navExpo.png in Resources */ = {isa = PBXBuildFile; fileRef = D5DECC01141028FC002CBB9A /* navExpo.png */; };
		D5DECC69141028FD002CBB9A /* navExpoH.png in Resources */ = {isa = PBXBuildFile; fileRef = D5DECC02141028FC002CBB9A /* navExpoH.png */; };
		D5DECC6A141028FD002CBB9A /* navIntel.png in Resources */ = {isa = PBXBuildFile; fileRef = D5DECC03141028FC002CBB9A /* navIntel.png */; };
		D5DECC6B141028FD002CBB9A /* navIntelH.png in Resources */ = {isa = PBXBuildFile; fileRef = D5DECC04141028FC002CBB9A /* navIntelH.png */; };
		D5DECC6C141028FD002CBB9A /* navMerc.png in Resources */ = {isa = PBXBuildFile; fileRef = D5DECC05141028FC002CBB9A /* navMerc.png */; };
		D5DECC6D141028FD002CBB9A /* navMercH.png in Resources */ = {isa = PBXBuildFile; fileRef = D5DECC06141028FC002CBB9A /* navMercH.png */; };
		D5DECC6E141028FD002CBB9A /* navMini.png in Resources */ = {isa = PBXBuildFile; fileRef = D5DECC07141028FC002CBB9A /* navMini.png */; };
		D5DECC6F141028FD002CBB9A /* navMiniH.png in Resources */ = {isa = PBXBuildFile; fileRef = D5DECC08141028FC002CBB9A /* navMiniH.png */; };
		D5DECC70141028FD002CBB9A /* navNavy.png in Resources */ = {isa = PBXBuildFile; fileRef = D5DECC09141028FC002CBB9A /* navNavy.png */; };
		D5DECC71141028FD002CBB9A /* navNavyH.png in Resources */ = {isa = PBXBuildFile; fileRef = D5DECC0A141028FC002CBB9A /* navNavyH.png */; };
		D5DECC72141028FD002CBB9A /* navSprint.png in Resources */ = {isa = PBXBuildFile; fileRef = D5DECC0B141028FC002CBB9A /* navSprint.png */; };
		D5DECC73141028FD002CBB9A /* navSprintH.png in Resources */ = {isa = PBXBuildFile; fileRef = D5DECC0C141028FC002CBB9A /* navSprintH.png */; };
		D5DECC74141028FD002CBB9A /* navVampire.png in Resources */ = {isa = PBXBuildFile; fileRef = D5DECC0D141028FC002CBB9A /* navVampire.png */; };
		D5DECC75141028FD002CBB9A /* navVampireH.png in Resources */ = {isa = PBXBuildFile; fileRef = D5DECC0E141028FC002CBB9A /* navVampireH.png */; };
		D5DECC76141028FD002CBB9A /* navVH1.png in Resources */ = {isa = PBXBuildFile; fileRef = D5DECC0F141028FC002CBB9A /* navVH1.png */; };
		D5DECC77141028FD002CBB9A /* navVH1H.png in Resources */ = {isa = PBXBuildFile; fileRef = D5DECC10141028FC002CBB9A /* navVH1H.png */; };
		D5DECC78141028FD002CBB9A /* navYahoo.png in Resources */ = {isa = PBXBuildFile; fileRef = D5DECC11141028FC002CBB9A /* navYahoo.png */; };
		D5DECC79141028FD002CBB9A /* navYahooH.png in Resources */ = {isa = PBXBuildFile; fileRef = D5DECC12141028FC002CBB9A /* navYahooH.png */; };
		D5DECC7B141028FD002CBB9A /* buttonMini.png in Resources */ = {isa = PBXBuildFile; fileRef = D5DECC15141028FC002CBB9A /* buttonMini.png */; };
		D5DECC7C141028FD002CBB9A /* buttonMiniHighlight.png in Resources */ = {isa = PBXBuildFile; fileRef = D5DECC16141028FC002CBB9A /* buttonMiniHighlight.png */; };
		D5DECC7D141028FD002CBB9A /* buttonPlay.png in Resources */ = {isa = PBXBuildFile; fileRef = D5DECC17141028FC002CBB9A /* buttonPlay.png */; };
		D5DECC7E141028FD002CBB9A /* buttonPlayH.png in Resources */ = {isa = PBXBuildFile; fileRef = D5DECC18141028FC002CBB9A /* buttonPlayH.png */; };
		D5DECC7F141028FD002CBB9A /* buttonAll.png in Resources */ = {isa = PBXBuildFile; fileRef = D5DECC1A141028FC002CBB9A /* buttonAll.png */; };
		D5DECC80141028FD002CBB9A /* buttonAllH.png in Resources */ = {isa = PBXBuildFile; fileRef = D5DECC1B141028FC002CBB9A /* buttonAllH.png */; };
		D5DECC81141028FD002CBB9A /* buttonAugmented.png in Resources */ = {isa = PBXBuildFile; fileRef = D5DECC1C141028FC002CBB9A /* buttonAugmented.png */; };
		D5DECC82141028FD002CBB9A /* buttonAugmentedH.png in Resources */ = {isa = PBXBuildFile; fileRef = D5DECC1D141028FC002CBB9A /* buttonAugmentedH.png */; };
		D5DECC83141028FD002CBB9A /* buttonNavBack.png in Resources */ = {isa = PBXBuildFile; fileRef = D5DECC1E141028FC002CBB9A /* buttonNavBack.png */; };
		D5DECC84141028FD002CBB9A /* buttonNavBackH.png in Resources */ = {isa = PBXBuildFile; fileRef = D5DECC1F141028FC002CBB9A /* buttonNavBackH.png */; };
		D5DECC85141028FD002CBB9A /* buttonNavH.png in Resources */ = {isa = PBXBuildFile; fileRef = D5DECC20141028FC002CBB9A /* buttonNavH.png */; };
		D5DECC86141028FD002CBB9A /* buttonNavigation.png in Resources */ = {isa = PBXBuildFile; fileRef = D5DECC21141028FC002CBB9A /* buttonNavigation.png */; };
		D5DECC87141028FD002CBB9A /* buttonTouchInterface.png in Resources */ = {isa = PBXBuildFile; fileRef = D5DECC22141028FC002CBB9A /* buttonTouchInterface.png */; };
		D5DECC88141028FD002CBB9A /* buttonTouchInterfaceH.png in Resources */ = {isa = PBXBuildFile; fileRef = D5DECC23141028FC002CBB9A /* buttonTouchInterfaceH.png */; };
		D5DECC89141028FD002CBB9A /* buttonTracking.png in Resources */ = {isa = PBXBuildFile; fileRef = D5DECC24141028FC002CBB9A /* buttonTracking.png */; };
		D5DECC8A141028FD002CBB9A /* buttonTrackingH.png in Resources */ = {isa = PBXBuildFile; fileRef = D5DECC25141028FC002CBB9A /* buttonTrackingH.png */; };
		D5DECC8B141028FD002CBB9A /* project0.png in Resources */ = {isa = PBXBuildFile; fileRef = D5DECC27141028FC002CBB9A /* project0.png */; };
		D5DECC8C141028FD002CBB9A /* project1.png in Resources */ = {isa = PBXBuildFile; fileRef = D5DECC28141028FC002CBB9A /* project1.png */; };
		D5DECC8D141028FD002CBB9A /* project10.png in Resources */ = {isa = PBXBuildFile; fileRef = D5DECC29141028FC002CBB9A /* project10.png */; };
		D5DECC8E141028FD002CBB9A /* project2.png in Resources */ = {isa = PBXBuildFile; fileRef = D5DECC2A141028FC002CBB9A /* project2.png */; };
		D5DECC8F141028FD002CBB9A /* project3.png in Resources */ = {isa = PBXBuildFile; fileRef = D5DECC2B141028FC002CBB9A /* project3.png */; };
		D5DECC90141028FD002CBB9A /* project4.png in Resources */ = {isa = PBXBuildFile; fileRef = D5DECC2C141028FC002CBB9A /* project4.png */; };
		D5DECC91141028FD002CBB9A /* project5.png in Resources */ = {isa = PBXBuildFile; fileRef = D5DECC2D141028FC002CBB9A /* project5.png */; };
		D5DECC92141028FD002CBB9A /* project6.png in Resources */ = {isa = PBXBuildFile; fileRef = D5DECC2E141028FC002CBB9A /* project6.png */; };
		D5DECC93141028FD002CBB9A /* project7.png in Resources */ = {isa = PBXBuildFile; fileRef = D5DECC2F141028FC002CBB9A /* project7.png */; };
		D5DECC94141028FD002CBB9A /* project8.png in Resources */ = {isa = PBXBuildFile; fileRef = D5DECC30141028FC002CBB9A /* project8.png */; };
		D5DECC95141028FD002CBB9A /* project9.png in Resources */ = {isa = PBXBuildFile; fileRef = D5DECC31141028FC002CBB9A /* project9.png */; };
		D5DECC96141028FD002CBB9A /* projectNav.png in Resources */ = {isa = PBXBuildFile; fileRef = D5DECC32141028FC002CBB9A /* projectNav.png */; };
		D5DECC9C141028FD002CBB9A /* tech0.png in Resources */ = {isa = PBXBuildFile; fileRef = D5DECC3B141028FD002CBB9A /* tech0.png */; };
		D5DECC9D141028FD002CBB9A /* tech1.png in Resources */ = {isa = PBXBuildFile; fileRef = D5DECC3C141028FD002CBB9A /* tech1.png */; };
		D5DECC9E141028FD002CBB9A /* tech2 in Resources */ = {isa = PBXBuildFile; fileRef = D5DECC3D141028FD002CBB9A /* tech2 */; };
		D5DECC9F141028FD002CBB9A /* tech2.png in Resources */ = {isa = PBXBuildFile; fileRef = D5DECC3E141028FD002CBB9A /* tech2.png */; };
		D5DECCA0141028FD002CBB9A /* tech3.png in Resources */ = {isa = PBXBuildFile; fileRef = D5DECC3F141028FD002CBB9A /* tech3.png */; };
		D5DECCA1141028FD002CBB9A /* tech4.png in Resources */ = {isa = PBXBuildFile; fileRef = D5DECC40141028FD002CBB9A /* tech4.png */; };
		D5DECCA2141028FD002CBB9A /* tech5.png in Resources */ = {isa = PBXBuildFile; fileRef = D5DECC41141028FD002CBB9A /* tech5.png */; };
		D5DECCA4141028FD002CBB9A /* button3d.png in Resources */ = {isa = PBXBuildFile; fileRef = D5DECC44141028FD002CBB9A /* button3d.png */; };
		D5DECCA5141028FD002CBB9A /* button3dHighlight.png in Resources */ = {isa = PBXBuildFile; fileRef = D5DECC45141028FD002CBB9A /* button3dHighlight.png */; };
		D5DECCA6141028FD002CBB9A /* buttonAR.png in Resources */ = {isa = PBXBuildFile; fileRef = D5DECC46141028FD002CBB9A /* buttonAR.png */; };
		D5DECCA7141028FD002CBB9A /* buttonARHighlight.png in Resources */ = {isa = PBXBuildFile; fileRef = D5DECC47141028FD002CBB9A /* buttonARHighlight.png */; };
		D5DECCA8141028FD002CBB9A /* buttonHowItWorks.png in Resources */ = {isa = PBXBuildFile; fileRef = D5DECC48141028FD002CBB9A /* buttonHowItWorks.png */; };
		D5DECCA9141028FD002CBB9A /* buttonHowItWorksHighlight.png in Resources */ = {isa = PBXBuildFile; fileRef = D5DECC49141028FD002CBB9A /* buttonHowItWorksHighlight.png */; };
		D5DECCAA141028FD002CBB9A /* buttonMobile.png in Resources */ = {isa = PBXBuildFile; fileRef = D5DECC4A141028FD002CBB9A /* buttonMobile.png */; };
		D5DECCAB141028FD002CBB9A /* buttonMobileHighlight.png in Resources */ = {isa = PBXBuildFile; fileRef = D5DECC4B141028FD002CBB9A /* buttonMobileHighlight.png */; };
		D5DECCAC141028FD002CBB9A /* buttonTouch.png in Resources */ = {isa = PBXBuildFile; fileRef = D5DECC4C141028FD002CBB9A /* buttonTouch.png */; };
		D5DECCAD141028FD002CBB9A /* buttonTouchHighlight.png in Resources */ = {isa = PBXBuildFile; fileRef = D5DECC4D141028FD002CBB9A /* buttonTouchHighlight.png */; };
		D5DECCAE141028FD002CBB9A /* buttonWhatWeBring.png in Resources */ = {isa = PBXBuildFile; fileRef = D5DECC4E141028FD002CBB9A /* buttonWhatWeBring.png */; };
		D5DECCAF141028FD002CBB9A /* buttonWhatWeBringHighlight.png in Resources */ = {isa = PBXBuildFile; fileRef = D5DECC4F141028FD002CBB9A /* buttonWhatWeBringHighlight.png */; };
		D5DECCB0141028FD002CBB9A /* buttonWhatWeDo.png in Resources */ = {isa = PBXBuildFile; fileRef = D5DECC50141028FD002CBB9A /* buttonWhatWeDo.png */; };
		D5DECCB1141028FD002CBB9A /* buttonWhatWeDoHighlight.png in Resources */ = {isa = PBXBuildFile; fileRef = D5DECC51141028FD002CBB9A /* buttonWhatWeDoHighlight.png */; };
		D5DECCB614102947002CBB9A /* about0.png in Resources */ = {isa = PBXBuildFile; fileRef = D5DECCB314102947002CBB9A /* about0.png */; };
		D5DECCB714102947002CBB9A /* about1.png in Resources */ = {isa = PBXBuildFile; fileRef = D5DECCB414102947002CBB9A /* about1.png */; };
		D5DECCB814102947002CBB9A /* about2.png in Resources */ = {isa = PBXBuildFile; fileRef = D5DECCB514102947002CBB9A /* about2.png */; };
		D5DECCBB141029CD002CBB9A /* background.png in Resources */ = {isa = PBXBuildFile; fileRef = D5DECCBA141029CD002CBB9A /* background.png */; };
		D5DECCBE14102A11002CBB9A /* glassMask.png in Resources */ = {isa = PBXBuildFile; fileRef = D5DECCBD14102A11002CBB9A /* glassMask.png */; };
		D5DECCC414102A80002CBB9A /* buttonArrow.png in Resources */ = {isa = PBXBuildFile; fileRef = D5DECCC014102A80002CBB9A /* buttonArrow.png */; };
		D5DECCC514102A80002CBB9A /* buttonArrowH.png in Resources */ = {isa = PBXBuildFile; fileRef = D5DECCC114102A80002CBB9A /* buttonArrowH.png */; };
		D5DECCC614102A80002CBB9A /* buttonHome.png in Resources */ = {isa = PBXBuildFile; fileRef = D5DECCC214102A80002CBB9A /* buttonHome.png */; };
		D5DECCC714102A80002CBB9A /* buttonHomeHighlight.png in Resources */ = {isa = PBXBuildFile; fileRef = D5DECCC314102A80002CBB9A /* buttonHomeHighlight.png */; };
		D5F5BDD113FEE18D00AED5AF /* MapKit.framework in Frameworks */ = {isa = PBXBuildFile; fileRef = D5F5BDD013FEE18D00AED5AF /* MapKit.framework */; };
		D5F5BDDE13FF0AE300AED5AF /* MapViewAnnotation.m in Sources */ = {isa = PBXBuildFile; fileRef = D5F5BDDD13FF0AE100AED5AF /* MapViewAnnotation.m */; };
		D5FD74AF140817B500412322 /* projects.plist in Resources */ = {isa = PBXBuildFile; fileRef = D5FD74AE140817B500412322 /* projects.plist */; };
/* End PBXBuildFile section */

/* Begin PBXFileReference section */
		D518B22E13F31773003B93CA /* HeliosApp.app */ = {isa = PBXFileReference; explicitFileType = wrapper.application; includeInIndex = 0; path = HeliosApp.app; sourceTree = BUILT_PRODUCTS_DIR; };
		D518B23213F31773003B93CA /* UIKit.framework */ = {isa = PBXFileReference; lastKnownFileType = wrapper.framework; name = UIKit.framework; path = System/Library/Frameworks/UIKit.framework; sourceTree = SDKROOT; };
		D518B23413F31773003B93CA /* Foundation.framework */ = {isa = PBXFileReference; lastKnownFileType = wrapper.framework; name = Foundation.framework; path = System/Library/Frameworks/Foundation.framework; sourceTree = SDKROOT; };
		D518B23613F31773003B93CA /* CoreGraphics.framework */ = {isa = PBXFileReference; lastKnownFileType = wrapper.framework; name = CoreGraphics.framework; path = System/Library/Frameworks/CoreGraphics.framework; sourceTree = SDKROOT; };
		D518B23A13F31773003B93CA /* HeliosApp-Info.plist */ = {isa = PBXFileReference; lastKnownFileType = text.plist.xml; path = "HeliosApp-Info.plist"; sourceTree = "<group>"; };
		D518B23C13F31773003B93CA /* en */ = {isa = PBXFileReference; lastKnownFileType = text.plist.strings; name = en; path = en.lproj/InfoPlist.strings; sourceTree = "<group>"; };
		D518B23E13F31773003B93CA /* main.m */ = {isa = PBXFileReference; lastKnownFileType = sourcecode.c.objc; path = main.m; sourceTree = "<group>"; };
		D518B24013F31773003B93CA /* HeliosApp-Prefix.pch */ = {isa = PBXFileReference; lastKnownFileType = sourcecode.c.h; path = "HeliosApp-Prefix.pch"; sourceTree = "<group>"; };
		D518B24113F31773003B93CA /* HeliosAppDelegate.h */ = {isa = PBXFileReference; lastKnownFileType = sourcecode.c.h; path = HeliosAppDelegate.h; sourceTree = "<group>"; };
		D518B24213F31773003B93CA /* HeliosAppDelegate.m */ = {isa = PBXFileReference; lastKnownFileType = sourcecode.c.objc; path = HeliosAppDelegate.m; sourceTree = "<group>"; };
		D518B24513F31773003B93CA /* en */ = {isa = PBXFileReference; lastKnownFileType = file.xib; name = en; path = en.lproj/MainWindow.xib; sourceTree = "<group>"; };
		D518B24713F31773003B93CA /* HeliosViewController.h */ = {isa = PBXFileReference; lastKnownFileType = sourcecode.c.h; path = HeliosViewController.h; sourceTree = "<group>"; };
		D518B24813F31773003B93CA /* HeliosViewController.m */ = {isa = PBXFileReference; lastKnownFileType = sourcecode.c.objc; path = HeliosViewController.m; sourceTree = "<group>"; };
		D518B24B13F31773003B93CA /* en */ = {isa = PBXFileReference; lastKnownFileType = file.xib; name = en; path = en.lproj/HeliosViewController.xib; sourceTree = "<group>"; };
		D518B25713F3178D003B93CA /* glass.png */ = {isa = PBXFileReference; lastKnownFileType = image.png; path = glass.png; sourceTree = "<group>"; };
		D518B26813F317EF003B93CA /* icon-black.png */ = {isa = PBXFileReference; lastKnownFileType = image.png; path = "icon-black.png"; sourceTree = "<group>"; };
		D518B26A13F31801003B93CA /* Default-Portrait~ipad.png */ = {isa = PBXFileReference; lastKnownFileType = image.png; path = "Default-Portrait~ipad.png"; sourceTree = "<group>"; };
		D518B27913F34C89003B93CA /* QuartzCore.framework */ = {isa = PBXFileReference; lastKnownFileType = wrapper.framework; name = QuartzCore.framework; path = System/Library/Frameworks/QuartzCore.framework; sourceTree = SDKROOT; };
		D540D1B313FC507B00D0B88F /* MediaPlayer.framework */ = {isa = PBXFileReference; lastKnownFileType = wrapper.framework; name = MediaPlayer.framework; path = System/Library/Frameworks/MediaPlayer.framework; sourceTree = SDKROOT; };
		D540D1B713FC53A500D0B88F /* Agilent_final.mov */ = {isa = PBXFileReference; lastKnownFileType = video.quicktime; path = Agilent_final.mov; sourceTree = "<group>"; };
		D540D1B913FC53B400D0B88F /* mercedes.mov */ = {isa = PBXFileReference; lastKnownFileType = video.quicktime; path = mercedes.mov; sourceTree = "<group>"; };
		D546292F1402D5B9006CCE9E /* helios2.png */ = {isa = PBXFileReference; lastKnownFileType = image.png; path = helios2.png; sourceTree = "<group>"; };
		D5505E5D14102F50002D3306 /* buttonGesture.png */ = {isa = PBXFileReference; lastKnownFileType = image.png; path = buttonGesture.png; sourceTree = "<group>"; };
		D5505E5E14102F50002D3306 /* buttonGestureH.png */ = {isa = PBXFileReference; lastKnownFileType = image.png; path = buttonGestureH.png; sourceTree = "<group>"; };
		D588620E13FF1BE90089CF61 /* CoreLocation.framework */ = {isa = PBXFileReference; lastKnownFileType = wrapper.framework; name = CoreLocation.framework; path = System/Library/Frameworks/CoreLocation.framework; sourceTree = SDKROOT; };
		D588621A13FF96870089CF61 /* icon.png */ = {isa = PBXFileReference; lastKnownFileType = image.png; path = icon.png; sourceTree = "<group>"; };
		D589F6451406DEC900598956 /* EasyTableView.h */ = {isa = PBXFileReference; fileEncoding = 4; lastKnownFileType = sourcecode.c.h; path = EasyTableView.h; sourceTree = "<group>"; };
		D589F6461406DECA00598956 /* EasyTableView.m */ = {isa = PBXFileReference; fileEncoding = 4; lastKnownFileType = sourcecode.c.objc; path = EasyTableView.m; sourceTree = "<group>"; };
		D5A43A0A141199F800011314 /* MWPhotoBrowser.h */ = {isa = PBXFileReference; fileEncoding = 4; lastKnownFileType = sourcecode.c.h; path = MWPhotoBrowser.h; sourceTree = "<group>"; };
		D5A43A0B141199F900011314 /* MWPhotoBrowser.m */ = {isa = PBXFileReference; fileEncoding = 4; lastKnownFileType = sourcecode.c.objc; path = MWPhotoBrowser.m; sourceTree = "<group>"; };
		D5A43A0C141199F900011314 /* MWPhoto.h */ = {isa = PBXFileReference; fileEncoding = 4; lastKnownFileType = sourcecode.c.h; path = MWPhoto.h; sourceTree = "<group>"; };
		D5A43A0D141199F900011314 /* MWPhoto.m */ = {isa = PBXFileReference; fileEncoding = 4; lastKnownFileType = sourcecode.c.objc; path = MWPhoto.m; sourceTree = "<group>"; };
		D5A43A0E141199F900011314 /* ZoomingScrollView.h */ = {isa = PBXFileReference; fileEncoding = 4; lastKnownFileType = sourcecode.c.h; path = ZoomingScrollView.h; sourceTree = "<group>"; };
		D5A43A0F141199F900011314 /* ZoomingScrollView.m */ = {isa = PBXFileReference; fileEncoding = 4; lastKnownFileType = sourcecode.c.objc; path = ZoomingScrollView.m; sourceTree = "<group>"; };
		D5A43A1514119A4A00011314 /* UIImageViewTap.h */ = {isa = PBXFileReference; fileEncoding = 4; lastKnownFileType = sourcecode.c.h; path = UIImageViewTap.h; sourceTree = "<group>"; };
		D5A43A1614119A4A00011314 /* UIImageViewTap.m */ = {isa = PBXFileReference; fileEncoding = 4; lastKnownFileType = sourcecode.c.objc; path = UIImageViewTap.m; sourceTree = "<group>"; };
		D5A43A1714119A4A00011314 /* UIViewTap.h */ = {isa = PBXFileReference; fileEncoding = 4; lastKnownFileType = sourcecode.c.h; path = UIViewTap.h; sourceTree = "<group>"; };
		D5A43A1814119A4A00011314 /* UIViewTap.m */ = {isa = PBXFileReference; fileEncoding = 4; lastKnownFileType = sourcecode.c.objc; path = UIViewTap.m; sourceTree = "<group>"; };
		D5A43A1B14119A5900011314 /* UIImage+Decompress.h */ = {isa = PBXFileReference; fileEncoding = 4; lastKnownFileType = sourcecode.c.h; path = "UIImage+Decompress.h"; sourceTree = "<group>"; };
		D5A43A1C14119A5900011314 /* UIImage+Decompress.m */ = {isa = PBXFileReference; fileEncoding = 4; lastKnownFileType = sourcecode.c.objc; path = "UIImage+Decompress.m"; sourceTree = "<group>"; };
		D5A43A2014119A9400011314 /* UIBarButtonItemArrowLeft.png */ = {isa = PBXFileReference; lastKnownFileType = image.png; path = UIBarButtonItemArrowLeft.png; sourceTree = "<group>"; };
		D5A43A2114119A9400011314 /* UIBarButtonItemArrowLeft@2x.png */ = {isa = PBXFileReference; lastKnownFileType = image.png; path = "UIBarButtonItemArrowLeft@2x.png"; sourceTree = "<group>"; };
		D5A43A2214119A9400011314 /* UIBarButtonItemArrowRight.png */ = {isa = PBXFileReference; lastKnownFileType = image.png; path = UIBarButtonItemArrowRight.png; sourceTree = "<group>"; };
		D5A43A2314119A9400011314 /* UIBarButtonItemArrowRight@2x.png */ = {isa = PBXFileReference; lastKnownFileType = image.png; path = "UIBarButtonItemArrowRight@2x.png"; sourceTree = "<group>"; };
		D5DECBD814100A5D002CBB9A /* Coraline_proj.mov */ = {isa = PBXFileReference; lastKnownFileType = video.quicktime; name = Coraline_proj.mov; path = ../../../Desktop/InWindow/Coraline_proj.mov; sourceTree = "<group>"; };
		D5DECBDA14100A5D002CBB9A /* Navy.mov */ = {isa = PBXFileReference; lastKnownFileType = video.quicktime; name = Navy.mov; path = ../../../Desktop/InWindow/Navy.mov; sourceTree = "<group>"; };
		D5DECBDB14100A5D002CBB9A /* vampires.mov */ = {isa = PBXFileReference; lastKnownFileType = video.quicktime; name = vampires.mov; path = ../../../Desktop/InWindow/vampires.mov; sourceTree = "<group>"; };
		D5DECBDC14100A5D002CBB9A /* VH1_proj.mov */ = {isa = PBXFileReference; lastKnownFileType = video.quicktime; name = VH1_proj.mov; path = ../../../Desktop/InWindow/VH1_proj.mov; sourceTree = "<group>"; };
		D5DECBDD14100A5D002CBB9A /* yahoo.mov */ = {isa = PBXFileReference; lastKnownFileType = video.quicktime; name = yahoo.mov; path = ../../../Desktop/InWindow/yahoo.mov; sourceTree = "<group>"; };
		D5DECBE6141028F9002CBB9A /* scrollview_pages.psd alias */ = {isa = PBXFileReference; lastKnownFileType = file; path = "scrollview_pages.psd alias"; sourceTree = "<group>"; };
		D5DECBE9141028FA002CBB9A /* buttonDirections.png */ = {isa = PBXFileReference; lastKnownFileType = image.png; path = buttonDirections.png; sourceTree = "<group>"; };
		D5DECBEA141028FA002CBB9A /* buttonDirectionsH.png */ = {isa = PBXFileReference; lastKnownFileType = image.png; path = buttonDirectionsH.png; sourceTree = "<group>"; };
		D5DECBEB141028FA002CBB9A /* contact0.png */ = {isa = PBXFileReference; lastKnownFileType = image.png; path = contact0.png; sourceTree = "<group>"; };
		D5DECBEE141028FC002CBB9A /* tile1.png */ = {isa = PBXFileReference; lastKnownFileType = image.png; path = tile1.png; sourceTree = "<group>"; };
		D5DECBEF141028FC002CBB9A /* tile1H.png */ = {isa = PBXFileReference; lastKnownFileType = image.png; path = tile1H.png; sourceTree = "<group>"; };
		D5DECBF0141028FC002CBB9A /* tile2.png */ = {isa = PBXFileReference; lastKnownFileType = image.png; path = tile2.png; sourceTree = "<group>"; };
		D5DECBF1141028FC002CBB9A /* tile2H.png */ = {isa = PBXFileReference; lastKnownFileType = image.png; path = tile2H.png; sourceTree = "<group>"; };
		D5DECBF2141028FC002CBB9A /* tile3.png */ = {isa = PBXFileReference; lastKnownFileType = image.png; path = tile3.png; sourceTree = "<group>"; };
		D5DECBF3141028FC002CBB9A /* tile3H.png */ = {isa = PBXFileReference; lastKnownFileType = image.png; path = tile3H.png; sourceTree = "<group>"; };
		D5DECBF4141028FC002CBB9A /* tile4.png */ = {isa = PBXFileReference; lastKnownFileType = image.png; path = tile4.png; sourceTree = "<group>"; };
		D5DECBF5141028FC002CBB9A /* tile4H.png */ = {isa = PBXFileReference; lastKnownFileType = image.png; path = tile4H.png; sourceTree = "<group>"; };
		D5DECBF6141028FC002CBB9A /* tile5.png */ = {isa = PBXFileReference; lastKnownFileType = image.png; path = tile5.png; sourceTree = "<group>"; };
		D5DECBF7141028FC002CBB9A /* tile5H.png */ = {isa = PBXFileReference; lastKnownFileType = image.png; path = tile5H.png; sourceTree = "<group>"; };
		D5DECBF8141028FC002CBB9A /* tile6.png */ = {isa = PBXFileReference; lastKnownFileType = image.png; path = tile6.png; sourceTree = "<group>"; };
		D5DECBF9141028FC002CBB9A /* tile6H.png */ = {isa = PBXFileReference; lastKnownFileType = image.png; path = tile6H.png; sourceTree = "<group>"; };
		D5DECBFA141028FC002CBB9A /* tile7.png */ = {isa = PBXFileReference; lastKnownFileType = image.png; path = tile7.png; sourceTree = "<group>"; };
		D5DECBFB141028FC002CBB9A /* tile7H.png */ = {isa = PBXFileReference; lastKnownFileType = image.png; path = tile7H.png; sourceTree = "<group>"; };
		D5DECBFE141028FC002CBB9A /* buttonNavProjectTiles.png */ = {isa = PBXFileReference; lastKnownFileType = image.png; path = buttonNavProjectTiles.png; sourceTree = "<group>"; };
		D5DECBFF141028FC002CBB9A /* navCoraline.png */ = {isa = PBXFileReference; lastKnownFileType = image.png; path = navCoraline.png; sourceTree = "<group>"; };
		D5DECC00141028FC002CBB9A /* navCoralineH.png */ = {isa = PBXFileReference; lastKnownFileType = image.png; path = navCoralineH.png; sourceTree = "<group>"; };
		D5DECC01141028FC002CBB9A /* navExpo.png */ = {isa = PBXFileReference; lastKnownFileType = image.png; path = navExpo.png; sourceTree = "<group>"; };
		D5DECC02141028FC002CBB9A /* navExpoH.png */ = {isa = PBXFileReference; lastKnownFileType = image.png; path = navExpoH.png; sourceTree = "<group>"; };
		D5DECC03141028FC002CBB9A /* navIntel.png */ = {isa = PBXFileReference; lastKnownFileType = image.png; path = navIntel.png; sourceTree = "<group>"; };
		D5DECC04141028FC002CBB9A /* navIntelH.png */ = {isa = PBXFileReference; lastKnownFileType = image.png; path = navIntelH.png; sourceTree = "<group>"; };
		D5DECC05141028FC002CBB9A /* navMerc.png */ = {isa = PBXFileReference; lastKnownFileType = image.png; path = navMerc.png; sourceTree = "<group>"; };
		D5DECC06141028FC002CBB9A /* navMercH.png */ = {isa = PBXFileReference; lastKnownFileType = image.png; path = navMercH.png; sourceTree = "<group>"; };
		D5DECC07141028FC002CBB9A /* navMini.png */ = {isa = PBXFileReference; lastKnownFileType = image.png; path = navMini.png; sourceTree = "<group>"; };
		D5DECC08141028FC002CBB9A /* navMiniH.png */ = {isa = PBXFileReference; lastKnownFileType = image.png; path = navMiniH.png; sourceTree = "<group>"; };
		D5DECC09141028FC002CBB9A /* navNavy.png */ = {isa = PBXFileReference; lastKnownFileType = image.png; path = navNavy.png; sourceTree = "<group>"; };
		D5DECC0A141028FC002CBB9A /* navNavyH.png */ = {isa = PBXFileReference; lastKnownFileType = image.png; path = navNavyH.png; sourceTree = "<group>"; };
		D5DECC0B141028FC002CBB9A /* navSprint.png */ = {isa = PBXFileReference; lastKnownFileType = image.png; path = navSprint.png; sourceTree = "<group>"; };
		D5DECC0C141028FC002CBB9A /* navSprintH.png */ = {isa = PBXFileReference; lastKnownFileType = image.png; path = navSprintH.png; sourceTree = "<group>"; };
		D5DECC0D141028FC002CBB9A /* navVampire.png */ = {isa = PBXFileReference; lastKnownFileType = image.png; path = navVampire.png; sourceTree = "<group>"; };
		D5DECC0E141028FC002CBB9A /* navVampireH.png */ = {isa = PBXFileReference; lastKnownFileType = image.png; path = navVampireH.png; sourceTree = "<group>"; };
		D5DECC0F141028FC002CBB9A /* navVH1.png */ = {isa = PBXFileReference; lastKnownFileType = image.png; path = navVH1.png; sourceTree = "<group>"; };
		D5DECC10141028FC002CBB9A /* navVH1H.png */ = {isa = PBXFileReference; lastKnownFileType = image.png; path = navVH1H.png; sourceTree = "<group>"; };
		D5DECC11141028FC002CBB9A /* navYahoo.png */ = {isa = PBXFileReference; lastKnownFileType = image.png; path = navYahoo.png; sourceTree = "<group>"; };
		D5DECC12141028FC002CBB9A /* navYahooH.png */ = {isa = PBXFileReference; lastKnownFileType = image.png; path = navYahooH.png; sourceTree = "<group>"; };
		D5DECC15141028FC002CBB9A /* buttonMini.png */ = {isa = PBXFileReference; lastKnownFileType = image.png; path = buttonMini.png; sourceTree = "<group>"; };
		D5DECC16141028FC002CBB9A /* buttonMiniHighlight.png */ = {isa = PBXFileReference; lastKnownFileType = image.png; path = buttonMiniHighlight.png; sourceTree = "<group>"; };
		D5DECC17141028FC002CBB9A /* buttonPlay.png */ = {isa = PBXFileReference; lastKnownFileType = image.png; path = buttonPlay.png; sourceTree = "<group>"; };
		D5DECC18141028FC002CBB9A /* buttonPlayH.png */ = {isa = PBXFileReference; lastKnownFileType = image.png; path = buttonPlayH.png; sourceTree = "<group>"; };
		D5DECC1A141028FC002CBB9A /* buttonAll.png */ = {isa = PBXFileReference; lastKnownFileType = image.png; path = buttonAll.png; sourceTree = "<group>"; };
		D5DECC1B141028FC002CBB9A /* buttonAllH.png */ = {isa = PBXFileReference; lastKnownFileType = image.png; path = buttonAllH.png; sourceTree = "<group>"; };
		D5DECC1C141028FC002CBB9A /* buttonAugmented.png */ = {isa = PBXFileReference; lastKnownFileType = image.png; path = buttonAugmented.png; sourceTree = "<group>"; };
		D5DECC1D141028FC002CBB9A /* buttonAugmentedH.png */ = {isa = PBXFileReference; lastKnownFileType = image.png; path = buttonAugmentedH.png; sourceTree = "<group>"; };
		D5DECC1E141028FC002CBB9A /* buttonNavBack.png */ = {isa = PBXFileReference; lastKnownFileType = image.png; path = buttonNavBack.png; sourceTree = "<group>"; };
		D5DECC1F141028FC002CBB9A /* buttonNavBackH.png */ = {isa = PBXFileReference; lastKnownFileType = image.png; path = buttonNavBackH.png; sourceTree = "<group>"; };
		D5DECC20141028FC002CBB9A /* buttonNavH.png */ = {isa = PBXFileReference; lastKnownFileType = image.png; path = buttonNavH.png; sourceTree = "<group>"; };
		D5DECC21141028FC002CBB9A /* buttonNavigation.png */ = {isa = PBXFileReference; lastKnownFileType = image.png; path = buttonNavigation.png; sourceTree = "<group>"; };
		D5DECC22141028FC002CBB9A /* buttonTouchInterface.png */ = {isa = PBXFileReference; lastKnownFileType = image.png; path = buttonTouchInterface.png; sourceTree = "<group>"; };
		D5DECC23141028FC002CBB9A /* buttonTouchInterfaceH.png */ = {isa = PBXFileReference; lastKnownFileType = image.png; path = buttonTouchInterfaceH.png; sourceTree = "<group>"; };
		D5DECC24141028FC002CBB9A /* buttonTracking.png */ = {isa = PBXFileReference; lastKnownFileType = image.png; path = buttonTracking.png; sourceTree = "<group>"; };
		D5DECC25141028FC002CBB9A /* buttonTrackingH.png */ = {isa = PBXFileReference; lastKnownFileType = image.png; path = buttonTrackingH.png; sourceTree = "<group>"; };
		D5DECC27141028FC002CBB9A /* project0.png */ = {isa = PBXFileReference; lastKnownFileType = image.png; path = project0.png; sourceTree = "<group>"; };
		D5DECC28141028FC002CBB9A /* project1.png */ = {isa = PBXFileReference; lastKnownFileType = image.png; path = project1.png; sourceTree = "<group>"; };
		D5DECC29141028FC002CBB9A /* project10.png */ = {isa = PBXFileReference; lastKnownFileType = image.png; path = project10.png; sourceTree = "<group>"; };
		D5DECC2A141028FC002CBB9A /* project2.png */ = {isa = PBXFileReference; lastKnownFileType = image.png; path = project2.png; sourceTree = "<group>"; };
		D5DECC2B141028FC002CBB9A /* project3.png */ = {isa = PBXFileReference; lastKnownFileType = image.png; path = project3.png; sourceTree = "<group>"; };
		D5DECC2C141028FC002CBB9A /* project4.png */ = {isa = PBXFileReference; lastKnownFileType = image.png; path = project4.png; sourceTree = "<group>"; };
		D5DECC2D141028FC002CBB9A /* project5.png */ = {isa = PBXFileReference; lastKnownFileType = image.png; path = project5.png; sourceTree = "<group>"; };
		D5DECC2E141028FC002CBB9A /* project6.png */ = {isa = PBXFileReference; lastKnownFileType = image.png; path = project6.png; sourceTree = "<group>"; };
		D5DECC2F141028FC002CBB9A /* project7.png */ = {isa = PBXFileReference; lastKnownFileType = image.png; path = project7.png; sourceTree = "<group>"; };
		D5DECC30141028FC002CBB9A /* project8.png */ = {isa = PBXFileReference; lastKnownFileType = image.png; path = project8.png; sourceTree = "<group>"; };
		D5DECC31141028FC002CBB9A /* project9.png */ = {isa = PBXFileReference; lastKnownFileType = image.png; path = project9.png; sourceTree = "<group>"; };
		D5DECC32141028FC002CBB9A /* projectNav.png */ = {isa = PBXFileReference; lastKnownFileType = image.png; path = projectNav.png; sourceTree = "<group>"; };
		D5DECC3B141028FD002CBB9A /* tech0.png */ = {isa = PBXFileReference; lastKnownFileType = image.png; path = tech0.png; sourceTree = "<group>"; };
		D5DECC3C141028FD002CBB9A /* tech1.png */ = {isa = PBXFileReference; lastKnownFileType = image.png; path = tech1.png; sourceTree = "<group>"; };
		D5DECC3D141028FD002CBB9A /* tech2 */ = {isa = PBXFileReference; lastKnownFileType = file; path = tech2; sourceTree = "<group>"; };
		D5DECC3E141028FD002CBB9A /* tech2.png */ = {isa = PBXFileReference; lastKnownFileType = image.png; path = tech2.png; sourceTree = "<group>"; };
		D5DECC3F141028FD002CBB9A /* tech3.png */ = {isa = PBXFileReference; lastKnownFileType = image.png; path = tech3.png; sourceTree = "<group>"; };
		D5DECC40141028FD002CBB9A /* tech4.png */ = {isa = PBXFileReference; lastKnownFileType = image.png; path = tech4.png; sourceTree = "<group>"; };
		D5DECC41141028FD002CBB9A /* tech5.png */ = {isa = PBXFileReference; lastKnownFileType = image.png; path = tech5.png; sourceTree = "<group>"; };
		D5DECC44141028FD002CBB9A /* button3d.png */ = {isa = PBXFileReference; lastKnownFileType = image.png; path = button3d.png; sourceTree = "<group>"; };
		D5DECC45141028FD002CBB9A /* button3dHighlight.png */ = {isa = PBXFileReference; lastKnownFileType = image.png; path = button3dHighlight.png; sourceTree = "<group>"; };
		D5DECC46141028FD002CBB9A /* buttonAR.png */ = {isa = PBXFileReference; lastKnownFileType = image.png; path = buttonAR.png; sourceTree = "<group>"; };
		D5DECC47141028FD002CBB9A /* buttonARHighlight.png */ = {isa = PBXFileReference; lastKnownFileType = image.png; path = buttonARHighlight.png; sourceTree = "<group>"; };
		D5DECC48141028FD002CBB9A /* buttonHowItWorks.png */ = {isa = PBXFileReference; lastKnownFileType = image.png; path = buttonHowItWorks.png; sourceTree = "<group>"; };
		D5DECC49141028FD002CBB9A /* buttonHowItWorksHighlight.png */ = {isa = PBXFileReference; lastKnownFileType = image.png; path = buttonHowItWorksHighlight.png; sourceTree = "<group>"; };
		D5DECC4A141028FD002CBB9A /* buttonMobile.png */ = {isa = PBXFileReference; lastKnownFileType = image.png; path = buttonMobile.png; sourceTree = "<group>"; };
		D5DECC4B141028FD002CBB9A /* buttonMobileHighlight.png */ = {isa = PBXFileReference; lastKnownFileType = image.png; path = buttonMobileHighlight.png; sourceTree = "<group>"; };
		D5DECC4C141028FD002CBB9A /* buttonTouch.png */ = {isa = PBXFileReference; lastKnownFileType = image.png; path = buttonTouch.png; sourceTree = "<group>"; };
		D5DECC4D141028FD002CBB9A /* buttonTouchHighlight.png */ = {isa = PBXFileReference; lastKnownFileType = image.png; path = buttonTouchHighlight.png; sourceTree = "<group>"; };
		D5DECC4E141028FD002CBB9A /* buttonWhatWeBring.png */ = {isa = PBXFileReference; lastKnownFileType = image.png; path = buttonWhatWeBring.png; sourceTree = "<group>"; };
		D5DECC4F141028FD002CBB9A /* buttonWhatWeBringHighlight.png */ = {isa = PBXFileReference; lastKnownFileType = image.png; path = buttonWhatWeBringHighlight.png; sourceTree = "<group>"; };
		D5DECC50141028FD002CBB9A /* buttonWhatWeDo.png */ = {isa = PBXFileReference; lastKnownFileType = image.png; path = buttonWhatWeDo.png; sourceTree = "<group>"; };
		D5DECC51141028FD002CBB9A /* buttonWhatWeDoHighlight.png */ = {isa = PBXFileReference; lastKnownFileType = image.png; path = buttonWhatWeDoHighlight.png; sourceTree = "<group>"; };
		D5DECCB314102947002CBB9A /* about0.png */ = {isa = PBXFileReference; lastKnownFileType = image.png; path = about0.png; sourceTree = "<group>"; };
		D5DECCB414102947002CBB9A /* about1.png */ = {isa = PBXFileReference; lastKnownFileType = image.png; path = about1.png; sourceTree = "<group>"; };
		D5DECCB514102947002CBB9A /* about2.png */ = {isa = PBXFileReference; lastKnownFileType = image.png; path = about2.png; sourceTree = "<group>"; };
		D5DECCBA141029CD002CBB9A /* background.png */ = {isa = PBXFileReference; lastKnownFileType = image.png; path = background.png; sourceTree = "<group>"; };
		D5DECCBD14102A11002CBB9A /* glassMask.png */ = {isa = PBXFileReference; lastKnownFileType = image.png; path = glassMask.png; sourceTree = "<group>"; };
		D5DECCC014102A80002CBB9A /* buttonArrow.png */ = {isa = PBXFileReference; lastKnownFileType = image.png; path = buttonArrow.png; sourceTree = "<group>"; };
		D5DECCC114102A80002CBB9A /* buttonArrowH.png */ = {isa = PBXFileReference; lastKnownFileType = image.png; path = buttonArrowH.png; sourceTree = "<group>"; };
		D5DECCC214102A80002CBB9A /* buttonHome.png */ = {isa = PBXFileReference; lastKnownFileType = image.png; path = buttonHome.png; sourceTree = "<group>"; };
		D5DECCC314102A80002CBB9A /* buttonHomeHighlight.png */ = {isa = PBXFileReference; lastKnownFileType = image.png; path = buttonHomeHighlight.png; sourceTree = "<group>"; };
		D5DECCC814102C47002CBB9A /* HeliosApp.entitlements */ = {isa = PBXFileReference; lastKnownFileType = text.xml; path = HeliosApp.entitlements; sourceTree = "<group>"; };
		D5F5BDD013FEE18D00AED5AF /* MapKit.framework */ = {isa = PBXFileReference; lastKnownFileType = wrapper.framework; name = MapKit.framework; path = System/Library/Frameworks/MapKit.framework; sourceTree = SDKROOT; };
		D5F5BDDC13FF0AE000AED5AF /* MapViewAnnotation.h */ = {isa = PBXFileReference; fileEncoding = 4; lastKnownFileType = sourcecode.c.h; path = MapViewAnnotation.h; sourceTree = "<group>"; };
		D5F5BDDD13FF0AE100AED5AF /* MapViewAnnotation.m */ = {isa = PBXFileReference; fileEncoding = 4; lastKnownFileType = sourcecode.c.objc; path = MapViewAnnotation.m; sourceTree = "<group>"; };
		D5FD74AE140817B500412322 /* projects.plist */ = {isa = PBXFileReference; fileEncoding = 4; lastKnownFileType = text.plist.xml; path = projects.plist; sourceTree = "<group>"; };
/* End PBXFileReference section */

/* Begin PBXFrameworksBuildPhase section */
		D518B22B13F31773003B93CA /* Frameworks */ = {
			isa = PBXFrameworksBuildPhase;
			buildActionMask = 2147483647;
			files = (
				D588620F13FF1BE90089CF61 /* CoreLocation.framework in Frameworks */,
				D5F5BDD113FEE18D00AED5AF /* MapKit.framework in Frameworks */,
				D540D1B413FC507B00D0B88F /* MediaPlayer.framework in Frameworks */,
				D518B27A13F34C89003B93CA /* QuartzCore.framework in Frameworks */,
				D518B23313F31773003B93CA /* UIKit.framework in Frameworks */,
				D518B23513F31773003B93CA /* Foundation.framework in Frameworks */,
				D518B23713F31773003B93CA /* CoreGraphics.framework in Frameworks */,
			);
			runOnlyForDeploymentPostprocessing = 0;
		};
/* End PBXFrameworksBuildPhase section */

/* Begin PBXGroup section */
		D518B22313F31773003B93CA = {
			isa = PBXGroup;
			children = (
				D546292F1402D5B9006CCE9E /* helios2.png */,
				D588621A13FF96870089CF61 /* icon.png */,
				D518B26A13F31801003B93CA /* Default-Portrait~ipad.png */,
				D518B26813F317EF003B93CA /* icon-black.png */,
				D518B23813F31773003B93CA /* HeliosApp */,
				D518B23113F31773003B93CA /* Frameworks */,
				D518B22F13F31773003B93CA /* Products */,
			);
			sourceTree = "<group>";
		};
		D518B22F13F31773003B93CA /* Products */ = {
			isa = PBXGroup;
			children = (
				D518B22E13F31773003B93CA /* HeliosApp.app */,
			);
			name = Products;
			sourceTree = "<group>";
		};
		D518B23113F31773003B93CA /* Frameworks */ = {
			isa = PBXGroup;
			children = (
				D588620E13FF1BE90089CF61 /* CoreLocation.framework */,
				D5F5BDD013FEE18D00AED5AF /* MapKit.framework */,
				D518B23413F31773003B93CA /* Foundation.framework */,
				D540D1B313FC507B00D0B88F /* MediaPlayer.framework */,
				D518B27913F34C89003B93CA /* QuartzCore.framework */,
				D518B23213F31773003B93CA /* UIKit.framework */,
				D518B23613F31773003B93CA /* CoreGraphics.framework */,
			);
			name = Frameworks;
			sourceTree = "<group>";
		};
		D518B23813F31773003B93CA /* HeliosApp */ = {
			isa = PBXGroup;
			children = (
				D5A43A1F14119A6700011314 /* Categories */,
				D5A43A1E14119A5E00011314 /* Subclasses */,
				D5A43A1414119A2F00011314 /* MWPhotoBrowser */,
				D5DECCC814102C47002CBB9A /* HeliosApp.entitlements */,
				D589F6451406DEC900598956 /* EasyTableView.h */,
				D589F6461406DECA00598956 /* EasyTableView.m */,
				D518B24113F31773003B93CA /* HeliosAppDelegate.h */,
				D518B24213F31773003B93CA /* HeliosAppDelegate.m */,
				D518B24713F31773003B93CA /* HeliosViewController.h */,
				D518B24813F31773003B93CA /* HeliosViewController.m */,
				D5F5BDDC13FF0AE000AED5AF /* MapViewAnnotation.h */,
				D5F5BDDD13FF0AE100AED5AF /* MapViewAnnotation.m */,
				D58F613513F5AD2F0081CE9C /* NIBs */,
				D518B23913F31773003B93CA /* Supporting Files */,
			);
			path = HeliosApp;
			sourceTree = "<group>";
		};
		D518B23913F31773003B93CA /* Supporting Files */ = {
			isa = PBXGroup;
			children = (
				D5A43A2014119A9400011314 /* UIBarButtonItemArrowLeft.png */,
				D5A43A2114119A9400011314 /* UIBarButtonItemArrowLeft@2x.png */,
				D5A43A2214119A9400011314 /* UIBarButtonItemArrowRight.png */,
				D5A43A2314119A9400011314 /* UIBarButtonItemArrowRight@2x.png */,
				D5FD74AE140817B500412322 /* projects.plist */,
				D5DECCBF14102A80002CBB9A /* Change General Buttons */,
				D5DECCBC14102A11002CBB9A /* Change Glass Mask */,
				D5DECCB9141029CC002CBB9A /* Change Background */,
				D5DECBE5141028F8002CBB9A /* Add New About Page */,
				D5DECBE7141028F9002CBB9A /* Add New Contact page */,
				D5DECBEC141028FA002CBB9A /* Add New Project Page */,
				D5DECC39141028FD002CBB9A /* Add New Tech Page */,
				D5F5BDA413FDCF8700AED5AF /* Videos */,
				D518B25713F3178D003B93CA /* glass.png */,
				D518B23A13F31773003B93CA /* HeliosApp-Info.plist */,
				D518B23B13F31773003B93CA /* InfoPlist.strings */,
				D518B23E13F31773003B93CA /* main.m */,
				D518B24013F31773003B93CA /* HeliosApp-Prefix.pch */,
			);
			name = "Supporting Files";
			sourceTree = "<group>";
		};
		D58F613513F5AD2F0081CE9C /* NIBs */ = {
			isa = PBXGroup;
			children = (
				D518B24A13F31773003B93CA /* HeliosViewController.xib */,
				D518B24413F31773003B93CA /* MainWindow.xib */,
			);
			name = NIBs;
			sourceTree = "<group>";
		};
		D5A43A1414119A2F00011314 /* MWPhotoBrowser */ = {
			isa = PBXGroup;
			children = (
				D5A43A0A141199F800011314 /* MWPhotoBrowser.h */,
				D5A43A0B141199F900011314 /* MWPhotoBrowser.m */,
				D5A43A0C141199F900011314 /* MWPhoto.h */,
				D5A43A0D141199F900011314 /* MWPhoto.m */,
				D5A43A0E141199F900011314 /* ZoomingScrollView.h */,
				D5A43A0F141199F900011314 /* ZoomingScrollView.m */,
			);
			name = MWPhotoBrowser;
			sourceTree = "<group>";
		};
		D5A43A1E14119A5E00011314 /* Subclasses */ = {
			isa = PBXGroup;
			children = (
				D5A43A1514119A4A00011314 /* UIImageViewTap.h */,
				D5A43A1614119A4A00011314 /* UIImageViewTap.m */,
				D5A43A1714119A4A00011314 /* UIViewTap.h */,
				D5A43A1814119A4A00011314 /* UIViewTap.m */,
			);
			name = Subclasses;
			sourceTree = "<group>";
		};
		D5A43A1F14119A6700011314 /* Categories */ = {
			isa = PBXGroup;
			children = (
				D5A43A1B14119A5900011314 /* UIImage+Decompress.h */,
				D5A43A1C14119A5900011314 /* UIImage+Decompress.m */,
			);
			name = Categories;
			sourceTree = "<group>";
		};
		D5DECBE5141028F8002CBB9A /* Add New About Page */ = {
			isa = PBXGroup;
			children = (
				D5DECCB214102947002CBB9A /* ScrollView - About */,
				D5DECBE6141028F9002CBB9A /* scrollview_pages.psd alias */,
			);
			name = "Add New About Page";
			path = "../../../Desktop/HELIOS/iPad Application/Add New About Page";
			sourceTree = "<group>";
		};
		D5DECBE7141028F9002CBB9A /* Add New Contact page */ = {
			isa = PBXGroup;
			children = (
				D5DECBE8141028FA002CBB9A /* Contact Page Buttons */,
				D5DECBEB141028FA002CBB9A /* contact0.png */,
			);
			name = "Add New Contact page";
			path = "../../../Desktop/HELIOS/iPad Application/Add New Contact page";
			sourceTree = "<group>";
		};
		D5DECBE8141028FA002CBB9A /* Contact Page Buttons */ = {
			isa = PBXGroup;
			children = (
				D5DECBE9141028FA002CBB9A /* buttonDirections.png */,
				D5DECBEA141028FA002CBB9A /* buttonDirectionsH.png */,
			);
			path = "Contact Page Buttons";
			sourceTree = "<group>";
		};
		D5DECBEC141028FA002CBB9A /* Add New Project Page */ = {
			isa = PBXGroup;
			children = (
				D5DECBED141028FC002CBB9A /* Featured Project Tiles */,
				D5DECBFD141028FC002CBB9A /* Full Navigation Project Tiles */,
				D5DECC14141028FC002CBB9A /* Project Page Buttons */,
				D5DECC26141028FC002CBB9A /* Project Pages */,
			);
			name = "Add New Project Page";
			path = "../../../Desktop/HELIOS/iPad Application/Add New Project Page";
			sourceTree = "<group>";
		};
		D5DECBED141028FC002CBB9A /* Featured Project Tiles */ = {
			isa = PBXGroup;
			children = (
				D5DECBEE141028FC002CBB9A /* tile1.png */,
				D5DECBEF141028FC002CBB9A /* tile1H.png */,
				D5DECBF0141028FC002CBB9A /* tile2.png */,
				D5DECBF1141028FC002CBB9A /* tile2H.png */,
				D5DECBF2141028FC002CBB9A /* tile3.png */,
				D5DECBF3141028FC002CBB9A /* tile3H.png */,
				D5DECBF4141028FC002CBB9A /* tile4.png */,
				D5DECBF5141028FC002CBB9A /* tile4H.png */,
				D5DECBF6141028FC002CBB9A /* tile5.png */,
				D5DECBF7141028FC002CBB9A /* tile5H.png */,
				D5DECBF8141028FC002CBB9A /* tile6.png */,
				D5DECBF9141028FC002CBB9A /* tile6H.png */,
				D5DECBFA141028FC002CBB9A /* tile7.png */,
				D5DECBFB141028FC002CBB9A /* tile7H.png */,
			);
			path = "Featured Project Tiles";
			sourceTree = "<group>";
		};
		D5DECBFD141028FC002CBB9A /* Full Navigation Project Tiles */ = {
			isa = PBXGroup;
			children = (
				D5DECBFE141028FC002CBB9A /* buttonNavProjectTiles.png */,
				D5DECBFF141028FC002CBB9A /* navCoraline.png */,
				D5DECC00141028FC002CBB9A /* navCoralineH.png */,
				D5DECC01141028FC002CBB9A /* navExpo.png */,
				D5DECC02141028FC002CBB9A /* navExpoH.png */,
				D5DECC03141028FC002CBB9A /* navIntel.png */,
				D5DECC04141028FC002CBB9A /* navIntelH.png */,
				D5DECC05141028FC002CBB9A /* navMerc.png */,
				D5DECC06141028FC002CBB9A /* navMercH.png */,
				D5DECC07141028FC002CBB9A /* navMini.png */,
				D5DECC08141028FC002CBB9A /* navMiniH.png */,
				D5DECC09141028FC002CBB9A /* navNavy.png */,
				D5DECC0A141028FC002CBB9A /* navNavyH.png */,
				D5DECC0B141028FC002CBB9A /* navSprint.png */,
				D5DECC0C141028FC002CBB9A /* navSprintH.png */,
				D5DECC0D141028FC002CBB9A /* navVampire.png */,
				D5DECC0E141028FC002CBB9A /* navVampireH.png */,
				D5DECC0F141028FC002CBB9A /* navVH1.png */,
				D5DECC10141028FC002CBB9A /* navVH1H.png */,
				D5DECC11141028FC002CBB9A /* navYahoo.png */,
				D5DECC12141028FC002CBB9A /* navYahooH.png */,
			);
			path = "Full Navigation Project Tiles";
			sourceTree = "<group>";
		};
		D5DECC14141028FC002CBB9A /* Project Page Buttons */ = {
			isa = PBXGroup;
			children = (
				D5DECC15141028FC002CBB9A /* buttonMini.png */,
				D5DECC16141028FC002CBB9A /* buttonMiniHighlight.png */,
				D5DECC17141028FC002CBB9A /* buttonPlay.png */,
				D5DECC18141028FC002CBB9A /* buttonPlayH.png */,
				D5DECC19141028FC002CBB9A /* Full Nav Buttons */,
			);
			path = "Project Page Buttons";
			sourceTree = "<group>";
		};
		D5DECC19141028FC002CBB9A /* Full Nav Buttons */ = {
			isa = PBXGroup;
			children = (
				D5505E5D14102F50002D3306 /* buttonGesture.png */,
				D5505E5E14102F50002D3306 /* buttonGestureH.png */,
				D5DECC1A141028FC002CBB9A /* buttonAll.png */,
				D5DECC1B141028FC002CBB9A /* buttonAllH.png */,
				D5DECC1C141028FC002CBB9A /* buttonAugmented.png */,
				D5DECC1D141028FC002CBB9A /* buttonAugmentedH.png */,
				D5DECC1E141028FC002CBB9A /* buttonNavBack.png */,
				D5DECC1F141028FC002CBB9A /* buttonNavBackH.png */,
				D5DECC20141028FC002CBB9A /* buttonNavH.png */,
				D5DECC21141028FC002CBB9A /* buttonNavigation.png */,
				D5DECC22141028FC002CBB9A /* buttonTouchInterface.png */,
				D5DECC23141028FC002CBB9A /* buttonTouchInterfaceH.png */,
				D5DECC24141028FC002CBB9A /* buttonTracking.png */,
				D5DECC25141028FC002CBB9A /* buttonTrackingH.png */,
			);
			path = "Full Nav Buttons";
			sourceTree = "<group>";
		};
		D5DECC26141028FC002CBB9A /* Project Pages */ = {
			isa = PBXGroup;
			children = (
				D5DECC27141028FC002CBB9A /* project0.png */,
				D5DECC28141028FC002CBB9A /* project1.png */,
				D5DECC29141028FC002CBB9A /* project10.png */,
				D5DECC2A141028FC002CBB9A /* project2.png */,
				D5DECC2B141028FC002CBB9A /* project3.png */,
				D5DECC2C141028FC002CBB9A /* project4.png */,
				D5DECC2D141028FC002CBB9A /* project5.png */,
				D5DECC2E141028FC002CBB9A /* project6.png */,
				D5DECC2F141028FC002CBB9A /* project7.png */,
				D5DECC30141028FC002CBB9A /* project8.png */,
				D5DECC31141028FC002CBB9A /* project9.png */,
				D5DECC32141028FC002CBB9A /* projectNav.png */,
			);
			path = "Project Pages";
			sourceTree = "<group>";
		};
		D5DECC39141028FD002CBB9A /* Add New Tech Page */ = {
			isa = PBXGroup;
			children = (
				D5DECC3A141028FD002CBB9A /* ScrollView - Tech */,
				D5DECC43141028FD002CBB9A /* Tech Page Jump Buttons */,
			);
			name = "Add New Tech Page";
			path = "../../../Desktop/HELIOS/iPad Application/Add New Tech Page";
			sourceTree = "<group>";
		};
		D5DECC3A141028FD002CBB9A /* ScrollView - Tech */ = {
			isa = PBXGroup;
			children = (
				D5DECC3B141028FD002CBB9A /* tech0.png */,
				D5DECC3C141028FD002CBB9A /* tech1.png */,
				D5DECC3D141028FD002CBB9A /* tech2 */,
				D5DECC3E141028FD002CBB9A /* tech2.png */,
				D5DECC3F141028FD002CBB9A /* tech3.png */,
				D5DECC40141028FD002CBB9A /* tech4.png */,
				D5DECC41141028FD002CBB9A /* tech5.png */,
			);
			path = "ScrollView - Tech";
			sourceTree = "<group>";
		};
		D5DECC43141028FD002CBB9A /* Tech Page Jump Buttons */ = {
			isa = PBXGroup;
			children = (
				D5DECC44141028FD002CBB9A /* button3d.png */,
				D5DECC45141028FD002CBB9A /* button3dHighlight.png */,
				D5DECC46141028FD002CBB9A /* buttonAR.png */,
				D5DECC47141028FD002CBB9A /* buttonARHighlight.png */,
				D5DECC48141028FD002CBB9A /* buttonHowItWorks.png */,
				D5DECC49141028FD002CBB9A /* buttonHowItWorksHighlight.png */,
				D5DECC4A141028FD002CBB9A /* buttonMobile.png */,
				D5DECC4B141028FD002CBB9A /* buttonMobileHighlight.png */,
				D5DECC4C141028FD002CBB9A /* buttonTouch.png */,
				D5DECC4D141028FD002CBB9A /* buttonTouchHighlight.png */,
				D5DECC4E141028FD002CBB9A /* buttonWhatWeBring.png */,
				D5DECC4F141028FD002CBB9A /* buttonWhatWeBringHighlight.png */,
				D5DECC50141028FD002CBB9A /* buttonWhatWeDo.png */,
				D5DECC51141028FD002CBB9A /* buttonWhatWeDoHighlight.png */,
			);
			path = "Tech Page Jump Buttons";
			sourceTree = "<group>";
		};
		D5DECCB214102947002CBB9A /* ScrollView - About */ = {
			isa = PBXGroup;
			children = (
				D5DECCB314102947002CBB9A /* about0.png */,
				D5DECCB414102947002CBB9A /* about1.png */,
				D5DECCB514102947002CBB9A /* about2.png */,
			);
			path = "ScrollView - About";
			sourceTree = "<group>";
		};
		D5DECCB9141029CC002CBB9A /* Change Background */ = {
			isa = PBXGroup;
			children = (
				D5DECCBA141029CD002CBB9A /* background.png */,
			);
			name = "Change Background";
			path = "../../../Desktop/HELIOS/iPad Application/Change Background";
			sourceTree = "<group>";
		};
		D5DECCBC14102A11002CBB9A /* Change Glass Mask */ = {
			isa = PBXGroup;
			children = (
				D5DECCBD14102A11002CBB9A /* glassMask.png */,
			);
			name = "Change Glass Mask";
			path = "../../../Desktop/HELIOS/iPad Application/Change Glass Mask";
			sourceTree = "<group>";
		};
		D5DECCBF14102A80002CBB9A /* Change General Buttons */ = {
			isa = PBXGroup;
			children = (
				D5DECCC014102A80002CBB9A /* buttonArrow.png */,
				D5DECCC114102A80002CBB9A /* buttonArrowH.png */,
				D5DECCC214102A80002CBB9A /* buttonHome.png */,
				D5DECCC314102A80002CBB9A /* buttonHomeHighlight.png */,
			);
			name = "Change General Buttons";
			path = "../../../Desktop/HELIOS/iPad Application/Change General Buttons";
			sourceTree = "<group>";
		};
		D5F5BDA413FDCF8700AED5AF /* Videos */ = {
			isa = PBXGroup;
			children = (
				D5DECBD814100A5D002CBB9A /* Coraline_proj.mov */,
				D5DECBDA14100A5D002CBB9A /* Navy.mov */,
				D5DECBDB14100A5D002CBB9A /* vampires.mov */,
				D5DECBDC14100A5D002CBB9A /* VH1_proj.mov */,
				D5DECBDD14100A5D002CBB9A /* yahoo.mov */,
				D540D1B913FC53B400D0B88F /* mercedes.mov */,
				D540D1B713FC53A500D0B88F /* Agilent_final.mov */,
			);
			name = Videos;
			sourceTree = "<group>";
		};
/* End PBXGroup section */

/* Begin PBXNativeTarget section */
		D518B22D13F31773003B93CA /* HeliosApp */ = {
			isa = PBXNativeTarget;
			buildConfigurationList = D518B24F13F31773003B93CA /* Build configuration list for PBXNativeTarget "HeliosApp" */;
			buildPhases = (
				D518B22A13F31773003B93CA /* Sources */,
				D518B22B13F31773003B93CA /* Frameworks */,
				D518B22C13F31773003B93CA /* Resources */,
			);
			buildRules = (
			);
			dependencies = (
			);
			name = HeliosApp;
			productName = HeliosApp;
			productReference = D518B22E13F31773003B93CA /* HeliosApp.app */;
			productType = "com.apple.product-type.application";
		};
/* End PBXNativeTarget section */

/* Begin PBXProject section */
		D518B22513F31773003B93CA /* Project object */ = {
			isa = PBXProject;
			attributes = {
				LastUpgradeCheck = 0410;
			};
			buildConfigurationList = D518B22813F31773003B93CA /* Build configuration list for PBXProject "HeliosApp" */;
			compatibilityVersion = "Xcode 3.2";
			developmentRegion = English;
			hasScannedForEncodings = 0;
			knownRegions = (
				en,
			);
			mainGroup = D518B22313F31773003B93CA;
			productRefGroup = D518B22F13F31773003B93CA /* Products */;
			projectDirPath = "";
			projectRoot = "";
			targets = (
				D518B22D13F31773003B93CA /* HeliosApp */,
			);
		};
/* End PBXProject section */

/* Begin PBXResourcesBuildPhase section */
		D518B22C13F31773003B93CA /* Resources */ = {
			isa = PBXResourcesBuildPhase;
			buildActionMask = 2147483647;
			files = (
				D518B23D13F31773003B93CA /* InfoPlist.strings in Resources */,
				D518B24613F31773003B93CA /* MainWindow.xib in Resources */,
				D518B24C13F31773003B93CA /* HeliosViewController.xib in Resources */,
				D518B26213F3178D003B93CA /* glass.png in Resources */,
				D518B26913F317EF003B93CA /* icon-black.png in Resources */,
				D518B26B13F31801003B93CA /* Default-Portrait~ipad.png in Resources */,
				D540D1B813FC53A500D0B88F /* Agilent_final.mov in Resources */,
				D540D1BA13FC53B400D0B88F /* mercedes.mov in Resources */,
				D588621B13FF96870089CF61 /* icon.png in Resources */,
				D54629301402D5B9006CCE9E /* helios2.png in Resources */,
				D5FD74AF140817B500412322 /* projects.plist in Resources */,
				D5DECBDE14100A5D002CBB9A /* Coraline_proj.mov in Resources */,
				D5DECBE014100A5D002CBB9A /* Navy.mov in Resources */,
				D5DECBE114100A5D002CBB9A /* vampires.mov in Resources */,
				D5DECBE214100A5D002CBB9A /* VH1_proj.mov in Resources */,
				D5DECBE314100A5D002CBB9A /* yahoo.mov in Resources */,
				D5DECC52141028FD002CBB9A /* scrollview_pages.psd alias in Resources */,
				D5DECC53141028FD002CBB9A /* buttonDirections.png in Resources */,
				D5DECC54141028FD002CBB9A /* buttonDirectionsH.png in Resources */,
				D5DECC55141028FD002CBB9A /* contact0.png in Resources */,
				D5DECC56141028FD002CBB9A /* tile1.png in Resources */,
				D5DECC57141028FD002CBB9A /* tile1H.png in Resources */,
				D5DECC58141028FD002CBB9A /* tile2.png in Resources */,
				D5DECC59141028FD002CBB9A /* tile2H.png in Resources */,
				D5DECC5A141028FD002CBB9A /* tile3.png in Resources */,
				D5DECC5B141028FD002CBB9A /* tile3H.png in Resources */,
				D5DECC5C141028FD002CBB9A /* tile4.png in Resources */,
				D5DECC5D141028FD002CBB9A /* tile4H.png in Resources */,
				D5DECC5E141028FD002CBB9A /* tile5.png in Resources */,
				D5DECC5F141028FD002CBB9A /* tile5H.png in Resources */,
				D5DECC60141028FD002CBB9A /* tile6.png in Resources */,
				D5DECC61141028FD002CBB9A /* tile6H.png in Resources */,
				D5DECC62141028FD002CBB9A /* tile7.png in Resources */,
				D5DECC63141028FD002CBB9A /* tile7H.png in Resources */,
				D5DECC65141028FD002CBB9A /* buttonNavProjectTiles.png in Resources */,
				D5DECC66141028FD002CBB9A /* navCoraline.png in Resources */,
				D5DECC67141028FD002CBB9A /* navCoralineH.png in Resources */,
				D5DECC68141028FD002CBB9A /* navExpo.png in Resources */,
				D5DECC69141028FD002CBB9A /* navExpoH.png in Resources */,
				D5DECC6A141028FD002CBB9A /* navIntel.png in Resources */,
				D5DECC6B141028FD002CBB9A /* navIntelH.png in Resources */,
				D5DECC6C141028FD002CBB9A /* navMerc.png in Resources */,
				D5DECC6D141028FD002CBB9A /* navMercH.png in Resources */,
				D5DECC6E141028FD002CBB9A /* navMini.png in Resources */,
				D5DECC6F141028FD002CBB9A /* navMiniH.png in Resources */,
				D5DECC70141028FD002CBB9A /* navNavy.png in Resources */,
				D5DECC71141028FD002CBB9A /* navNavyH.png in Resources */,
				D5DECC72141028FD002CBB9A /* navSprint.png in Resources */,
				D5DECC73141028FD002CBB9A /* navSprintH.png in Resources */,
				D5DECC74141028FD002CBB9A /* navVampire.png in Resources */,
				D5DECC75141028FD002CBB9A /* navVampireH.png in Resources */,
				D5DECC76141028FD002CBB9A /* navVH1.png in Resources */,
				D5DECC77141028FD002CBB9A /* navVH1H.png in Resources */,
				D5DECC78141028FD002CBB9A /* navYahoo.png in Resources */,
				D5DECC79141028FD002CBB9A /* navYahooH.png in Resources */,
				D5DECC7B141028FD002CBB9A /* buttonMini.png in Resources */,
				D5DECC7C141028FD002CBB9A /* buttonMiniHighlight.png in Resources */,
				D5DECC7D141028FD002CBB9A /* buttonPlay.png in Resources */,
				D5DECC7E141028FD002CBB9A /* buttonPlayH.png in Resources */,
				D5DECC7F141028FD002CBB9A /* buttonAll.png in Resources */,
				D5DECC80141028FD002CBB9A /* buttonAllH.png in Resources */,
				D5DECC81141028FD002CBB9A /* buttonAugmented.png in Resources */,
				D5DECC82141028FD002CBB9A /* buttonAugmentedH.png in Resources */,
				D5DECC83141028FD002CBB9A /* buttonNavBack.png in Resources */,
				D5DECC84141028FD002CBB9A /* buttonNavBackH.png in Resources */,
				D5DECC85141028FD002CBB9A /* buttonNavH.png in Resources */,
				D5DECC86141028FD002CBB9A /* buttonNavigation.png in Resources */,
				D5DECC87141028FD002CBB9A /* buttonTouchInterface.png in Resources */,
				D5DECC88141028FD002CBB9A /* buttonTouchInterfaceH.png in Resources */,
				D5DECC89141028FD002CBB9A /* buttonTracking.png in Resources */,
				D5DECC8A141028FD002CBB9A /* buttonTrackingH.png in Resources */,
				D5DECC8B141028FD002CBB9A /* project0.png in Resources */,
				D5DECC8C141028FD002CBB9A /* project1.png in Resources */,
				D5DECC8D141028FD002CBB9A /* project10.png in Resources */,
				D5DECC8E141028FD002CBB9A /* project2.png in Resources */,
				D5DECC8F141028FD002CBB9A /* project3.png in Resources */,
				D5DECC90141028FD002CBB9A /* project4.png in Resources */,
				D5DECC91141028FD002CBB9A /* project5.png in Resources */,
				D5DECC92141028FD002CBB9A /* project6.png in Resources */,
				D5DECC93141028FD002CBB9A /* project7.png in Resources */,
				D5DECC94141028FD002CBB9A /* project8.png in Resources */,
				D5DECC95141028FD002CBB9A /* project9.png in Resources */,
				D5DECC96141028FD002CBB9A /* projectNav.png in Resources */,
				D5DECC9C141028FD002CBB9A /* tech0.png in Resources */,
				D5DECC9D141028FD002CBB9A /* tech1.png in Resources */,
				D5DECC9E141028FD002CBB9A /* tech2 in Resources */,
				D5DECC9F141028FD002CBB9A /* tech2.png in Resources */,
				D5DECCA0141028FD002CBB9A /* tech3.png in Resources */,
				D5DECCA1141028FD002CBB9A /* tech4.png in Resources */,
				D5DECCA2141028FD002CBB9A /* tech5.png in Resources */,
				D5DECCA4141028FD002CBB9A /* button3d.png in Resources */,
				D5DECCA5141028FD002CBB9A /* button3dHighlight.png in Resources */,
				D5DECCA6141028FD002CBB9A /* buttonAR.png in Resources */,
				D5DECCA7141028FD002CBB9A /* buttonARHighlight.png in Resources */,
				D5DECCA8141028FD002CBB9A /* buttonHowItWorks.png in Resources */,
				D5DECCA9141028FD002CBB9A /* buttonHowItWorksHighlight.png in Resources */,
				D5DECCAA141028FD002CBB9A /* buttonMobile.png in Resources */,
				D5DECCAB141028FD002CBB9A /* buttonMobileHighlight.png in Resources */,
				D5DECCAC141028FD002CBB9A /* buttonTouch.png in Resources */,
				D5DECCAD141028FD002CBB9A /* buttonTouchHighlight.png in Resources */,
				D5DECCAE141028FD002CBB9A /* buttonWhatWeBring.png in Resources */,
				D5DECCAF141028FD002CBB9A /* buttonWhatWeBringHighlight.png in Resources */,
				D5DECCB0141028FD002CBB9A /* buttonWhatWeDo.png in Resources */,
				D5DECCB1141028FD002CBB9A /* buttonWhatWeDoHighlight.png in Resources */,
				D5DECCB614102947002CBB9A /* about0.png in Resources */,
				D5DECCB714102947002CBB9A /* about1.png in Resources */,
				D5DECCB814102947002CBB9A /* about2.png in Resources */,
				D5DECCBB141029CD002CBB9A /* background.png in Resources */,
				D5DECCBE14102A11002CBB9A /* glassMask.png in Resources */,
				D5DECCC414102A80002CBB9A /* buttonArrow.png in Resources */,
				D5DECCC514102A80002CBB9A /* buttonArrowH.png in Resources */,
				D5DECCC614102A80002CBB9A /* buttonHome.png in Resources */,
				D5DECCC714102A80002CBB9A /* buttonHomeHighlight.png in Resources */,
				D5505E5F14102F50002D3306 /* buttonGesture.png in Resources */,
				D5505E6014102F50002D3306 /* buttonGestureH.png in Resources */,
				D5A43A2414119A9400011314 /* UIBarButtonItemArrowLeft.png in Resources */,
				D5A43A2514119A9400011314 /* UIBarButtonItemArrowLeft@2x.png in Resources */,
				D5A43A2614119A9400011314 /* UIBarButtonItemArrowRight.png in Resources */,
				D5A43A2714119A9400011314 /* UIBarButtonItemArrowRight@2x.png in Resources */,
			);
			runOnlyForDeploymentPostprocessing = 0;
		};
/* End PBXResourcesBuildPhase section */

/* Begin PBXSourcesBuildPhase section */
		D518B22A13F31773003B93CA /* Sources */ = {
			isa = PBXSourcesBuildPhase;
			buildActionMask = 2147483647;
			files = (
				D518B23F13F31773003B93CA /* main.m in Sources */,
				D518B24313F31773003B93CA /* HeliosAppDelegate.m in Sources */,
				D518B24913F31773003B93CA /* HeliosViewController.m in Sources */,
				D5F5BDDE13FF0AE300AED5AF /* MapViewAnnotation.m in Sources */,
				D589F6471406DECA00598956 /* EasyTableView.m in Sources */,
				D5A43A10141199F900011314 /* MWPhotoBrowser.m in Sources */,
				D5A43A11141199F900011314 /* MWPhoto.m in Sources */,
				D5A43A12141199F900011314 /* ZoomingScrollView.m in Sources */,
				D5A43A1914119A4A00011314 /* UIImageViewTap.m in Sources */,
				D5A43A1A14119A4A00011314 /* UIViewTap.m in Sources */,
				D5A43A1D14119A5900011314 /* UIImage+Decompress.m in Sources */,
			);
			runOnlyForDeploymentPostprocessing = 0;
		};
/* End PBXSourcesBuildPhase section */

/* Begin PBXVariantGroup section */
		D518B23B13F31773003B93CA /* InfoPlist.strings */ = {
			isa = PBXVariantGroup;
			children = (
				D518B23C13F31773003B93CA /* en */,
			);
			name = InfoPlist.strings;
			sourceTree = "<group>";
		};
		D518B24413F31773003B93CA /* MainWindow.xib */ = {
			isa = PBXVariantGroup;
			children = (
				D518B24513F31773003B93CA /* en */,
			);
			name = MainWindow.xib;
			sourceTree = "<group>";
		};
		D518B24A13F31773003B93CA /* HeliosViewController.xib */ = {
			isa = PBXVariantGroup;
			children = (
				D518B24B13F31773003B93CA /* en */,
			);
			name = HeliosViewController.xib;
			sourceTree = "<group>";
		};
/* End PBXVariantGroup section */

/* Begin XCBuildConfiguration section */
		D518B24D13F31773003B93CA /* Debug */ = {
			isa = XCBuildConfiguration;
			buildSettings = {
				ALWAYS_SEARCH_USER_PATHS = NO;
				ARCHS = "$(ARCHS_UNIVERSAL_IPHONE_OS)";
				"CODE_SIGN_IDENTITY[sdk=iphoneos*]" = "iPhone Developer";
				COPY_PHASE_STRIP = NO;
				GCC_C_LANGUAGE_STANDARD = gnu99;
				GCC_DYNAMIC_NO_PIC = NO;
				GCC_OPTIMIZATION_LEVEL = 0;
				GCC_PREPROCESSOR_DEFINITIONS = (
					"DEBUG=1",
					"$(inherited)",
				);
				GCC_SYMBOLS_PRIVATE_EXTERN = NO;
				GCC_VERSION = com.apple.compilers.llvmgcc42;
				GCC_WARN_ABOUT_MISSING_PROTOTYPES = YES;
				GCC_WARN_ABOUT_RETURN_TYPE = YES;
				GCC_WARN_UNUSED_VARIABLE = YES;
				IPHONEOS_DEPLOYMENT_TARGET = 4.3;
				SDKROOT = iphoneos;
				TARGETED_DEVICE_FAMILY = 2;
			};
			name = Debug;
		};
		D518B24E13F31773003B93CA /* Release */ = {
			isa = XCBuildConfiguration;
			buildSettings = {
				ALWAYS_SEARCH_USER_PATHS = NO;
				ARCHS = "$(ARCHS_UNIVERSAL_IPHONE_OS)";
				"CODE_SIGN_IDENTITY[sdk=iphoneos*]" = "iPhone Developer";
				COPY_PHASE_STRIP = YES;
				GCC_C_LANGUAGE_STANDARD = gnu99;
				GCC_VERSION = com.apple.compilers.llvmgcc42;
				GCC_WARN_ABOUT_MISSING_PROTOTYPES = YES;
				GCC_WARN_ABOUT_RETURN_TYPE = YES;
				GCC_WARN_UNUSED_VARIABLE = YES;
				IPHONEOS_DEPLOYMENT_TARGET = 4.3;
				OTHER_CFLAGS = "-DNS_BLOCK_ASSERTIONS=1";
				SDKROOT = iphoneos;
				TARGETED_DEVICE_FAMILY = 2;
				VALIDATE_PRODUCT = YES;
			};
			name = Release;
		};
		D518B25013F31773003B93CA /* Debug */ = {
			isa = XCBuildConfiguration;
			buildSettings = {
				GCC_PRECOMPILE_PREFIX_HEADER = YES;
				GCC_PREFIX_HEADER = "HeliosApp/HeliosApp-Prefix.pch";
				INFOPLIST_FILE = "HeliosApp/HeliosApp-Info.plist";
				PRODUCT_NAME = "$(TARGET_NAME)";
				TARGETED_DEVICE_FAMILY = 2;
				WRAPPER_EXTENSION = app;
			};
			name = Debug;
		};
		D518B25113F31773003B93CA /* Release */ = {
			isa = XCBuildConfiguration;
			buildSettings = {
				GCC_PRECOMPILE_PREFIX_HEADER = YES;
				GCC_PREFIX_HEADER = "HeliosApp/HeliosApp-Prefix.pch";
				INFOPLIST_FILE = "HeliosApp/HeliosApp-Info.plist";
				PRODUCT_NAME = "$(TARGET_NAME)";
				TARGETED_DEVICE_FAMILY = 2;
				WRAPPER_EXTENSION = app;
			};
			name = Release;
		};
/* End XCBuildConfiguration section */

/* Begin XCConfigurationList section */
		D518B22813F31773003B93CA /* Build configuration list for PBXProject "HeliosApp" */ = {
			isa = XCConfigurationList;
			buildConfigurations = (
				D518B24D13F31773003B93CA /* Debug */,
				D518B24E13F31773003B93CA /* Release */,
			);
			defaultConfigurationIsVisible = 0;
			defaultConfigurationName = Release;
		};
		D518B24F13F31773003B93CA /* Build configuration list for PBXNativeTarget "HeliosApp" */ = {
			isa = XCConfigurationList;
			buildConfigurations = (
				D518B25013F31773003B93CA /* Debug */,
				D518B25113F31773003B93CA /* Release */,
			);
			defaultConfigurationIsVisible = 0;
			defaultConfigurationName = Release;
		};
/* End XCConfigurationList section */
	};
	rootObject = D518B22513F31773003B93CA /* Project object */;
}
